
Microsoft Visual Studio Solution File, Format Version 10.00
# Visual Studio 2008
Project("{FAE04EC0-301F-11D3-BF4B-00C04F79EFBC}") = "yaf_mojo", "yaf_mojo.csproj", "{48365E6F-3E82-4E11-8DB1-AE4C0515F17A}"
EndProject
Global
	GlobalSection(SolutionConfigurationPlatforms) = preSolution
		Debug|Any CPU = Debug|Any CPU
		Release|Any CPU = Release|Any CPU
	EndGlobalSection
	GlobalSection(ProjectConfigurationPlatforms) = postSolution
		{48365E6F-3E82-4E11-8DB1-AE4C0515F17A}.Debug|Any CPU.ActiveCfg = Debug|Any CPU
		{48365E6F-3E82-4E11-8DB1-AE4C0515F17A}.Debug|Any CPU.Build.0 = Debug|Any CPU
		{48365E6F-3E82-4E11-8DB1-AE4C0515F17A}.Release|Any CPU.ActiveCfg = Release|Any CPU
		{48365E6F-3E82-4E11-8DB1-AE4C0515F17A}.Release|Any CPU.Build.0 = Release|Any CPU
	EndGlobalSection
	GlobalSection(SolutionProperties) = preSolution
		HideSolutionNode = FALSE
	EndGlobalSection
EndGlobal
