
Microsoft Visual Studio Solution File, Format Version 12.00
# Visual Studio Version 17
VisualStudioVersion = 17.0.31903.59
MinimumVisualStudioVersion = 10.0.40219.1
Project("{9A19103F-16F7-4668-BE54-9A1E7A4F7556}") = "YAF-SqlServer", "YetAnotherForum.NET\YAF-SqlServer.csproj", "{EA0BA809-F161-49FE-8C1D-B44F0BD8EBDB}"
EndProject
Project("{2150E333-8FDC-42A3-9474-1A3956D46DE8}") = "ServiceStack", "ServiceStack", "{E9B16E65-BB4C-45A3-8EA8-BD85670FEB7C}"
	ProjectSection(SolutionItems) = preProject
		ServiceStack\Directory.Build.props = ServiceStack\Directory.Build.props
	EndProjectSection
EndProject
Project("{9A19103F-16F7-4668-BE54-9A1E7A4F7556}") = "YAF.Types", "YAF.Types\YAF.Types.csproj", "{073BE0E7-073D-4EFC-9D5A-93F93E913E82}"
EndProject
Project("{9A19103F-16F7-4668-BE54-9A1E7A4F7556}") = "ServiceStack.OrmLite.Core", "ServiceStack\ServiceStack.OrmLite\ServiceStack.OrmLite.Core.csproj", "{AE4E7E35-F02C-41D0-8302-8EAE51F91393}"
EndProject
Project("{9A19103F-16F7-4668-BE54-9A1E7A4F7556}") = "ServiceStack.OrmLite.SqlServer.Core", "ServiceStack\ServiceStack.OrmLite.SqlServer\ServiceStack.OrmLite.SqlServer.Core.csproj", "{B803616C-BFF4-4188-8546-7EEC248F89E2}"
EndProject
Project("{9A19103F-16F7-4668-BE54-9A1E7A4F7556}") = "YAF.Configuration", "YAF.Configuration\YAF.Configuration.csproj", "{C0607586-8789-40EE-999B-63D96EB75C56}"
EndProject
Project("{9A19103F-16F7-4668-BE54-9A1E7A4F7556}") = "YAF.Core", "YAF.Core\YAF.Core.csproj", "{09EAF80C-BDF1-4C9C-B2FE-FFD329EC65EC}"
EndProject
Project("{2150E333-8FDC-42A3-9474-1A3956D46DE8}") = "Third-Party Libs", "Third-Party Libs", "{D978927D-13F7-4FD0-8F87-32440BC99AD3}"
EndProject
Project("{9A19103F-16F7-4668-BE54-9A1E7A4F7556}") = "FarsiLibrary", "FarsiLibrary\FarsiLibrary.csproj", "{A2648364-4ACD-4114-82C7-4202777019B1}"
EndProject
Project("{2150E333-8FDC-42A3-9474-1A3956D46DE8}") = "YAF.Data", "YAF.Data", "{1DF3BF5D-3803-427C-A7DB-9244CDBB9438}"
EndProject
Project("{9A19103F-16F7-4668-BE54-9A1E7A4F7556}") = "YAF.Data.SqlServer", "YAF.Data\YAF.Data.SqlServer\YAF.Data.SqlServer.csproj", "{169A8727-31FE-49B6-B312-0C55B496567D}"
EndProject
Project("{9A19103F-16F7-4668-BE54-9A1E7A4F7556}") = "ServiceStack.Core", "ServiceStack\ServiceStack\ServiceStack.Core.csproj", "{4AE6A61D-9E13-4972-B7AA-F1AA49F17178}"
EndProject
Project("{9A19103F-16F7-4668-BE54-9A1E7A4F7556}") = "YAF.Web", "YAF.Web\YAF.Web.csproj", "{C8A24D90-4D1B-4D2C-8D04-D48AB31E411F}"
EndProject
Project("{2150E333-8FDC-42A3-9474-1A3956D46DE8}") = "Tests", "Tests", "{B5E5392A-9314-4F06-9E24-923984A4D6E9}"
EndProject
Project("{9A19103F-16F7-4668-BE54-9A1E7A4F7556}") = "YAF.Tests.CoreTests", "Tests\YAF.Tests.CoreTests\YAF.Tests.CoreTests.csproj", "{694C612D-DDF0-4BE4-A0B4-443FE68482A3}"
EndProject
Global
	GlobalSection(SolutionConfigurationPlatforms) = preSolution
		Debug|Any CPU = Debug|Any CPU
		Release|Any CPU = Release|Any CPU
	EndGlobalSection
	GlobalSection(ProjectConfigurationPlatforms) = postSolution
		{EA0BA809-F161-49FE-8C1D-B44F0BD8EBDB}.Debug|Any CPU.ActiveCfg = Debug|Any CPU
		{EA0BA809-F161-49FE-8C1D-B44F0BD8EBDB}.Debug|Any CPU.Build.0 = Debug|Any CPU
		{EA0BA809-F161-49FE-8C1D-B44F0BD8EBDB}.Release|Any CPU.ActiveCfg = Release|Any CPU
		{EA0BA809-F161-49FE-8C1D-B44F0BD8EBDB}.Release|Any CPU.Build.0 = Release|Any CPU
		{073BE0E7-073D-4EFC-9D5A-93F93E913E82}.Debug|Any CPU.ActiveCfg = Debug|Any CPU
		{073BE0E7-073D-4EFC-9D5A-93F93E913E82}.Debug|Any CPU.Build.0 = Debug|Any CPU
		{073BE0E7-073D-4EFC-9D5A-93F93E913E82}.Release|Any CPU.ActiveCfg = Release|Any CPU
		{073BE0E7-073D-4EFC-9D5A-93F93E913E82}.Release|Any CPU.Build.0 = Release|Any CPU
		{AE4E7E35-F02C-41D0-8302-8EAE51F91393}.Debug|Any CPU.ActiveCfg = Debug|Any CPU
		{AE4E7E35-F02C-41D0-8302-8EAE51F91393}.Debug|Any CPU.Build.0 = Debug|Any CPU
		{AE4E7E35-F02C-41D0-8302-8EAE51F91393}.Release|Any CPU.ActiveCfg = Release|Any CPU
		{AE4E7E35-F02C-41D0-8302-8EAE51F91393}.Release|Any CPU.Build.0 = Release|Any CPU
		{B803616C-BFF4-4188-8546-7EEC248F89E2}.Debug|Any CPU.ActiveCfg = Debug|Any CPU
		{B803616C-BFF4-4188-8546-7EEC248F89E2}.Debug|Any CPU.Build.0 = Debug|Any CPU
		{B803616C-BFF4-4188-8546-7EEC248F89E2}.Release|Any CPU.ActiveCfg = Release|Any CPU
		{B803616C-BFF4-4188-8546-7EEC248F89E2}.Release|Any CPU.Build.0 = Release|Any CPU
		{C0607586-8789-40EE-999B-63D96EB75C56}.Debug|Any CPU.ActiveCfg = Debug|Any CPU
		{C0607586-8789-40EE-999B-63D96EB75C56}.Debug|Any CPU.Build.0 = Debug|Any CPU
		{C0607586-8789-40EE-999B-63D96EB75C56}.Release|Any CPU.ActiveCfg = Release|Any CPU
		{C0607586-8789-40EE-999B-63D96EB75C56}.Release|Any CPU.Build.0 = Release|Any CPU
		{09EAF80C-BDF1-4C9C-B2FE-FFD329EC65EC}.Debug|Any CPU.ActiveCfg = Debug|Any CPU
		{09EAF80C-BDF1-4C9C-B2FE-FFD329EC65EC}.Debug|Any CPU.Build.0 = Debug|Any CPU
		{09EAF80C-BDF1-4C9C-B2FE-FFD329EC65EC}.Release|Any CPU.ActiveCfg = Release|Any CPU
		{09EAF80C-BDF1-4C9C-B2FE-FFD329EC65EC}.Release|Any CPU.Build.0 = Release|Any CPU
		{A2648364-4ACD-4114-82C7-4202777019B1}.Debug|Any CPU.ActiveCfg = Debug|Any CPU
		{A2648364-4ACD-4114-82C7-4202777019B1}.Debug|Any CPU.Build.0 = Debug|Any CPU
		{A2648364-4ACD-4114-82C7-4202777019B1}.Release|Any CPU.ActiveCfg = Release|Any CPU
		{A2648364-4ACD-4114-82C7-4202777019B1}.Release|Any CPU.Build.0 = Release|Any CPU
		{169A8727-31FE-49B6-B312-0C55B496567D}.Debug|Any CPU.ActiveCfg = Debug|Any CPU
		{169A8727-31FE-49B6-B312-0C55B496567D}.Debug|Any CPU.Build.0 = Debug|Any CPU
		{169A8727-31FE-49B6-B312-0C55B496567D}.Release|Any CPU.ActiveCfg = Release|Any CPU
		{169A8727-31FE-49B6-B312-0C55B496567D}.Release|Any CPU.Build.0 = Release|Any CPU
		{4AE6A61D-9E13-4972-B7AA-F1AA49F17178}.Debug|Any CPU.ActiveCfg = Debug|Any CPU
		{4AE6A61D-9E13-4972-B7AA-F1AA49F17178}.Debug|Any CPU.Build.0 = Debug|Any CPU
		{4AE6A61D-9E13-4972-B7AA-F1AA49F17178}.Release|Any CPU.ActiveCfg = Release|Any CPU
		{4AE6A61D-9E13-4972-B7AA-F1AA49F17178}.Release|Any CPU.Build.0 = Release|Any CPU
		{C8A24D90-4D1B-4D2C-8D04-D48AB31E411F}.Debug|Any CPU.ActiveCfg = Debug|Any CPU
		{C8A24D90-4D1B-4D2C-8D04-D48AB31E411F}.Debug|Any CPU.Build.0 = Debug|Any CPU
		{C8A24D90-4D1B-4D2C-8D04-D48AB31E411F}.Release|Any CPU.ActiveCfg = Release|Any CPU
		{C8A24D90-4D1B-4D2C-8D04-D48AB31E411F}.Release|Any CPU.Build.0 = Release|Any CPU
		{694C612D-DDF0-4BE4-A0B4-443FE68482A3}.Debug|Any CPU.ActiveCfg = Debug|Any CPU
		{694C612D-DDF0-4BE4-A0B4-443FE68482A3}.Debug|Any CPU.Build.0 = Debug|Any CPU
		{694C612D-DDF0-4BE4-A0B4-443FE68482A3}.Release|Any CPU.ActiveCfg = Release|Any CPU
		{694C612D-DDF0-4BE4-A0B4-443FE68482A3}.Release|Any CPU.Build.0 = Release|Any CPU
	EndGlobalSection
	GlobalSection(SolutionProperties) = preSolution
		HideSolutionNode = FALSE
	EndGlobalSection
	GlobalSection(NestedProjects) = preSolution
		{E9B16E65-BB4C-45A3-8EA8-BD85670FEB7C} = {D978927D-13F7-4FD0-8F87-32440BC99AD3}
		{AE4E7E35-F02C-41D0-8302-8EAE51F91393} = {E9B16E65-BB4C-45A3-8EA8-BD85670FEB7C}
		{B803616C-BFF4-4188-8546-7EEC248F89E2} = {E9B16E65-BB4C-45A3-8EA8-BD85670FEB7C}
		{A2648364-4ACD-4114-82C7-4202777019B1} = {D978927D-13F7-4FD0-8F87-32440BC99AD3}
		{169A8727-31FE-49B6-B312-0C55B496567D} = {1DF3BF5D-3803-427C-A7DB-9244CDBB9438}
		{4AE6A61D-9E13-4972-B7AA-F1AA49F17178} = {E9B16E65-BB4C-45A3-8EA8-BD85670FEB7C}
		{694C612D-DDF0-4BE4-A0B4-443FE68482A3} = {B5E5392A-9314-4F06-9E24-923984A4D6E9}
	EndGlobalSection
	GlobalSection(ExtensibilityGlobals) = postSolution
		SolutionGuid = {2B1545C1-92A1-4786-B13D-739732693CA6}
	EndGlobalSection
EndGlobal
