
Microsoft Visual Studio Solution File, Format Version 12.00
# Visual Studio Version 16
VisualStudioVersion = 16.0.28621.142
MinimumVisualStudioVersion = 10.0.40219.1
Project("{2150E333-8FDC-42A3-9474-1A3956D46DE8}") = "Third-Party Libs", "Third-Party Libs", "{CFC7B19E-F7F2-41F1-B709-5C1D72A9BAD0}"
EndProject
Project("{9A19103F-16F7-4668-BE54-9A1E7A4F7556}") = "YAF.Web", "YAF.Web\YAF.Web.csproj", "{C72A5FC8-4B1C-4A24-A306-FB550729DBF0}"
EndProject
Project("{FAE04EC0-301F-11D3-BF4B-00C04F79EFBC}") = "YAF", "YetAnotherForum.NET\YAF.csproj", "{555357E5-A150-4C4D-BC81-97F4AE19086A}"
	ProjectSection(ProjectDependencies) = postProject
		{F8516C67-92BE-43FF-A8A9-B71A3EA4BE0D} = {F8516C67-92BE-43FF-A8A9-B71A3EA4BE0D}
		{C72A5FC8-4B1C-4A24-A306-FB550729DBF0} = {C72A5FC8-4B1C-4A24-A306-FB550729DBF0}
		{900B3FCF-BD78-4718-A34D-2662576565C8} = {900B3FCF-BD78-4718-A34D-2662576565C8}
	EndProjectSection
EndProject
Project("{9A19103F-16F7-4668-BE54-9A1E7A4F7556}") = "YAF.Core", "YAF.Core\YAF.Core.csproj", "{BCEFE9BE-7417-47FB-A0E8-75E0201E88E8}"
EndProject
Project("{9A19103F-16F7-4668-BE54-9A1E7A4F7556}") = "YAF.Types", "YAF.Types\YAF.Types.csproj", "{B9CF38B0-39CF-43C7-9589-166DCC665652}"
EndProject
Project("{9A19103F-16F7-4668-BE54-9A1E7A4F7556}") = "YAF.Utils", "YAF.Utils\YAF.Utils.csproj", "{F80E0025-E57E-4BB5-89F2-CFBCAC1AFCF4}"
EndProject
Project("{2150E333-8FDC-42A3-9474-1A3956D46DE8}") = "YAF.Data", "YAF.Data", "{BDA94567-4516-4110-9743-085C36B24E35}"
EndProject
Project("{9A19103F-16F7-4668-BE54-9A1E7A4F7556}") = "YAF.Data.MsSql", "YAF.Data.MsSql\YAF.Data.MsSql.csproj", "{900B3FCF-BD78-4718-A34D-2662576565C8}"
EndProject
Project("{2150E333-8FDC-42A3-9474-1A3956D46DE8}") = "Extras", "Extras", "{4BD8C8F0-9038-494A-AB76-98650FE31B0F}"
	ProjectSection(SolutionItems) = preProject
		build.bat = build.bat
		BuildPackages.bat = BuildPackages.bat
		..\CHANGES.md = ..\CHANGES.md
		..\LICENSE.md = ..\LICENSE.md
		..\README.md = ..\README.md
	EndProjectSection
EndProject
Project("{9A19103F-16F7-4668-BE54-9A1E7A4F7556}") = "YAF.UrlRewriter", "YAF.UrlRewriter\YAF.UrlRewriter.csproj", "{F8516C67-92BE-43FF-A8A9-B71A3EA4BE0D}"
EndProject
Project("{2150E333-8FDC-42A3-9474-1A3956D46DE8}") = "ServiceStack", "ServiceStack", "{A61BA819-987E-4F04-B4D8-0960363558C5}"
EndProject
Project("{9A19103F-16F7-4668-BE54-9A1E7A4F7556}") = "ServiceStack.OrmLite", "ServiceStack\ServiceStack.OrmLite\ServiceStack.OrmLite.csproj", "{815938D4-C2D4-44BE-B801-EF4A7299F578}"
EndProject
Project("{9A19103F-16F7-4668-BE54-9A1E7A4F7556}") = "YAF.Configuration", "YAF.Configuration\YAF.Configuration.csproj", "{EF89E4DF-D79F-4E83-A703-3BE176F9428E}"
EndProject
Project("{2150E333-8FDC-42A3-9474-1A3956D46DE8}") = "Lucene.Net", "Lucene.Net", "{C9CC269F-1DC1-4189-9116-12EB6A726F0B}"
EndProject
Project("{9A19103F-16F7-4668-BE54-9A1E7A4F7556}") = "YAF.Lucene.Net", "Lucene.Net\Lucene.Net\YAF.Lucene.Net.csproj", "{96679079-EF3C-4A46-951F-610CCBC8B171}"
EndProject
Project("{9A19103F-16F7-4668-BE54-9A1E7A4F7556}") = "YAF.Lucene.Net.Highlighter", "Lucene.Net\Lucene.Net.Highlighter\YAF.Lucene.Net.Highlighter.csproj", "{608AA545-2E5F-48FF-8A75-6065E38FCC5E}"
EndProject
Project("{9A19103F-16F7-4668-BE54-9A1E7A4F7556}") = "YAF.Lucene.Net.Queries", "Lucene.Net\Lucene.Net.Queries\YAF.Lucene.Net.Queries.csproj", "{6EB09B50-3A72-4B8D-ABF7-1C4EA21C97B4}"
EndProject
Project("{9A19103F-16F7-4668-BE54-9A1E7A4F7556}") = "YAF.Lucene.Net.QueryParser", "Lucene.Net\Lucene.Net.QueryParser\YAF.Lucene.Net.QueryParser.csproj", "{9E7362F6-25FE-4E06-884D-92AEA9A28D45}"
EndProject
Project("{9A19103F-16F7-4668-BE54-9A1E7A4F7556}") = "YAF.Lucene.Net.Analysis.Common", "Lucene.Net\Lucene.Net.Analysis.Common\YAF.Lucene.Net.Analysis.Common.csproj", "{BF9FE592-B675-4097-9F69-B2776FAC347F}"
EndProject
Project("{9A19103F-16F7-4668-BE54-9A1E7A4F7556}") = "ServiceStack.Common", "ServiceStack\ServiceStack.Common\ServiceStack.Common.csproj", "{CA7533A4-1DD4-46F3-9CA8-918992081248}"
EndProject
Project("{9A19103F-16F7-4668-BE54-9A1E7A4F7556}") = "ServiceStack.Interfaces", "ServiceStack\ServiceStack.Interfaces\ServiceStack.Interfaces.csproj", "{7092FEFB-A69A-4F4F-B856-DFCA83B6CD0C}"
EndProject
Project("{9A19103F-16F7-4668-BE54-9A1E7A4F7556}") = "ServiceStack.Text", "ServiceStack\ServiceStack.Text\ServiceStack.Text.csproj", "{35D4C8BF-4ACC-4CDF-B239-8766E69BCDA5}"
EndProject
Project("{9A19103F-16F7-4668-BE54-9A1E7A4F7556}") = "ServiceStack.OrmLite.SqlServer", "ServiceStack\ServiceStack.OrmLite.SqlServer\ServiceStack.OrmLite.SqlServer.csproj", "{5532392F-3038-428E-BE72-AB78A21BA84F}"
EndProject
Global
	GlobalSection(SolutionConfigurationPlatforms) = preSolution
		Debug|Any CPU = Debug|Any CPU
		Debug|Mixed Platforms = Debug|Mixed Platforms
		Debug|x86 = Debug|x86
		Default|Any CPU = Default|Any CPU
		Default|Mixed Platforms = Default|Mixed Platforms
		Default|x86 = Default|x86
		Deploy|Any CPU = Deploy|Any CPU
		Deploy|Mixed Platforms = Deploy|Mixed Platforms
		Deploy|x86 = Deploy|x86
		MonoTouch|Any CPU = MonoTouch|Any CPU
		MonoTouch|Mixed Platforms = MonoTouch|Mixed Platforms
		MonoTouch|x86 = MonoTouch|x86
		Package|Any CPU = Package|Any CPU
		Package|Mixed Platforms = Package|Mixed Platforms
		Package|x86 = Package|x86
		Release|Any CPU = Release|Any CPU
		Release|Mixed Platforms = Release|Mixed Platforms
		Release|x86 = Release|x86
		STATIC_ONLY NO_EXPRESSIONS|Any CPU = STATIC_ONLY NO_EXPRESSIONS|Any CPU
		STATIC_ONLY NO_EXPRESSIONS|Mixed Platforms = STATIC_ONLY NO_EXPRESSIONS|Mixed Platforms
		STATIC_ONLY NO_EXPRESSIONS|x86 = STATIC_ONLY NO_EXPRESSIONS|x86
	EndGlobalSection
	GlobalSection(ProjectConfigurationPlatforms) = postSolution
		{C72A5FC8-4B1C-4A24-A306-FB550729DBF0}.Debug|Any CPU.ActiveCfg = Debug|Any CPU
		{C72A5FC8-4B1C-4A24-A306-FB550729DBF0}.Debug|Any CPU.Build.0 = Debug|Any CPU
		{C72A5FC8-4B1C-4A24-A306-FB550729DBF0}.Debug|Mixed Platforms.ActiveCfg = Debug|Any CPU
		{C72A5FC8-4B1C-4A24-A306-FB550729DBF0}.Debug|Mixed Platforms.Build.0 = Debug|Any CPU
		{C72A5FC8-4B1C-4A24-A306-FB550729DBF0}.Debug|x86.ActiveCfg = Debug|Any CPU
		{C72A5FC8-4B1C-4A24-A306-FB550729DBF0}.Default|Any CPU.ActiveCfg = Debug|Any CPU
		{C72A5FC8-4B1C-4A24-A306-FB550729DBF0}.Default|Any CPU.Build.0 = Debug|Any CPU
		{C72A5FC8-4B1C-4A24-A306-FB550729DBF0}.Default|Mixed Platforms.ActiveCfg = Debug|Any CPU
		{C72A5FC8-4B1C-4A24-A306-FB550729DBF0}.Default|Mixed Platforms.Build.0 = Debug|Any CPU
		{C72A5FC8-4B1C-4A24-A306-FB550729DBF0}.Default|x86.ActiveCfg = Debug|Any CPU
		{C72A5FC8-4B1C-4A24-A306-FB550729DBF0}.Deploy|Any CPU.ActiveCfg = Debug|Any CPU
		{C72A5FC8-4B1C-4A24-A306-FB550729DBF0}.Deploy|Any CPU.Build.0 = Debug|Any CPU
		{C72A5FC8-4B1C-4A24-A306-FB550729DBF0}.Deploy|Mixed Platforms.ActiveCfg = Release|Any CPU
		{C72A5FC8-4B1C-4A24-A306-FB550729DBF0}.Deploy|Mixed Platforms.Build.0 = Release|Any CPU
		{C72A5FC8-4B1C-4A24-A306-FB550729DBF0}.Deploy|x86.ActiveCfg = Debug|Any CPU
		{C72A5FC8-4B1C-4A24-A306-FB550729DBF0}.MonoTouch|Any CPU.ActiveCfg = Release|Any CPU
		{C72A5FC8-4B1C-4A24-A306-FB550729DBF0}.MonoTouch|Any CPU.Build.0 = Release|Any CPU
		{C72A5FC8-4B1C-4A24-A306-FB550729DBF0}.MonoTouch|Mixed Platforms.ActiveCfg = Release|Any CPU
		{C72A5FC8-4B1C-4A24-A306-FB550729DBF0}.MonoTouch|Mixed Platforms.Build.0 = Release|Any CPU
		{C72A5FC8-4B1C-4A24-A306-FB550729DBF0}.MonoTouch|x86.ActiveCfg = Release|Any CPU
		{C72A5FC8-4B1C-4A24-A306-FB550729DBF0}.Package|Any CPU.ActiveCfg = Release|Any CPU
		{C72A5FC8-4B1C-4A24-A306-FB550729DBF0}.Package|Any CPU.Build.0 = Release|Any CPU
		{C72A5FC8-4B1C-4A24-A306-FB550729DBF0}.Package|Mixed Platforms.ActiveCfg = Release|Any CPU
		{C72A5FC8-4B1C-4A24-A306-FB550729DBF0}.Package|Mixed Platforms.Build.0 = Release|Any CPU
		{C72A5FC8-4B1C-4A24-A306-FB550729DBF0}.Package|x86.ActiveCfg = Release|Any CPU
		{C72A5FC8-4B1C-4A24-A306-FB550729DBF0}.Package|x86.Build.0 = Release|Any CPU
		{C72A5FC8-4B1C-4A24-A306-FB550729DBF0}.Release|Any CPU.ActiveCfg = Release|Any CPU
		{C72A5FC8-4B1C-4A24-A306-FB550729DBF0}.Release|Any CPU.Build.0 = Release|Any CPU
		{C72A5FC8-4B1C-4A24-A306-FB550729DBF0}.Release|Mixed Platforms.ActiveCfg = Release|Any CPU
		{C72A5FC8-4B1C-4A24-A306-FB550729DBF0}.Release|Mixed Platforms.Build.0 = Release|Any CPU
		{C72A5FC8-4B1C-4A24-A306-FB550729DBF0}.Release|x86.ActiveCfg = Release|Any CPU
		{C72A5FC8-4B1C-4A24-A306-FB550729DBF0}.STATIC_ONLY NO_EXPRESSIONS|Any CPU.ActiveCfg = Release|Any CPU
		{C72A5FC8-4B1C-4A24-A306-FB550729DBF0}.STATIC_ONLY NO_EXPRESSIONS|Any CPU.Build.0 = Release|Any CPU
		{C72A5FC8-4B1C-4A24-A306-FB550729DBF0}.STATIC_ONLY NO_EXPRESSIONS|Mixed Platforms.ActiveCfg = Release|Any CPU
		{C72A5FC8-4B1C-4A24-A306-FB550729DBF0}.STATIC_ONLY NO_EXPRESSIONS|Mixed Platforms.Build.0 = Release|Any CPU
		{C72A5FC8-4B1C-4A24-A306-FB550729DBF0}.STATIC_ONLY NO_EXPRESSIONS|x86.ActiveCfg = Release|Any CPU
		{555357E5-A150-4C4D-BC81-97F4AE19086A}.Debug|Any CPU.ActiveCfg = Debug|Any CPU
		{555357E5-A150-4C4D-BC81-97F4AE19086A}.Debug|Any CPU.Build.0 = Debug|Any CPU
		{555357E5-A150-4C4D-BC81-97F4AE19086A}.Debug|Mixed Platforms.ActiveCfg = Debug|Any CPU
		{555357E5-A150-4C4D-BC81-97F4AE19086A}.Debug|Mixed Platforms.Build.0 = Debug|Any CPU
		{555357E5-A150-4C4D-BC81-97F4AE19086A}.Debug|x86.ActiveCfg = Debug|Any CPU
		{555357E5-A150-4C4D-BC81-97F4AE19086A}.Default|Any CPU.ActiveCfg = Deploy|Any CPU
		{555357E5-A150-4C4D-BC81-97F4AE19086A}.Default|Any CPU.Build.0 = Deploy|Any CPU
		{555357E5-A150-4C4D-BC81-97F4AE19086A}.Default|Mixed Platforms.ActiveCfg = Deploy|Any CPU
		{555357E5-A150-4C4D-BC81-97F4AE19086A}.Default|Mixed Platforms.Build.0 = Deploy|Any CPU
		{555357E5-A150-4C4D-BC81-97F4AE19086A}.Default|x86.ActiveCfg = Deploy|Any CPU
		{555357E5-A150-4C4D-BC81-97F4AE19086A}.Deploy|Any CPU.ActiveCfg = Deploy|Any CPU
		{555357E5-A150-4C4D-BC81-97F4AE19086A}.Deploy|Any CPU.Build.0 = Deploy|Any CPU
		{555357E5-A150-4C4D-BC81-97F4AE19086A}.Deploy|Mixed Platforms.ActiveCfg = Release|Any CPU
		{555357E5-A150-4C4D-BC81-97F4AE19086A}.Deploy|Mixed Platforms.Build.0 = Release|Any CPU
		{555357E5-A150-4C4D-BC81-97F4AE19086A}.Deploy|x86.ActiveCfg = Deploy|Any CPU
		{555357E5-A150-4C4D-BC81-97F4AE19086A}.MonoTouch|Any CPU.ActiveCfg = Release|Any CPU
		{555357E5-A150-4C4D-BC81-97F4AE19086A}.MonoTouch|Any CPU.Build.0 = Release|Any CPU
		{555357E5-A150-4C4D-BC81-97F4AE19086A}.MonoTouch|Mixed Platforms.ActiveCfg = Release|Any CPU
		{555357E5-A150-4C4D-BC81-97F4AE19086A}.MonoTouch|Mixed Platforms.Build.0 = Release|Any CPU
		{555357E5-A150-4C4D-BC81-97F4AE19086A}.MonoTouch|x86.ActiveCfg = Release|Any CPU
		{555357E5-A150-4C4D-BC81-97F4AE19086A}.Package|Any CPU.ActiveCfg = Package|Any CPU
		{555357E5-A150-4C4D-BC81-97F4AE19086A}.Package|Any CPU.Build.0 = Package|Any CPU
		{555357E5-A150-4C4D-BC81-97F4AE19086A}.Package|Mixed Platforms.ActiveCfg = Package|Any CPU
		{555357E5-A150-4C4D-BC81-97F4AE19086A}.Package|Mixed Platforms.Build.0 = Package|Any CPU
		{555357E5-A150-4C4D-BC81-97F4AE19086A}.Package|x86.ActiveCfg = Package|Any CPU
		{555357E5-A150-4C4D-BC81-97F4AE19086A}.Package|x86.Build.0 = Package|Any CPU
		{555357E5-A150-4C4D-BC81-97F4AE19086A}.Release|Any CPU.ActiveCfg = Release|Any CPU
		{555357E5-A150-4C4D-BC81-97F4AE19086A}.Release|Any CPU.Build.0 = Release|Any CPU
		{555357E5-A150-4C4D-BC81-97F4AE19086A}.Release|Mixed Platforms.ActiveCfg = Release|Any CPU
		{555357E5-A150-4C4D-BC81-97F4AE19086A}.Release|Mixed Platforms.Build.0 = Release|Any CPU
		{555357E5-A150-4C4D-BC81-97F4AE19086A}.Release|x86.ActiveCfg = Release|Any CPU
		{555357E5-A150-4C4D-BC81-97F4AE19086A}.STATIC_ONLY NO_EXPRESSIONS|Any CPU.ActiveCfg = Release|Any CPU
		{555357E5-A150-4C4D-BC81-97F4AE19086A}.STATIC_ONLY NO_EXPRESSIONS|Any CPU.Build.0 = Release|Any CPU
		{555357E5-A150-4C4D-BC81-97F4AE19086A}.STATIC_ONLY NO_EXPRESSIONS|Mixed Platforms.ActiveCfg = Release|Any CPU
		{555357E5-A150-4C4D-BC81-97F4AE19086A}.STATIC_ONLY NO_EXPRESSIONS|Mixed Platforms.Build.0 = Release|Any CPU
		{555357E5-A150-4C4D-BC81-97F4AE19086A}.STATIC_ONLY NO_EXPRESSIONS|x86.ActiveCfg = Release|Any CPU
		{BCEFE9BE-7417-47FB-A0E8-75E0201E88E8}.Debug|Any CPU.ActiveCfg = Debug|Any CPU
		{BCEFE9BE-7417-47FB-A0E8-75E0201E88E8}.Debug|Any CPU.Build.0 = Debug|Any CPU
		{BCEFE9BE-7417-47FB-A0E8-75E0201E88E8}.Debug|Mixed Platforms.ActiveCfg = Debug|Any CPU
		{BCEFE9BE-7417-47FB-A0E8-75E0201E88E8}.Debug|Mixed Platforms.Build.0 = Debug|Any CPU
		{BCEFE9BE-7417-47FB-A0E8-75E0201E88E8}.Debug|x86.ActiveCfg = Debug|Any CPU
		{BCEFE9BE-7417-47FB-A0E8-75E0201E88E8}.Default|Any CPU.ActiveCfg = Debug|Any CPU
		{BCEFE9BE-7417-47FB-A0E8-75E0201E88E8}.Default|Any CPU.Build.0 = Debug|Any CPU
		{BCEFE9BE-7417-47FB-A0E8-75E0201E88E8}.Default|Mixed Platforms.ActiveCfg = Debug|Any CPU
		{BCEFE9BE-7417-47FB-A0E8-75E0201E88E8}.Default|Mixed Platforms.Build.0 = Debug|Any CPU
		{BCEFE9BE-7417-47FB-A0E8-75E0201E88E8}.Default|x86.ActiveCfg = Debug|Any CPU
		{BCEFE9BE-7417-47FB-A0E8-75E0201E88E8}.Deploy|Any CPU.ActiveCfg = Debug|Any CPU
		{BCEFE9BE-7417-47FB-A0E8-75E0201E88E8}.Deploy|Any CPU.Build.0 = Debug|Any CPU
		{BCEFE9BE-7417-47FB-A0E8-75E0201E88E8}.Deploy|Mixed Platforms.ActiveCfg = Release|Any CPU
		{BCEFE9BE-7417-47FB-A0E8-75E0201E88E8}.Deploy|Mixed Platforms.Build.0 = Release|Any CPU
		{BCEFE9BE-7417-47FB-A0E8-75E0201E88E8}.Deploy|x86.ActiveCfg = Debug|Any CPU
		{BCEFE9BE-7417-47FB-A0E8-75E0201E88E8}.MonoTouch|Any CPU.ActiveCfg = Release|Any CPU
		{BCEFE9BE-7417-47FB-A0E8-75E0201E88E8}.MonoTouch|Any CPU.Build.0 = Release|Any CPU
		{BCEFE9BE-7417-47FB-A0E8-75E0201E88E8}.MonoTouch|Mixed Platforms.ActiveCfg = Release|Any CPU
		{BCEFE9BE-7417-47FB-A0E8-75E0201E88E8}.MonoTouch|Mixed Platforms.Build.0 = Release|Any CPU
		{BCEFE9BE-7417-47FB-A0E8-75E0201E88E8}.MonoTouch|x86.ActiveCfg = Release|Any CPU
		{BCEFE9BE-7417-47FB-A0E8-75E0201E88E8}.Package|Any CPU.ActiveCfg = Release|Any CPU
		{BCEFE9BE-7417-47FB-A0E8-75E0201E88E8}.Package|Any CPU.Build.0 = Release|Any CPU
		{BCEFE9BE-7417-47FB-A0E8-75E0201E88E8}.Package|Mixed Platforms.ActiveCfg = Release|Any CPU
		{BCEFE9BE-7417-47FB-A0E8-75E0201E88E8}.Package|Mixed Platforms.Build.0 = Release|Any CPU
		{BCEFE9BE-7417-47FB-A0E8-75E0201E88E8}.Package|x86.ActiveCfg = Release|Any CPU
		{BCEFE9BE-7417-47FB-A0E8-75E0201E88E8}.Package|x86.Build.0 = Release|Any CPU
		{BCEFE9BE-7417-47FB-A0E8-75E0201E88E8}.Release|Any CPU.ActiveCfg = Release|Any CPU
		{BCEFE9BE-7417-47FB-A0E8-75E0201E88E8}.Release|Any CPU.Build.0 = Release|Any CPU
		{BCEFE9BE-7417-47FB-A0E8-75E0201E88E8}.Release|Mixed Platforms.ActiveCfg = Release|Any CPU
		{BCEFE9BE-7417-47FB-A0E8-75E0201E88E8}.Release|Mixed Platforms.Build.0 = Release|Any CPU
		{BCEFE9BE-7417-47FB-A0E8-75E0201E88E8}.Release|x86.ActiveCfg = Release|Any CPU
		{BCEFE9BE-7417-47FB-A0E8-75E0201E88E8}.STATIC_ONLY NO_EXPRESSIONS|Any CPU.ActiveCfg = Release|Any CPU
		{BCEFE9BE-7417-47FB-A0E8-75E0201E88E8}.STATIC_ONLY NO_EXPRESSIONS|Any CPU.Build.0 = Release|Any CPU
		{BCEFE9BE-7417-47FB-A0E8-75E0201E88E8}.STATIC_ONLY NO_EXPRESSIONS|Mixed Platforms.ActiveCfg = Release|Any CPU
		{BCEFE9BE-7417-47FB-A0E8-75E0201E88E8}.STATIC_ONLY NO_EXPRESSIONS|Mixed Platforms.Build.0 = Release|Any CPU
		{BCEFE9BE-7417-47FB-A0E8-75E0201E88E8}.STATIC_ONLY NO_EXPRESSIONS|x86.ActiveCfg = Release|Any CPU
		{B9CF38B0-39CF-43C7-9589-166DCC665652}.Debug|Any CPU.ActiveCfg = Debug|Any CPU
		{B9CF38B0-39CF-43C7-9589-166DCC665652}.Debug|Any CPU.Build.0 = Debug|Any CPU
		{B9CF38B0-39CF-43C7-9589-166DCC665652}.Debug|Mixed Platforms.ActiveCfg = Debug|Any CPU
		{B9CF38B0-39CF-43C7-9589-166DCC665652}.Debug|Mixed Platforms.Build.0 = Debug|Any CPU
		{B9CF38B0-39CF-43C7-9589-166DCC665652}.Debug|x86.ActiveCfg = Debug|Any CPU
		{B9CF38B0-39CF-43C7-9589-166DCC665652}.Default|Any CPU.ActiveCfg = Debug|Any CPU
		{B9CF38B0-39CF-43C7-9589-166DCC665652}.Default|Any CPU.Build.0 = Debug|Any CPU
		{B9CF38B0-39CF-43C7-9589-166DCC665652}.Default|Mixed Platforms.ActiveCfg = Debug|Any CPU
		{B9CF38B0-39CF-43C7-9589-166DCC665652}.Default|Mixed Platforms.Build.0 = Debug|Any CPU
		{B9CF38B0-39CF-43C7-9589-166DCC665652}.Default|x86.ActiveCfg = Debug|Any CPU
		{B9CF38B0-39CF-43C7-9589-166DCC665652}.Deploy|Any CPU.ActiveCfg = Debug|Any CPU
		{B9CF38B0-39CF-43C7-9589-166DCC665652}.Deploy|Any CPU.Build.0 = Debug|Any CPU
		{B9CF38B0-39CF-43C7-9589-166DCC665652}.Deploy|Mixed Platforms.ActiveCfg = Release|Any CPU
		{B9CF38B0-39CF-43C7-9589-166DCC665652}.Deploy|Mixed Platforms.Build.0 = Release|Any CPU
		{B9CF38B0-39CF-43C7-9589-166DCC665652}.Deploy|x86.ActiveCfg = Debug|Any CPU
		{B9CF38B0-39CF-43C7-9589-166DCC665652}.MonoTouch|Any CPU.ActiveCfg = Release|Any CPU
		{B9CF38B0-39CF-43C7-9589-166DCC665652}.MonoTouch|Any CPU.Build.0 = Release|Any CPU
		{B9CF38B0-39CF-43C7-9589-166DCC665652}.MonoTouch|Mixed Platforms.ActiveCfg = Release|Any CPU
		{B9CF38B0-39CF-43C7-9589-166DCC665652}.MonoTouch|Mixed Platforms.Build.0 = Release|Any CPU
		{B9CF38B0-39CF-43C7-9589-166DCC665652}.MonoTouch|x86.ActiveCfg = Release|Any CPU
		{B9CF38B0-39CF-43C7-9589-166DCC665652}.Package|Any CPU.ActiveCfg = Release|Any CPU
		{B9CF38B0-39CF-43C7-9589-166DCC665652}.Package|Any CPU.Build.0 = Release|Any CPU
		{B9CF38B0-39CF-43C7-9589-166DCC665652}.Package|Mixed Platforms.ActiveCfg = Release|Any CPU
		{B9CF38B0-39CF-43C7-9589-166DCC665652}.Package|Mixed Platforms.Build.0 = Release|Any CPU
		{B9CF38B0-39CF-43C7-9589-166DCC665652}.Package|x86.ActiveCfg = Release|Any CPU
		{B9CF38B0-39CF-43C7-9589-166DCC665652}.Package|x86.Build.0 = Release|Any CPU
		{B9CF38B0-39CF-43C7-9589-166DCC665652}.Release|Any CPU.ActiveCfg = Release|Any CPU
		{B9CF38B0-39CF-43C7-9589-166DCC665652}.Release|Any CPU.Build.0 = Release|Any CPU
		{B9CF38B0-39CF-43C7-9589-166DCC665652}.Release|Mixed Platforms.ActiveCfg = Release|Any CPU
		{B9CF38B0-39CF-43C7-9589-166DCC665652}.Release|Mixed Platforms.Build.0 = Release|Any CPU
		{B9CF38B0-39CF-43C7-9589-166DCC665652}.Release|x86.ActiveCfg = Release|Any CPU
		{B9CF38B0-39CF-43C7-9589-166DCC665652}.STATIC_ONLY NO_EXPRESSIONS|Any CPU.ActiveCfg = Release|Any CPU
		{B9CF38B0-39CF-43C7-9589-166DCC665652}.STATIC_ONLY NO_EXPRESSIONS|Any CPU.Build.0 = Release|Any CPU
		{B9CF38B0-39CF-43C7-9589-166DCC665652}.STATIC_ONLY NO_EXPRESSIONS|Mixed Platforms.ActiveCfg = Release|Any CPU
		{B9CF38B0-39CF-43C7-9589-166DCC665652}.STATIC_ONLY NO_EXPRESSIONS|Mixed Platforms.Build.0 = Release|Any CPU
		{B9CF38B0-39CF-43C7-9589-166DCC665652}.STATIC_ONLY NO_EXPRESSIONS|x86.ActiveCfg = Release|Any CPU
		{F80E0025-E57E-4BB5-89F2-CFBCAC1AFCF4}.Debug|Any CPU.ActiveCfg = Debug|Any CPU
		{F80E0025-E57E-4BB5-89F2-CFBCAC1AFCF4}.Debug|Any CPU.Build.0 = Debug|Any CPU
		{F80E0025-E57E-4BB5-89F2-CFBCAC1AFCF4}.Debug|Mixed Platforms.ActiveCfg = Debug|Any CPU
		{F80E0025-E57E-4BB5-89F2-CFBCAC1AFCF4}.Debug|Mixed Platforms.Build.0 = Debug|Any CPU
		{F80E0025-E57E-4BB5-89F2-CFBCAC1AFCF4}.Debug|x86.ActiveCfg = Debug|Any CPU
		{F80E0025-E57E-4BB5-89F2-CFBCAC1AFCF4}.Default|Any CPU.ActiveCfg = Debug|Any CPU
		{F80E0025-E57E-4BB5-89F2-CFBCAC1AFCF4}.Default|Any CPU.Build.0 = Debug|Any CPU
		{F80E0025-E57E-4BB5-89F2-CFBCAC1AFCF4}.Default|Mixed Platforms.ActiveCfg = Debug|Any CPU
		{F80E0025-E57E-4BB5-89F2-CFBCAC1AFCF4}.Default|Mixed Platforms.Build.0 = Debug|Any CPU
		{F80E0025-E57E-4BB5-89F2-CFBCAC1AFCF4}.Default|x86.ActiveCfg = Debug|Any CPU
		{F80E0025-E57E-4BB5-89F2-CFBCAC1AFCF4}.Deploy|Any CPU.ActiveCfg = Debug|Any CPU
		{F80E0025-E57E-4BB5-89F2-CFBCAC1AFCF4}.Deploy|Any CPU.Build.0 = Debug|Any CPU
		{F80E0025-E57E-4BB5-89F2-CFBCAC1AFCF4}.Deploy|Mixed Platforms.ActiveCfg = Release|Any CPU
		{F80E0025-E57E-4BB5-89F2-CFBCAC1AFCF4}.Deploy|Mixed Platforms.Build.0 = Release|Any CPU
		{F80E0025-E57E-4BB5-89F2-CFBCAC1AFCF4}.Deploy|x86.ActiveCfg = Debug|Any CPU
		{F80E0025-E57E-4BB5-89F2-CFBCAC1AFCF4}.MonoTouch|Any CPU.ActiveCfg = Release|Any CPU
		{F80E0025-E57E-4BB5-89F2-CFBCAC1AFCF4}.MonoTouch|Any CPU.Build.0 = Release|Any CPU
		{F80E0025-E57E-4BB5-89F2-CFBCAC1AFCF4}.MonoTouch|Mixed Platforms.ActiveCfg = Release|Any CPU
		{F80E0025-E57E-4BB5-89F2-CFBCAC1AFCF4}.MonoTouch|Mixed Platforms.Build.0 = Release|Any CPU
		{F80E0025-E57E-4BB5-89F2-CFBCAC1AFCF4}.MonoTouch|x86.ActiveCfg = Release|Any CPU
		{F80E0025-E57E-4BB5-89F2-CFBCAC1AFCF4}.Package|Any CPU.ActiveCfg = Release|Any CPU
		{F80E0025-E57E-4BB5-89F2-CFBCAC1AFCF4}.Package|Any CPU.Build.0 = Release|Any CPU
		{F80E0025-E57E-4BB5-89F2-CFBCAC1AFCF4}.Package|Mixed Platforms.ActiveCfg = Release|Any CPU
		{F80E0025-E57E-4BB5-89F2-CFBCAC1AFCF4}.Package|Mixed Platforms.Build.0 = Release|Any CPU
		{F80E0025-E57E-4BB5-89F2-CFBCAC1AFCF4}.Package|x86.ActiveCfg = Release|Any CPU
		{F80E0025-E57E-4BB5-89F2-CFBCAC1AFCF4}.Package|x86.Build.0 = Release|Any CPU
		{F80E0025-E57E-4BB5-89F2-CFBCAC1AFCF4}.Release|Any CPU.ActiveCfg = Release|Any CPU
		{F80E0025-E57E-4BB5-89F2-CFBCAC1AFCF4}.Release|Any CPU.Build.0 = Release|Any CPU
		{F80E0025-E57E-4BB5-89F2-CFBCAC1AFCF4}.Release|Mixed Platforms.ActiveCfg = Release|Any CPU
		{F80E0025-E57E-4BB5-89F2-CFBCAC1AFCF4}.Release|Mixed Platforms.Build.0 = Release|Any CPU
		{F80E0025-E57E-4BB5-89F2-CFBCAC1AFCF4}.Release|x86.ActiveCfg = Release|Any CPU
		{F80E0025-E57E-4BB5-89F2-CFBCAC1AFCF4}.STATIC_ONLY NO_EXPRESSIONS|Any CPU.ActiveCfg = Release|Any CPU
		{F80E0025-E57E-4BB5-89F2-CFBCAC1AFCF4}.STATIC_ONLY NO_EXPRESSIONS|Any CPU.Build.0 = Release|Any CPU
		{F80E0025-E57E-4BB5-89F2-CFBCAC1AFCF4}.STATIC_ONLY NO_EXPRESSIONS|Mixed Platforms.ActiveCfg = Release|Any CPU
		{F80E0025-E57E-4BB5-89F2-CFBCAC1AFCF4}.STATIC_ONLY NO_EXPRESSIONS|Mixed Platforms.Build.0 = Release|Any CPU
		{F80E0025-E57E-4BB5-89F2-CFBCAC1AFCF4}.STATIC_ONLY NO_EXPRESSIONS|x86.ActiveCfg = Release|Any CPU
		{900B3FCF-BD78-4718-A34D-2662576565C8}.Debug|Any CPU.ActiveCfg = Debug|Any CPU
		{900B3FCF-BD78-4718-A34D-2662576565C8}.Debug|Any CPU.Build.0 = Debug|Any CPU
		{900B3FCF-BD78-4718-A34D-2662576565C8}.Debug|Mixed Platforms.ActiveCfg = Debug|Any CPU
		{900B3FCF-BD78-4718-A34D-2662576565C8}.Debug|Mixed Platforms.Build.0 = Debug|Any CPU
		{900B3FCF-BD78-4718-A34D-2662576565C8}.Debug|x86.ActiveCfg = Debug|Any CPU
		{900B3FCF-BD78-4718-A34D-2662576565C8}.Default|Any CPU.ActiveCfg = Debug|Any CPU
		{900B3FCF-BD78-4718-A34D-2662576565C8}.Default|Any CPU.Build.0 = Debug|Any CPU
		{900B3FCF-BD78-4718-A34D-2662576565C8}.Default|Mixed Platforms.ActiveCfg = Debug|Any CPU
		{900B3FCF-BD78-4718-A34D-2662576565C8}.Default|Mixed Platforms.Build.0 = Debug|Any CPU
		{900B3FCF-BD78-4718-A34D-2662576565C8}.Default|x86.ActiveCfg = Debug|Any CPU
		{900B3FCF-BD78-4718-A34D-2662576565C8}.Deploy|Any CPU.ActiveCfg = Debug|Any CPU
		{900B3FCF-BD78-4718-A34D-2662576565C8}.Deploy|Any CPU.Build.0 = Debug|Any CPU
		{900B3FCF-BD78-4718-A34D-2662576565C8}.Deploy|Mixed Platforms.ActiveCfg = Release|Any CPU
		{900B3FCF-BD78-4718-A34D-2662576565C8}.Deploy|Mixed Platforms.Build.0 = Release|Any CPU
		{900B3FCF-BD78-4718-A34D-2662576565C8}.Deploy|x86.ActiveCfg = Debug|Any CPU
		{900B3FCF-BD78-4718-A34D-2662576565C8}.MonoTouch|Any CPU.ActiveCfg = Release|Any CPU
		{900B3FCF-BD78-4718-A34D-2662576565C8}.MonoTouch|Any CPU.Build.0 = Release|Any CPU
		{900B3FCF-BD78-4718-A34D-2662576565C8}.MonoTouch|Mixed Platforms.ActiveCfg = Release|Any CPU
		{900B3FCF-BD78-4718-A34D-2662576565C8}.MonoTouch|Mixed Platforms.Build.0 = Release|Any CPU
		{900B3FCF-BD78-4718-A34D-2662576565C8}.MonoTouch|x86.ActiveCfg = Release|Any CPU
		{900B3FCF-BD78-4718-A34D-2662576565C8}.Package|Any CPU.ActiveCfg = Release|Any CPU
		{900B3FCF-BD78-4718-A34D-2662576565C8}.Package|Any CPU.Build.0 = Release|Any CPU
		{900B3FCF-BD78-4718-A34D-2662576565C8}.Package|Mixed Platforms.ActiveCfg = Release|Any CPU
		{900B3FCF-BD78-4718-A34D-2662576565C8}.Package|Mixed Platforms.Build.0 = Release|Any CPU
		{900B3FCF-BD78-4718-A34D-2662576565C8}.Package|x86.ActiveCfg = Release|Any CPU
		{900B3FCF-BD78-4718-A34D-2662576565C8}.Package|x86.Build.0 = Release|Any CPU
		{900B3FCF-BD78-4718-A34D-2662576565C8}.Release|Any CPU.ActiveCfg = Release|Any CPU
		{900B3FCF-BD78-4718-A34D-2662576565C8}.Release|Any CPU.Build.0 = Release|Any CPU
		{900B3FCF-BD78-4718-A34D-2662576565C8}.Release|Mixed Platforms.ActiveCfg = Release|Any CPU
		{900B3FCF-BD78-4718-A34D-2662576565C8}.Release|Mixed Platforms.Build.0 = Release|Any CPU
		{900B3FCF-BD78-4718-A34D-2662576565C8}.Release|x86.ActiveCfg = Release|Any CPU
		{900B3FCF-BD78-4718-A34D-2662576565C8}.STATIC_ONLY NO_EXPRESSIONS|Any CPU.ActiveCfg = Release|Any CPU
		{900B3FCF-BD78-4718-A34D-2662576565C8}.STATIC_ONLY NO_EXPRESSIONS|Any CPU.Build.0 = Release|Any CPU
		{900B3FCF-BD78-4718-A34D-2662576565C8}.STATIC_ONLY NO_EXPRESSIONS|Mixed Platforms.ActiveCfg = Release|Any CPU
		{900B3FCF-BD78-4718-A34D-2662576565C8}.STATIC_ONLY NO_EXPRESSIONS|Mixed Platforms.Build.0 = Release|Any CPU
		{900B3FCF-BD78-4718-A34D-2662576565C8}.STATIC_ONLY NO_EXPRESSIONS|x86.ActiveCfg = Release|Any CPU
		{F8516C67-92BE-43FF-A8A9-B71A3EA4BE0D}.Debug|Any CPU.ActiveCfg = Debug|Any CPU
		{F8516C67-92BE-43FF-A8A9-B71A3EA4BE0D}.Debug|Any CPU.Build.0 = Debug|Any CPU
		{F8516C67-92BE-43FF-A8A9-B71A3EA4BE0D}.Debug|Mixed Platforms.ActiveCfg = Debug|Any CPU
		{F8516C67-92BE-43FF-A8A9-B71A3EA4BE0D}.Debug|Mixed Platforms.Build.0 = Debug|Any CPU
		{F8516C67-92BE-43FF-A8A9-B71A3EA4BE0D}.Debug|x86.ActiveCfg = Debug|Any CPU
		{F8516C67-92BE-43FF-A8A9-B71A3EA4BE0D}.Debug|x86.Build.0 = Debug|Any CPU
		{F8516C67-92BE-43FF-A8A9-B71A3EA4BE0D}.Default|Any CPU.ActiveCfg = Debug|Any CPU
		{F8516C67-92BE-43FF-A8A9-B71A3EA4BE0D}.Default|Any CPU.Build.0 = Debug|Any CPU
		{F8516C67-92BE-43FF-A8A9-B71A3EA4BE0D}.Default|Mixed Platforms.ActiveCfg = Debug|Any CPU
		{F8516C67-92BE-43FF-A8A9-B71A3EA4BE0D}.Default|Mixed Platforms.Build.0 = Debug|Any CPU
		{F8516C67-92BE-43FF-A8A9-B71A3EA4BE0D}.Default|x86.ActiveCfg = Debug|Any CPU
		{F8516C67-92BE-43FF-A8A9-B71A3EA4BE0D}.Default|x86.Build.0 = Debug|Any CPU
		{F8516C67-92BE-43FF-A8A9-B71A3EA4BE0D}.Deploy|Any CPU.ActiveCfg = Debug|Any CPU
		{F8516C67-92BE-43FF-A8A9-B71A3EA4BE0D}.Deploy|Any CPU.Build.0 = Debug|Any CPU
		{F8516C67-92BE-43FF-A8A9-B71A3EA4BE0D}.Deploy|Mixed Platforms.ActiveCfg = Debug|Any CPU
		{F8516C67-92BE-43FF-A8A9-B71A3EA4BE0D}.Deploy|Mixed Platforms.Build.0 = Debug|Any CPU
		{F8516C67-92BE-43FF-A8A9-B71A3EA4BE0D}.Deploy|x86.ActiveCfg = Debug|Any CPU
		{F8516C67-92BE-43FF-A8A9-B71A3EA4BE0D}.Deploy|x86.Build.0 = Debug|Any CPU
		{F8516C67-92BE-43FF-A8A9-B71A3EA4BE0D}.MonoTouch|Any CPU.ActiveCfg = Release|Any CPU
		{F8516C67-92BE-43FF-A8A9-B71A3EA4BE0D}.MonoTouch|Any CPU.Build.0 = Release|Any CPU
		{F8516C67-92BE-43FF-A8A9-B71A3EA4BE0D}.MonoTouch|Mixed Platforms.ActiveCfg = Release|Any CPU
		{F8516C67-92BE-43FF-A8A9-B71A3EA4BE0D}.MonoTouch|Mixed Platforms.Build.0 = Release|Any CPU
		{F8516C67-92BE-43FF-A8A9-B71A3EA4BE0D}.MonoTouch|x86.ActiveCfg = Release|Any CPU
		{F8516C67-92BE-43FF-A8A9-B71A3EA4BE0D}.MonoTouch|x86.Build.0 = Release|Any CPU
		{F8516C67-92BE-43FF-A8A9-B71A3EA4BE0D}.Package|Any CPU.ActiveCfg = Release|Any CPU
		{F8516C67-92BE-43FF-A8A9-B71A3EA4BE0D}.Package|Any CPU.Build.0 = Release|Any CPU
		{F8516C67-92BE-43FF-A8A9-B71A3EA4BE0D}.Package|Mixed Platforms.ActiveCfg = Release|Any CPU
		{F8516C67-92BE-43FF-A8A9-B71A3EA4BE0D}.Package|Mixed Platforms.Build.0 = Release|Any CPU
		{F8516C67-92BE-43FF-A8A9-B71A3EA4BE0D}.Package|x86.ActiveCfg = Release|Any CPU
		{F8516C67-92BE-43FF-A8A9-B71A3EA4BE0D}.Package|x86.Build.0 = Release|Any CPU
		{F8516C67-92BE-43FF-A8A9-B71A3EA4BE0D}.Release|Any CPU.ActiveCfg = Release|Any CPU
		{F8516C67-92BE-43FF-A8A9-B71A3EA4BE0D}.Release|Any CPU.Build.0 = Release|Any CPU
		{F8516C67-92BE-43FF-A8A9-B71A3EA4BE0D}.Release|Mixed Platforms.ActiveCfg = Release|Any CPU
		{F8516C67-92BE-43FF-A8A9-B71A3EA4BE0D}.Release|Mixed Platforms.Build.0 = Release|Any CPU
		{F8516C67-92BE-43FF-A8A9-B71A3EA4BE0D}.Release|x86.ActiveCfg = Release|Any CPU
		{F8516C67-92BE-43FF-A8A9-B71A3EA4BE0D}.Release|x86.Build.0 = Release|Any CPU
		{F8516C67-92BE-43FF-A8A9-B71A3EA4BE0D}.STATIC_ONLY NO_EXPRESSIONS|Any CPU.ActiveCfg = Release|Any CPU
		{F8516C67-92BE-43FF-A8A9-B71A3EA4BE0D}.STATIC_ONLY NO_EXPRESSIONS|Any CPU.Build.0 = Release|Any CPU
		{F8516C67-92BE-43FF-A8A9-B71A3EA4BE0D}.STATIC_ONLY NO_EXPRESSIONS|Mixed Platforms.ActiveCfg = Release|Any CPU
		{F8516C67-92BE-43FF-A8A9-B71A3EA4BE0D}.STATIC_ONLY NO_EXPRESSIONS|Mixed Platforms.Build.0 = Release|Any CPU
		{F8516C67-92BE-43FF-A8A9-B71A3EA4BE0D}.STATIC_ONLY NO_EXPRESSIONS|x86.ActiveCfg = Release|Any CPU
		{F8516C67-92BE-43FF-A8A9-B71A3EA4BE0D}.STATIC_ONLY NO_EXPRESSIONS|x86.Build.0 = Release|Any CPU
		{815938D4-C2D4-44BE-B801-EF4A7299F578}.Debug|Any CPU.ActiveCfg = Debug|Any CPU
		{815938D4-C2D4-44BE-B801-EF4A7299F578}.Debug|Any CPU.Build.0 = Debug|Any CPU
		{815938D4-C2D4-44BE-B801-EF4A7299F578}.Debug|Mixed Platforms.ActiveCfg = Debug|Any CPU
		{815938D4-C2D4-44BE-B801-EF4A7299F578}.Debug|Mixed Platforms.Build.0 = Debug|Any CPU
		{815938D4-C2D4-44BE-B801-EF4A7299F578}.Debug|x86.ActiveCfg = Debug|Any CPU
		{815938D4-C2D4-44BE-B801-EF4A7299F578}.Debug|x86.Build.0 = Debug|Any CPU
		{815938D4-C2D4-44BE-B801-EF4A7299F578}.Default|Any CPU.ActiveCfg = Debug|Any CPU
		{815938D4-C2D4-44BE-B801-EF4A7299F578}.Default|Any CPU.Build.0 = Debug|Any CPU
		{815938D4-C2D4-44BE-B801-EF4A7299F578}.Default|Mixed Platforms.ActiveCfg = Debug|Any CPU
		{815938D4-C2D4-44BE-B801-EF4A7299F578}.Default|Mixed Platforms.Build.0 = Debug|Any CPU
		{815938D4-C2D4-44BE-B801-EF4A7299F578}.Default|x86.ActiveCfg = Debug|Any CPU
		{815938D4-C2D4-44BE-B801-EF4A7299F578}.Default|x86.Build.0 = Debug|Any CPU
		{815938D4-C2D4-44BE-B801-EF4A7299F578}.Deploy|Any CPU.ActiveCfg = Debug|Any CPU
		{815938D4-C2D4-44BE-B801-EF4A7299F578}.Deploy|Any CPU.Build.0 = Debug|Any CPU
		{815938D4-C2D4-44BE-B801-EF4A7299F578}.Deploy|Mixed Platforms.ActiveCfg = Debug|Any CPU
		{815938D4-C2D4-44BE-B801-EF4A7299F578}.Deploy|Mixed Platforms.Build.0 = Debug|Any CPU
		{815938D4-C2D4-44BE-B801-EF4A7299F578}.Deploy|x86.ActiveCfg = Debug|Any CPU
		{815938D4-C2D4-44BE-B801-EF4A7299F578}.Deploy|x86.Build.0 = Debug|Any CPU
		{815938D4-C2D4-44BE-B801-EF4A7299F578}.MonoTouch|Any CPU.ActiveCfg = Release|Any CPU
		{815938D4-C2D4-44BE-B801-EF4A7299F578}.MonoTouch|Any CPU.Build.0 = Release|Any CPU
		{815938D4-C2D4-44BE-B801-EF4A7299F578}.MonoTouch|Mixed Platforms.ActiveCfg = Release|Any CPU
		{815938D4-C2D4-44BE-B801-EF4A7299F578}.MonoTouch|Mixed Platforms.Build.0 = Release|Any CPU
		{815938D4-C2D4-44BE-B801-EF4A7299F578}.MonoTouch|x86.ActiveCfg = Release|Any CPU
		{815938D4-C2D4-44BE-B801-EF4A7299F578}.MonoTouch|x86.Build.0 = Release|Any CPU
		{815938D4-C2D4-44BE-B801-EF4A7299F578}.Package|Any CPU.ActiveCfg = Release|Any CPU
		{815938D4-C2D4-44BE-B801-EF4A7299F578}.Package|Any CPU.Build.0 = Release|Any CPU
		{815938D4-C2D4-44BE-B801-EF4A7299F578}.Package|Mixed Platforms.ActiveCfg = Release|Any CPU
		{815938D4-C2D4-44BE-B801-EF4A7299F578}.Package|Mixed Platforms.Build.0 = Release|Any CPU
		{815938D4-C2D4-44BE-B801-EF4A7299F578}.Package|x86.ActiveCfg = Release|Any CPU
		{815938D4-C2D4-44BE-B801-EF4A7299F578}.Package|x86.Build.0 = Release|Any CPU
		{815938D4-C2D4-44BE-B801-EF4A7299F578}.Release|Any CPU.ActiveCfg = Release|Any CPU
		{815938D4-C2D4-44BE-B801-EF4A7299F578}.Release|Any CPU.Build.0 = Release|Any CPU
		{815938D4-C2D4-44BE-B801-EF4A7299F578}.Release|Mixed Platforms.ActiveCfg = Release|Any CPU
		{815938D4-C2D4-44BE-B801-EF4A7299F578}.Release|Mixed Platforms.Build.0 = Release|Any CPU
		{815938D4-C2D4-44BE-B801-EF4A7299F578}.Release|x86.ActiveCfg = Release|Any CPU
		{815938D4-C2D4-44BE-B801-EF4A7299F578}.Release|x86.Build.0 = Release|Any CPU
		{815938D4-C2D4-44BE-B801-EF4A7299F578}.STATIC_ONLY NO_EXPRESSIONS|Any CPU.ActiveCfg = Release|Any CPU
		{815938D4-C2D4-44BE-B801-EF4A7299F578}.STATIC_ONLY NO_EXPRESSIONS|Any CPU.Build.0 = Release|Any CPU
		{815938D4-C2D4-44BE-B801-EF4A7299F578}.STATIC_ONLY NO_EXPRESSIONS|Mixed Platforms.ActiveCfg = Release|Any CPU
		{815938D4-C2D4-44BE-B801-EF4A7299F578}.STATIC_ONLY NO_EXPRESSIONS|Mixed Platforms.Build.0 = Release|Any CPU
		{815938D4-C2D4-44BE-B801-EF4A7299F578}.STATIC_ONLY NO_EXPRESSIONS|x86.ActiveCfg = Release|Any CPU
		{815938D4-C2D4-44BE-B801-EF4A7299F578}.STATIC_ONLY NO_EXPRESSIONS|x86.Build.0 = Release|Any CPU
		{EF89E4DF-D79F-4E83-A703-3BE176F9428E}.Debug|Any CPU.ActiveCfg = Debug|Any CPU
		{EF89E4DF-D79F-4E83-A703-3BE176F9428E}.Debug|Any CPU.Build.0 = Debug|Any CPU
		{EF89E4DF-D79F-4E83-A703-3BE176F9428E}.Debug|Mixed Platforms.ActiveCfg = Debug|Any CPU
		{EF89E4DF-D79F-4E83-A703-3BE176F9428E}.Debug|Mixed Platforms.Build.0 = Debug|Any CPU
		{EF89E4DF-D79F-4E83-A703-3BE176F9428E}.Debug|x86.ActiveCfg = Debug|Any CPU
		{EF89E4DF-D79F-4E83-A703-3BE176F9428E}.Debug|x86.Build.0 = Debug|Any CPU
		{EF89E4DF-D79F-4E83-A703-3BE176F9428E}.Default|Any CPU.ActiveCfg = Debug|Any CPU
		{EF89E4DF-D79F-4E83-A703-3BE176F9428E}.Default|Any CPU.Build.0 = Debug|Any CPU
		{EF89E4DF-D79F-4E83-A703-3BE176F9428E}.Default|Mixed Platforms.ActiveCfg = Debug|Any CPU
		{EF89E4DF-D79F-4E83-A703-3BE176F9428E}.Default|Mixed Platforms.Build.0 = Debug|Any CPU
		{EF89E4DF-D79F-4E83-A703-3BE176F9428E}.Default|x86.ActiveCfg = Debug|Any CPU
		{EF89E4DF-D79F-4E83-A703-3BE176F9428E}.Default|x86.Build.0 = Debug|Any CPU
		{EF89E4DF-D79F-4E83-A703-3BE176F9428E}.Deploy|Any CPU.ActiveCfg = Debug|Any CPU
		{EF89E4DF-D79F-4E83-A703-3BE176F9428E}.Deploy|Any CPU.Build.0 = Debug|Any CPU
		{EF89E4DF-D79F-4E83-A703-3BE176F9428E}.Deploy|Mixed Platforms.ActiveCfg = Debug|Any CPU
		{EF89E4DF-D79F-4E83-A703-3BE176F9428E}.Deploy|Mixed Platforms.Build.0 = Debug|Any CPU
		{EF89E4DF-D79F-4E83-A703-3BE176F9428E}.Deploy|x86.ActiveCfg = Debug|Any CPU
		{EF89E4DF-D79F-4E83-A703-3BE176F9428E}.Deploy|x86.Build.0 = Debug|Any CPU
		{EF89E4DF-D79F-4E83-A703-3BE176F9428E}.MonoTouch|Any CPU.ActiveCfg = Debug|Any CPU
		{EF89E4DF-D79F-4E83-A703-3BE176F9428E}.MonoTouch|Any CPU.Build.0 = Debug|Any CPU
		{EF89E4DF-D79F-4E83-A703-3BE176F9428E}.MonoTouch|Mixed Platforms.ActiveCfg = Debug|Any CPU
		{EF89E4DF-D79F-4E83-A703-3BE176F9428E}.MonoTouch|Mixed Platforms.Build.0 = Debug|Any CPU
		{EF89E4DF-D79F-4E83-A703-3BE176F9428E}.MonoTouch|x86.ActiveCfg = Debug|Any CPU
		{EF89E4DF-D79F-4E83-A703-3BE176F9428E}.MonoTouch|x86.Build.0 = Debug|Any CPU
		{EF89E4DF-D79F-4E83-A703-3BE176F9428E}.Package|Any CPU.ActiveCfg = Debug|Any CPU
		{EF89E4DF-D79F-4E83-A703-3BE176F9428E}.Package|Any CPU.Build.0 = Debug|Any CPU
		{EF89E4DF-D79F-4E83-A703-3BE176F9428E}.Package|Mixed Platforms.ActiveCfg = Debug|Any CPU
		{EF89E4DF-D79F-4E83-A703-3BE176F9428E}.Package|Mixed Platforms.Build.0 = Debug|Any CPU
		{EF89E4DF-D79F-4E83-A703-3BE176F9428E}.Package|x86.ActiveCfg = Debug|Any CPU
		{EF89E4DF-D79F-4E83-A703-3BE176F9428E}.Package|x86.Build.0 = Debug|Any CPU
		{EF89E4DF-D79F-4E83-A703-3BE176F9428E}.Release|Any CPU.ActiveCfg = Release|Any CPU
		{EF89E4DF-D79F-4E83-A703-3BE176F9428E}.Release|Any CPU.Build.0 = Release|Any CPU
		{EF89E4DF-D79F-4E83-A703-3BE176F9428E}.Release|Mixed Platforms.ActiveCfg = Release|Any CPU
		{EF89E4DF-D79F-4E83-A703-3BE176F9428E}.Release|Mixed Platforms.Build.0 = Release|Any CPU
		{EF89E4DF-D79F-4E83-A703-3BE176F9428E}.Release|x86.ActiveCfg = Release|Any CPU
		{EF89E4DF-D79F-4E83-A703-3BE176F9428E}.Release|x86.Build.0 = Release|Any CPU
		{EF89E4DF-D79F-4E83-A703-3BE176F9428E}.STATIC_ONLY NO_EXPRESSIONS|Any CPU.ActiveCfg = Debug|Any CPU
		{EF89E4DF-D79F-4E83-A703-3BE176F9428E}.STATIC_ONLY NO_EXPRESSIONS|Any CPU.Build.0 = Debug|Any CPU
		{EF89E4DF-D79F-4E83-A703-3BE176F9428E}.STATIC_ONLY NO_EXPRESSIONS|Mixed Platforms.ActiveCfg = Debug|Any CPU
		{EF89E4DF-D79F-4E83-A703-3BE176F9428E}.STATIC_ONLY NO_EXPRESSIONS|Mixed Platforms.Build.0 = Debug|Any CPU
		{EF89E4DF-D79F-4E83-A703-3BE176F9428E}.STATIC_ONLY NO_EXPRESSIONS|x86.ActiveCfg = Debug|Any CPU
		{EF89E4DF-D79F-4E83-A703-3BE176F9428E}.STATIC_ONLY NO_EXPRESSIONS|x86.Build.0 = Debug|Any CPU
		{96679079-EF3C-4A46-951F-610CCBC8B171}.Debug|Any CPU.ActiveCfg = Debug|Any CPU
		{96679079-EF3C-4A46-951F-610CCBC8B171}.Debug|Any CPU.Build.0 = Debug|Any CPU
		{96679079-EF3C-4A46-951F-610CCBC8B171}.Debug|Mixed Platforms.ActiveCfg = Debug|Any CPU
		{96679079-EF3C-4A46-951F-610CCBC8B171}.Debug|Mixed Platforms.Build.0 = Debug|Any CPU
		{96679079-EF3C-4A46-951F-610CCBC8B171}.Debug|x86.ActiveCfg = Debug|Any CPU
		{96679079-EF3C-4A46-951F-610CCBC8B171}.Debug|x86.Build.0 = Debug|Any CPU
		{96679079-EF3C-4A46-951F-610CCBC8B171}.Default|Any CPU.ActiveCfg = Debug|Any CPU
		{96679079-EF3C-4A46-951F-610CCBC8B171}.Default|Any CPU.Build.0 = Debug|Any CPU
		{96679079-EF3C-4A46-951F-610CCBC8B171}.Default|Mixed Platforms.ActiveCfg = Debug|Any CPU
		{96679079-EF3C-4A46-951F-610CCBC8B171}.Default|Mixed Platforms.Build.0 = Debug|Any CPU
		{96679079-EF3C-4A46-951F-610CCBC8B171}.Default|x86.ActiveCfg = Debug|Any CPU
		{96679079-EF3C-4A46-951F-610CCBC8B171}.Default|x86.Build.0 = Debug|Any CPU
		{96679079-EF3C-4A46-951F-610CCBC8B171}.Deploy|Any CPU.ActiveCfg = Debug|Any CPU
		{96679079-EF3C-4A46-951F-610CCBC8B171}.Deploy|Any CPU.Build.0 = Debug|Any CPU
		{96679079-EF3C-4A46-951F-610CCBC8B171}.Deploy|Mixed Platforms.ActiveCfg = Debug|Any CPU
		{96679079-EF3C-4A46-951F-610CCBC8B171}.Deploy|Mixed Platforms.Build.0 = Debug|Any CPU
		{96679079-EF3C-4A46-951F-610CCBC8B171}.Deploy|x86.ActiveCfg = Debug|Any CPU
		{96679079-EF3C-4A46-951F-610CCBC8B171}.Deploy|x86.Build.0 = Debug|Any CPU
		{96679079-EF3C-4A46-951F-610CCBC8B171}.MonoTouch|Any CPU.ActiveCfg = Release|Any CPU
		{96679079-EF3C-4A46-951F-610CCBC8B171}.MonoTouch|Any CPU.Build.0 = Release|Any CPU
		{96679079-EF3C-4A46-951F-610CCBC8B171}.MonoTouch|Mixed Platforms.ActiveCfg = Release|Any CPU
		{96679079-EF3C-4A46-951F-610CCBC8B171}.MonoTouch|Mixed Platforms.Build.0 = Release|Any CPU
		{96679079-EF3C-4A46-951F-610CCBC8B171}.MonoTouch|x86.ActiveCfg = Release|Any CPU
		{96679079-EF3C-4A46-951F-610CCBC8B171}.MonoTouch|x86.Build.0 = Release|Any CPU
		{96679079-EF3C-4A46-951F-610CCBC8B171}.Package|Any CPU.ActiveCfg = Release|Any CPU
		{96679079-EF3C-4A46-951F-610CCBC8B171}.Package|Any CPU.Build.0 = Release|Any CPU
		{96679079-EF3C-4A46-951F-610CCBC8B171}.Package|Mixed Platforms.ActiveCfg = Release|Any CPU
		{96679079-EF3C-4A46-951F-610CCBC8B171}.Package|Mixed Platforms.Build.0 = Release|Any CPU
		{96679079-EF3C-4A46-951F-610CCBC8B171}.Package|x86.ActiveCfg = Release|Any CPU
		{96679079-EF3C-4A46-951F-610CCBC8B171}.Package|x86.Build.0 = Release|Any CPU
		{96679079-EF3C-4A46-951F-610CCBC8B171}.Release|Any CPU.ActiveCfg = Release|Any CPU
		{96679079-EF3C-4A46-951F-610CCBC8B171}.Release|Any CPU.Build.0 = Release|Any CPU
		{96679079-EF3C-4A46-951F-610CCBC8B171}.Release|Mixed Platforms.ActiveCfg = Release|Any CPU
		{96679079-EF3C-4A46-951F-610CCBC8B171}.Release|Mixed Platforms.Build.0 = Release|Any CPU
		{96679079-EF3C-4A46-951F-610CCBC8B171}.Release|x86.ActiveCfg = Release|Any CPU
		{96679079-EF3C-4A46-951F-610CCBC8B171}.Release|x86.Build.0 = Release|Any CPU
		{96679079-EF3C-4A46-951F-610CCBC8B171}.STATIC_ONLY NO_EXPRESSIONS|Any CPU.ActiveCfg = Release|Any CPU
		{96679079-EF3C-4A46-951F-610CCBC8B171}.STATIC_ONLY NO_EXPRESSIONS|Any CPU.Build.0 = Release|Any CPU
		{96679079-EF3C-4A46-951F-610CCBC8B171}.STATIC_ONLY NO_EXPRESSIONS|Mixed Platforms.ActiveCfg = Release|Any CPU
		{96679079-EF3C-4A46-951F-610CCBC8B171}.STATIC_ONLY NO_EXPRESSIONS|Mixed Platforms.Build.0 = Release|Any CPU
		{96679079-EF3C-4A46-951F-610CCBC8B171}.STATIC_ONLY NO_EXPRESSIONS|x86.ActiveCfg = Release|Any CPU
		{96679079-EF3C-4A46-951F-610CCBC8B171}.STATIC_ONLY NO_EXPRESSIONS|x86.Build.0 = Release|Any CPU
		{608AA545-2E5F-48FF-8A75-6065E38FCC5E}.Debug|Any CPU.ActiveCfg = Debug|Any CPU
		{608AA545-2E5F-48FF-8A75-6065E38FCC5E}.Debug|Any CPU.Build.0 = Debug|Any CPU
		{608AA545-2E5F-48FF-8A75-6065E38FCC5E}.Debug|Mixed Platforms.ActiveCfg = Debug|Any CPU
		{608AA545-2E5F-48FF-8A75-6065E38FCC5E}.Debug|Mixed Platforms.Build.0 = Debug|Any CPU
		{608AA545-2E5F-48FF-8A75-6065E38FCC5E}.Debug|x86.ActiveCfg = Debug|Any CPU
		{608AA545-2E5F-48FF-8A75-6065E38FCC5E}.Debug|x86.Build.0 = Debug|Any CPU
		{608AA545-2E5F-48FF-8A75-6065E38FCC5E}.Default|Any CPU.ActiveCfg = Debug|Any CPU
		{608AA545-2E5F-48FF-8A75-6065E38FCC5E}.Default|Any CPU.Build.0 = Debug|Any CPU
		{608AA545-2E5F-48FF-8A75-6065E38FCC5E}.Default|Mixed Platforms.ActiveCfg = Debug|Any CPU
		{608AA545-2E5F-48FF-8A75-6065E38FCC5E}.Default|Mixed Platforms.Build.0 = Debug|Any CPU
		{608AA545-2E5F-48FF-8A75-6065E38FCC5E}.Default|x86.ActiveCfg = Debug|Any CPU
		{608AA545-2E5F-48FF-8A75-6065E38FCC5E}.Default|x86.Build.0 = Debug|Any CPU
		{608AA545-2E5F-48FF-8A75-6065E38FCC5E}.Deploy|Any CPU.ActiveCfg = Debug|Any CPU
		{608AA545-2E5F-48FF-8A75-6065E38FCC5E}.Deploy|Any CPU.Build.0 = Debug|Any CPU
		{608AA545-2E5F-48FF-8A75-6065E38FCC5E}.Deploy|Mixed Platforms.ActiveCfg = Debug|Any CPU
		{608AA545-2E5F-48FF-8A75-6065E38FCC5E}.Deploy|Mixed Platforms.Build.0 = Debug|Any CPU
		{608AA545-2E5F-48FF-8A75-6065E38FCC5E}.Deploy|x86.ActiveCfg = Debug|Any CPU
		{608AA545-2E5F-48FF-8A75-6065E38FCC5E}.Deploy|x86.Build.0 = Debug|Any CPU
		{608AA545-2E5F-48FF-8A75-6065E38FCC5E}.MonoTouch|Any CPU.ActiveCfg = Debug|Any CPU
		{608AA545-2E5F-48FF-8A75-6065E38FCC5E}.MonoTouch|Any CPU.Build.0 = Debug|Any CPU
		{608AA545-2E5F-48FF-8A75-6065E38FCC5E}.MonoTouch|Mixed Platforms.ActiveCfg = Debug|Any CPU
		{608AA545-2E5F-48FF-8A75-6065E38FCC5E}.MonoTouch|Mixed Platforms.Build.0 = Debug|Any CPU
		{608AA545-2E5F-48FF-8A75-6065E38FCC5E}.MonoTouch|x86.ActiveCfg = Debug|Any CPU
		{608AA545-2E5F-48FF-8A75-6065E38FCC5E}.MonoTouch|x86.Build.0 = Debug|Any CPU
		{608AA545-2E5F-48FF-8A75-6065E38FCC5E}.Package|Any CPU.ActiveCfg = Debug|Any CPU
		{608AA545-2E5F-48FF-8A75-6065E38FCC5E}.Package|Any CPU.Build.0 = Debug|Any CPU
		{608AA545-2E5F-48FF-8A75-6065E38FCC5E}.Package|Mixed Platforms.ActiveCfg = Debug|Any CPU
		{608AA545-2E5F-48FF-8A75-6065E38FCC5E}.Package|Mixed Platforms.Build.0 = Debug|Any CPU
		{608AA545-2E5F-48FF-8A75-6065E38FCC5E}.Package|x86.ActiveCfg = Debug|Any CPU
		{608AA545-2E5F-48FF-8A75-6065E38FCC5E}.Package|x86.Build.0 = Debug|Any CPU
		{608AA545-2E5F-48FF-8A75-6065E38FCC5E}.Release|Any CPU.ActiveCfg = Release|Any CPU
		{608AA545-2E5F-48FF-8A75-6065E38FCC5E}.Release|Any CPU.Build.0 = Release|Any CPU
		{608AA545-2E5F-48FF-8A75-6065E38FCC5E}.Release|Mixed Platforms.ActiveCfg = Release|Any CPU
		{608AA545-2E5F-48FF-8A75-6065E38FCC5E}.Release|Mixed Platforms.Build.0 = Release|Any CPU
		{608AA545-2E5F-48FF-8A75-6065E38FCC5E}.Release|x86.ActiveCfg = Release|Any CPU
		{608AA545-2E5F-48FF-8A75-6065E38FCC5E}.Release|x86.Build.0 = Release|Any CPU
		{608AA545-2E5F-48FF-8A75-6065E38FCC5E}.STATIC_ONLY NO_EXPRESSIONS|Any CPU.ActiveCfg = Debug|Any CPU
		{608AA545-2E5F-48FF-8A75-6065E38FCC5E}.STATIC_ONLY NO_EXPRESSIONS|Any CPU.Build.0 = Debug|Any CPU
		{608AA545-2E5F-48FF-8A75-6065E38FCC5E}.STATIC_ONLY NO_EXPRESSIONS|Mixed Platforms.ActiveCfg = Debug|Any CPU
		{608AA545-2E5F-48FF-8A75-6065E38FCC5E}.STATIC_ONLY NO_EXPRESSIONS|Mixed Platforms.Build.0 = Debug|Any CPU
		{608AA545-2E5F-48FF-8A75-6065E38FCC5E}.STATIC_ONLY NO_EXPRESSIONS|x86.ActiveCfg = Debug|Any CPU
		{608AA545-2E5F-48FF-8A75-6065E38FCC5E}.STATIC_ONLY NO_EXPRESSIONS|x86.Build.0 = Debug|Any CPU
		{6EB09B50-3A72-4B8D-ABF7-1C4EA21C97B4}.Debug|Any CPU.ActiveCfg = Debug|Any CPU
		{6EB09B50-3A72-4B8D-ABF7-1C4EA21C97B4}.Debug|Any CPU.Build.0 = Debug|Any CPU
		{6EB09B50-3A72-4B8D-ABF7-1C4EA21C97B4}.Debug|Mixed Platforms.ActiveCfg = Debug|Any CPU
		{6EB09B50-3A72-4B8D-ABF7-1C4EA21C97B4}.Debug|Mixed Platforms.Build.0 = Debug|Any CPU
		{6EB09B50-3A72-4B8D-ABF7-1C4EA21C97B4}.Debug|x86.ActiveCfg = Debug|Any CPU
		{6EB09B50-3A72-4B8D-ABF7-1C4EA21C97B4}.Debug|x86.Build.0 = Debug|Any CPU
		{6EB09B50-3A72-4B8D-ABF7-1C4EA21C97B4}.Default|Any CPU.ActiveCfg = Debug|Any CPU
		{6EB09B50-3A72-4B8D-ABF7-1C4EA21C97B4}.Default|Any CPU.Build.0 = Debug|Any CPU
		{6EB09B50-3A72-4B8D-ABF7-1C4EA21C97B4}.Default|Mixed Platforms.ActiveCfg = Debug|Any CPU
		{6EB09B50-3A72-4B8D-ABF7-1C4EA21C97B4}.Default|Mixed Platforms.Build.0 = Debug|Any CPU
		{6EB09B50-3A72-4B8D-ABF7-1C4EA21C97B4}.Default|x86.ActiveCfg = Debug|Any CPU
		{6EB09B50-3A72-4B8D-ABF7-1C4EA21C97B4}.Default|x86.Build.0 = Debug|Any CPU
		{6EB09B50-3A72-4B8D-ABF7-1C4EA21C97B4}.Deploy|Any CPU.ActiveCfg = Debug|Any CPU
		{6EB09B50-3A72-4B8D-ABF7-1C4EA21C97B4}.Deploy|Any CPU.Build.0 = Debug|Any CPU
		{6EB09B50-3A72-4B8D-ABF7-1C4EA21C97B4}.Deploy|Mixed Platforms.ActiveCfg = Debug|Any CPU
		{6EB09B50-3A72-4B8D-ABF7-1C4EA21C97B4}.Deploy|Mixed Platforms.Build.0 = Debug|Any CPU
		{6EB09B50-3A72-4B8D-ABF7-1C4EA21C97B4}.Deploy|x86.ActiveCfg = Debug|Any CPU
		{6EB09B50-3A72-4B8D-ABF7-1C4EA21C97B4}.Deploy|x86.Build.0 = Debug|Any CPU
		{6EB09B50-3A72-4B8D-ABF7-1C4EA21C97B4}.MonoTouch|Any CPU.ActiveCfg = Debug|Any CPU
		{6EB09B50-3A72-4B8D-ABF7-1C4EA21C97B4}.MonoTouch|Any CPU.Build.0 = Debug|Any CPU
		{6EB09B50-3A72-4B8D-ABF7-1C4EA21C97B4}.MonoTouch|Mixed Platforms.ActiveCfg = Debug|Any CPU
		{6EB09B50-3A72-4B8D-ABF7-1C4EA21C97B4}.MonoTouch|Mixed Platforms.Build.0 = Debug|Any CPU
		{6EB09B50-3A72-4B8D-ABF7-1C4EA21C97B4}.MonoTouch|x86.ActiveCfg = Debug|Any CPU
		{6EB09B50-3A72-4B8D-ABF7-1C4EA21C97B4}.MonoTouch|x86.Build.0 = Debug|Any CPU
		{6EB09B50-3A72-4B8D-ABF7-1C4EA21C97B4}.Package|Any CPU.ActiveCfg = Debug|Any CPU
		{6EB09B50-3A72-4B8D-ABF7-1C4EA21C97B4}.Package|Any CPU.Build.0 = Debug|Any CPU
		{6EB09B50-3A72-4B8D-ABF7-1C4EA21C97B4}.Package|Mixed Platforms.ActiveCfg = Debug|Any CPU
		{6EB09B50-3A72-4B8D-ABF7-1C4EA21C97B4}.Package|Mixed Platforms.Build.0 = Debug|Any CPU
		{6EB09B50-3A72-4B8D-ABF7-1C4EA21C97B4}.Package|x86.ActiveCfg = Debug|Any CPU
		{6EB09B50-3A72-4B8D-ABF7-1C4EA21C97B4}.Package|x86.Build.0 = Debug|Any CPU
		{6EB09B50-3A72-4B8D-ABF7-1C4EA21C97B4}.Release|Any CPU.ActiveCfg = Release|Any CPU
		{6EB09B50-3A72-4B8D-ABF7-1C4EA21C97B4}.Release|Any CPU.Build.0 = Release|Any CPU
		{6EB09B50-3A72-4B8D-ABF7-1C4EA21C97B4}.Release|Mixed Platforms.ActiveCfg = Release|Any CPU
		{6EB09B50-3A72-4B8D-ABF7-1C4EA21C97B4}.Release|Mixed Platforms.Build.0 = Release|Any CPU
		{6EB09B50-3A72-4B8D-ABF7-1C4EA21C97B4}.Release|x86.ActiveCfg = Release|Any CPU
		{6EB09B50-3A72-4B8D-ABF7-1C4EA21C97B4}.Release|x86.Build.0 = Release|Any CPU
		{6EB09B50-3A72-4B8D-ABF7-1C4EA21C97B4}.STATIC_ONLY NO_EXPRESSIONS|Any CPU.ActiveCfg = Debug|Any CPU
		{6EB09B50-3A72-4B8D-ABF7-1C4EA21C97B4}.STATIC_ONLY NO_EXPRESSIONS|Any CPU.Build.0 = Debug|Any CPU
		{6EB09B50-3A72-4B8D-ABF7-1C4EA21C97B4}.STATIC_ONLY NO_EXPRESSIONS|Mixed Platforms.ActiveCfg = Debug|Any CPU
		{6EB09B50-3A72-4B8D-ABF7-1C4EA21C97B4}.STATIC_ONLY NO_EXPRESSIONS|Mixed Platforms.Build.0 = Debug|Any CPU
		{6EB09B50-3A72-4B8D-ABF7-1C4EA21C97B4}.STATIC_ONLY NO_EXPRESSIONS|x86.ActiveCfg = Debug|Any CPU
		{6EB09B50-3A72-4B8D-ABF7-1C4EA21C97B4}.STATIC_ONLY NO_EXPRESSIONS|x86.Build.0 = Debug|Any CPU
		{9E7362F6-25FE-4E06-884D-92AEA9A28D45}.Debug|Any CPU.ActiveCfg = Debug|Any CPU
		{9E7362F6-25FE-4E06-884D-92AEA9A28D45}.Debug|Any CPU.Build.0 = Debug|Any CPU
		{9E7362F6-25FE-4E06-884D-92AEA9A28D45}.Debug|Mixed Platforms.ActiveCfg = Debug|Any CPU
		{9E7362F6-25FE-4E06-884D-92AEA9A28D45}.Debug|Mixed Platforms.Build.0 = Debug|Any CPU
		{9E7362F6-25FE-4E06-884D-92AEA9A28D45}.Debug|x86.ActiveCfg = Debug|Any CPU
		{9E7362F6-25FE-4E06-884D-92AEA9A28D45}.Debug|x86.Build.0 = Debug|Any CPU
		{9E7362F6-25FE-4E06-884D-92AEA9A28D45}.Default|Any CPU.ActiveCfg = Debug|Any CPU
		{9E7362F6-25FE-4E06-884D-92AEA9A28D45}.Default|Any CPU.Build.0 = Debug|Any CPU
		{9E7362F6-25FE-4E06-884D-92AEA9A28D45}.Default|Mixed Platforms.ActiveCfg = Debug|Any CPU
		{9E7362F6-25FE-4E06-884D-92AEA9A28D45}.Default|Mixed Platforms.Build.0 = Debug|Any CPU
		{9E7362F6-25FE-4E06-884D-92AEA9A28D45}.Default|x86.ActiveCfg = Debug|Any CPU
		{9E7362F6-25FE-4E06-884D-92AEA9A28D45}.Default|x86.Build.0 = Debug|Any CPU
		{9E7362F6-25FE-4E06-884D-92AEA9A28D45}.Deploy|Any CPU.ActiveCfg = Debug|Any CPU
		{9E7362F6-25FE-4E06-884D-92AEA9A28D45}.Deploy|Any CPU.Build.0 = Debug|Any CPU
		{9E7362F6-25FE-4E06-884D-92AEA9A28D45}.Deploy|Mixed Platforms.ActiveCfg = Debug|Any CPU
		{9E7362F6-25FE-4E06-884D-92AEA9A28D45}.Deploy|Mixed Platforms.Build.0 = Debug|Any CPU
		{9E7362F6-25FE-4E06-884D-92AEA9A28D45}.Deploy|x86.ActiveCfg = Debug|Any CPU
		{9E7362F6-25FE-4E06-884D-92AEA9A28D45}.Deploy|x86.Build.0 = Debug|Any CPU
		{9E7362F6-25FE-4E06-884D-92AEA9A28D45}.MonoTouch|Any CPU.ActiveCfg = Debug|Any CPU
		{9E7362F6-25FE-4E06-884D-92AEA9A28D45}.MonoTouch|Any CPU.Build.0 = Debug|Any CPU
		{9E7362F6-25FE-4E06-884D-92AEA9A28D45}.MonoTouch|Mixed Platforms.ActiveCfg = Debug|Any CPU
		{9E7362F6-25FE-4E06-884D-92AEA9A28D45}.MonoTouch|Mixed Platforms.Build.0 = Debug|Any CPU
		{9E7362F6-25FE-4E06-884D-92AEA9A28D45}.MonoTouch|x86.ActiveCfg = Debug|Any CPU
		{9E7362F6-25FE-4E06-884D-92AEA9A28D45}.MonoTouch|x86.Build.0 = Debug|Any CPU
		{9E7362F6-25FE-4E06-884D-92AEA9A28D45}.Package|Any CPU.ActiveCfg = Debug|Any CPU
		{9E7362F6-25FE-4E06-884D-92AEA9A28D45}.Package|Any CPU.Build.0 = Debug|Any CPU
		{9E7362F6-25FE-4E06-884D-92AEA9A28D45}.Package|Mixed Platforms.ActiveCfg = Debug|Any CPU
		{9E7362F6-25FE-4E06-884D-92AEA9A28D45}.Package|Mixed Platforms.Build.0 = Debug|Any CPU
		{9E7362F6-25FE-4E06-884D-92AEA9A28D45}.Package|x86.ActiveCfg = Debug|Any CPU
		{9E7362F6-25FE-4E06-884D-92AEA9A28D45}.Package|x86.Build.0 = Debug|Any CPU
		{9E7362F6-25FE-4E06-884D-92AEA9A28D45}.Release|Any CPU.ActiveCfg = Release|Any CPU
		{9E7362F6-25FE-4E06-884D-92AEA9A28D45}.Release|Any CPU.Build.0 = Release|Any CPU
		{9E7362F6-25FE-4E06-884D-92AEA9A28D45}.Release|Mixed Platforms.ActiveCfg = Release|Any CPU
		{9E7362F6-25FE-4E06-884D-92AEA9A28D45}.Release|Mixed Platforms.Build.0 = Release|Any CPU
		{9E7362F6-25FE-4E06-884D-92AEA9A28D45}.Release|x86.ActiveCfg = Release|Any CPU
		{9E7362F6-25FE-4E06-884D-92AEA9A28D45}.Release|x86.Build.0 = Release|Any CPU
		{9E7362F6-25FE-4E06-884D-92AEA9A28D45}.STATIC_ONLY NO_EXPRESSIONS|Any CPU.ActiveCfg = Debug|Any CPU
		{9E7362F6-25FE-4E06-884D-92AEA9A28D45}.STATIC_ONLY NO_EXPRESSIONS|Any CPU.Build.0 = Debug|Any CPU
		{9E7362F6-25FE-4E06-884D-92AEA9A28D45}.STATIC_ONLY NO_EXPRESSIONS|Mixed Platforms.ActiveCfg = Debug|Any CPU
		{9E7362F6-25FE-4E06-884D-92AEA9A28D45}.STATIC_ONLY NO_EXPRESSIONS|Mixed Platforms.Build.0 = Debug|Any CPU
		{9E7362F6-25FE-4E06-884D-92AEA9A28D45}.STATIC_ONLY NO_EXPRESSIONS|x86.ActiveCfg = Debug|Any CPU
		{9E7362F6-25FE-4E06-884D-92AEA9A28D45}.STATIC_ONLY NO_EXPRESSIONS|x86.Build.0 = Debug|Any CPU
		{BF9FE592-B675-4097-9F69-B2776FAC347F}.Debug|Any CPU.ActiveCfg = Debug|Any CPU
		{BF9FE592-B675-4097-9F69-B2776FAC347F}.Debug|Any CPU.Build.0 = Debug|Any CPU
		{BF9FE592-B675-4097-9F69-B2776FAC347F}.Debug|Mixed Platforms.ActiveCfg = Debug|Any CPU
		{BF9FE592-B675-4097-9F69-B2776FAC347F}.Debug|Mixed Platforms.Build.0 = Debug|Any CPU
		{BF9FE592-B675-4097-9F69-B2776FAC347F}.Debug|x86.ActiveCfg = Debug|Any CPU
		{BF9FE592-B675-4097-9F69-B2776FAC347F}.Debug|x86.Build.0 = Debug|Any CPU
		{BF9FE592-B675-4097-9F69-B2776FAC347F}.Default|Any CPU.ActiveCfg = Debug|Any CPU
		{BF9FE592-B675-4097-9F69-B2776FAC347F}.Default|Any CPU.Build.0 = Debug|Any CPU
		{BF9FE592-B675-4097-9F69-B2776FAC347F}.Default|Mixed Platforms.ActiveCfg = Debug|Any CPU
		{BF9FE592-B675-4097-9F69-B2776FAC347F}.Default|Mixed Platforms.Build.0 = Debug|Any CPU
		{BF9FE592-B675-4097-9F69-B2776FAC347F}.Default|x86.ActiveCfg = Debug|Any CPU
		{BF9FE592-B675-4097-9F69-B2776FAC347F}.Default|x86.Build.0 = Debug|Any CPU
		{BF9FE592-B675-4097-9F69-B2776FAC347F}.Deploy|Any CPU.ActiveCfg = Debug|Any CPU
		{BF9FE592-B675-4097-9F69-B2776FAC347F}.Deploy|Any CPU.Build.0 = Debug|Any CPU
		{BF9FE592-B675-4097-9F69-B2776FAC347F}.Deploy|Mixed Platforms.ActiveCfg = Debug|Any CPU
		{BF9FE592-B675-4097-9F69-B2776FAC347F}.Deploy|Mixed Platforms.Build.0 = Debug|Any CPU
		{BF9FE592-B675-4097-9F69-B2776FAC347F}.Deploy|x86.ActiveCfg = Debug|Any CPU
		{BF9FE592-B675-4097-9F69-B2776FAC347F}.Deploy|x86.Build.0 = Debug|Any CPU
		{BF9FE592-B675-4097-9F69-B2776FAC347F}.MonoTouch|Any CPU.ActiveCfg = Debug|Any CPU
		{BF9FE592-B675-4097-9F69-B2776FAC347F}.MonoTouch|Any CPU.Build.0 = Debug|Any CPU
		{BF9FE592-B675-4097-9F69-B2776FAC347F}.MonoTouch|Mixed Platforms.ActiveCfg = Debug|Any CPU
		{BF9FE592-B675-4097-9F69-B2776FAC347F}.MonoTouch|Mixed Platforms.Build.0 = Debug|Any CPU
		{BF9FE592-B675-4097-9F69-B2776FAC347F}.MonoTouch|x86.ActiveCfg = Debug|Any CPU
		{BF9FE592-B675-4097-9F69-B2776FAC347F}.MonoTouch|x86.Build.0 = Debug|Any CPU
		{BF9FE592-B675-4097-9F69-B2776FAC347F}.Package|Any CPU.ActiveCfg = Debug|Any CPU
		{BF9FE592-B675-4097-9F69-B2776FAC347F}.Package|Any CPU.Build.0 = Debug|Any CPU
		{BF9FE592-B675-4097-9F69-B2776FAC347F}.Package|Mixed Platforms.ActiveCfg = Debug|Any CPU
		{BF9FE592-B675-4097-9F69-B2776FAC347F}.Package|Mixed Platforms.Build.0 = Debug|Any CPU
		{BF9FE592-B675-4097-9F69-B2776FAC347F}.Package|x86.ActiveCfg = Debug|Any CPU
		{BF9FE592-B675-4097-9F69-B2776FAC347F}.Package|x86.Build.0 = Debug|Any CPU
		{BF9FE592-B675-4097-9F69-B2776FAC347F}.Release|Any CPU.ActiveCfg = Release|Any CPU
		{BF9FE592-B675-4097-9F69-B2776FAC347F}.Release|Any CPU.Build.0 = Release|Any CPU
		{BF9FE592-B675-4097-9F69-B2776FAC347F}.Release|Mixed Platforms.ActiveCfg = Release|Any CPU
		{BF9FE592-B675-4097-9F69-B2776FAC347F}.Release|Mixed Platforms.Build.0 = Release|Any CPU
		{BF9FE592-B675-4097-9F69-B2776FAC347F}.Release|x86.ActiveCfg = Release|Any CPU
		{BF9FE592-B675-4097-9F69-B2776FAC347F}.Release|x86.Build.0 = Release|Any CPU
		{BF9FE592-B675-4097-9F69-B2776FAC347F}.STATIC_ONLY NO_EXPRESSIONS|Any CPU.ActiveCfg = Debug|Any CPU
		{BF9FE592-B675-4097-9F69-B2776FAC347F}.STATIC_ONLY NO_EXPRESSIONS|Any CPU.Build.0 = Debug|Any CPU
		{BF9FE592-B675-4097-9F69-B2776FAC347F}.STATIC_ONLY NO_EXPRESSIONS|Mixed Platforms.ActiveCfg = Debug|Any CPU
		{BF9FE592-B675-4097-9F69-B2776FAC347F}.STATIC_ONLY NO_EXPRESSIONS|Mixed Platforms.Build.0 = Debug|Any CPU
		{BF9FE592-B675-4097-9F69-B2776FAC347F}.STATIC_ONLY NO_EXPRESSIONS|x86.ActiveCfg = Debug|Any CPU
		{BF9FE592-B675-4097-9F69-B2776FAC347F}.STATIC_ONLY NO_EXPRESSIONS|x86.Build.0 = Debug|Any CPU
		{CA7533A4-1DD4-46F3-9CA8-918992081248}.Debug|Any CPU.ActiveCfg = Debug|Any CPU
		{CA7533A4-1DD4-46F3-9CA8-918992081248}.Debug|Any CPU.Build.0 = Debug|Any CPU
		{CA7533A4-1DD4-46F3-9CA8-918992081248}.Debug|Mixed Platforms.ActiveCfg = Debug|Any CPU
		{CA7533A4-1DD4-46F3-9CA8-918992081248}.Debug|Mixed Platforms.Build.0 = Debug|Any CPU
		{CA7533A4-1DD4-46F3-9CA8-918992081248}.Debug|x86.ActiveCfg = Debug|Any CPU
		{CA7533A4-1DD4-46F3-9CA8-918992081248}.Debug|x86.Build.0 = Debug|Any CPU
		{CA7533A4-1DD4-46F3-9CA8-918992081248}.Default|Any CPU.ActiveCfg = Debug|Any CPU
		{CA7533A4-1DD4-46F3-9CA8-918992081248}.Default|Any CPU.Build.0 = Debug|Any CPU
		{CA7533A4-1DD4-46F3-9CA8-918992081248}.Default|Mixed Platforms.ActiveCfg = Debug|Any CPU
		{CA7533A4-1DD4-46F3-9CA8-918992081248}.Default|Mixed Platforms.Build.0 = Debug|Any CPU
		{CA7533A4-1DD4-46F3-9CA8-918992081248}.Default|x86.ActiveCfg = Debug|Any CPU
		{CA7533A4-1DD4-46F3-9CA8-918992081248}.Default|x86.Build.0 = Debug|Any CPU
		{CA7533A4-1DD4-46F3-9CA8-918992081248}.Deploy|Any CPU.ActiveCfg = Debug|Any CPU
		{CA7533A4-1DD4-46F3-9CA8-918992081248}.Deploy|Any CPU.Build.0 = Debug|Any CPU
		{CA7533A4-1DD4-46F3-9CA8-918992081248}.Deploy|Mixed Platforms.ActiveCfg = Debug|Any CPU
		{CA7533A4-1DD4-46F3-9CA8-918992081248}.Deploy|Mixed Platforms.Build.0 = Debug|Any CPU
		{CA7533A4-1DD4-46F3-9CA8-918992081248}.Deploy|x86.ActiveCfg = Debug|Any CPU
		{CA7533A4-1DD4-46F3-9CA8-918992081248}.Deploy|x86.Build.0 = Debug|Any CPU
		{CA7533A4-1DD4-46F3-9CA8-918992081248}.MonoTouch|Any CPU.ActiveCfg = Release|Any CPU
		{CA7533A4-1DD4-46F3-9CA8-918992081248}.MonoTouch|Any CPU.Build.0 = Release|Any CPU
		{CA7533A4-1DD4-46F3-9CA8-918992081248}.MonoTouch|Mixed Platforms.ActiveCfg = Release|Any CPU
		{CA7533A4-1DD4-46F3-9CA8-918992081248}.MonoTouch|Mixed Platforms.Build.0 = Release|Any CPU
		{CA7533A4-1DD4-46F3-9CA8-918992081248}.MonoTouch|x86.ActiveCfg = Release|Any CPU
		{CA7533A4-1DD4-46F3-9CA8-918992081248}.MonoTouch|x86.Build.0 = Release|Any CPU
		{CA7533A4-1DD4-46F3-9CA8-918992081248}.Package|Any CPU.ActiveCfg = Release|Any CPU
		{CA7533A4-1DD4-46F3-9CA8-918992081248}.Package|Any CPU.Build.0 = Release|Any CPU
		{CA7533A4-1DD4-46F3-9CA8-918992081248}.Package|Mixed Platforms.ActiveCfg = Release|Any CPU
		{CA7533A4-1DD4-46F3-9CA8-918992081248}.Package|Mixed Platforms.Build.0 = Release|Any CPU
		{CA7533A4-1DD4-46F3-9CA8-918992081248}.Package|x86.ActiveCfg = Release|Any CPU
		{CA7533A4-1DD4-46F3-9CA8-918992081248}.Package|x86.Build.0 = Release|Any CPU
		{CA7533A4-1DD4-46F3-9CA8-918992081248}.Release|Any CPU.ActiveCfg = Release|Any CPU
		{CA7533A4-1DD4-46F3-9CA8-918992081248}.Release|Any CPU.Build.0 = Release|Any CPU
		{CA7533A4-1DD4-46F3-9CA8-918992081248}.Release|Mixed Platforms.ActiveCfg = Release|Any CPU
		{CA7533A4-1DD4-46F3-9CA8-918992081248}.Release|Mixed Platforms.Build.0 = Release|Any CPU
		{CA7533A4-1DD4-46F3-9CA8-918992081248}.Release|x86.ActiveCfg = Release|Any CPU
		{CA7533A4-1DD4-46F3-9CA8-918992081248}.Release|x86.Build.0 = Release|Any CPU
		{CA7533A4-1DD4-46F3-9CA8-918992081248}.STATIC_ONLY NO_EXPRESSIONS|Any CPU.ActiveCfg = Release|Any CPU
		{CA7533A4-1DD4-46F3-9CA8-918992081248}.STATIC_ONLY NO_EXPRESSIONS|Any CPU.Build.0 = Release|Any CPU
		{CA7533A4-1DD4-46F3-9CA8-918992081248}.STATIC_ONLY NO_EXPRESSIONS|Mixed Platforms.ActiveCfg = Release|Any CPU
		{CA7533A4-1DD4-46F3-9CA8-918992081248}.STATIC_ONLY NO_EXPRESSIONS|Mixed Platforms.Build.0 = Release|Any CPU
		{CA7533A4-1DD4-46F3-9CA8-918992081248}.STATIC_ONLY NO_EXPRESSIONS|x86.ActiveCfg = Release|Any CPU
		{CA7533A4-1DD4-46F3-9CA8-918992081248}.STATIC_ONLY NO_EXPRESSIONS|x86.Build.0 = Release|Any CPU
		{7092FEFB-A69A-4F4F-B856-DFCA83B6CD0C}.Debug|Any CPU.ActiveCfg = Debug|Any CPU
		{7092FEFB-A69A-4F4F-B856-DFCA83B6CD0C}.Debug|Any CPU.Build.0 = Debug|Any CPU
		{7092FEFB-A69A-4F4F-B856-DFCA83B6CD0C}.Debug|Mixed Platforms.ActiveCfg = Debug|Any CPU
		{7092FEFB-A69A-4F4F-B856-DFCA83B6CD0C}.Debug|Mixed Platforms.Build.0 = Debug|Any CPU
		{7092FEFB-A69A-4F4F-B856-DFCA83B6CD0C}.Debug|x86.ActiveCfg = Debug|Any CPU
		{7092FEFB-A69A-4F4F-B856-DFCA83B6CD0C}.Debug|x86.Build.0 = Debug|Any CPU
		{7092FEFB-A69A-4F4F-B856-DFCA83B6CD0C}.Default|Any CPU.ActiveCfg = Debug|Any CPU
		{7092FEFB-A69A-4F4F-B856-DFCA83B6CD0C}.Default|Any CPU.Build.0 = Debug|Any CPU
		{7092FEFB-A69A-4F4F-B856-DFCA83B6CD0C}.Default|Mixed Platforms.ActiveCfg = Debug|Any CPU
		{7092FEFB-A69A-4F4F-B856-DFCA83B6CD0C}.Default|Mixed Platforms.Build.0 = Debug|Any CPU
		{7092FEFB-A69A-4F4F-B856-DFCA83B6CD0C}.Default|x86.ActiveCfg = Debug|Any CPU
		{7092FEFB-A69A-4F4F-B856-DFCA83B6CD0C}.Default|x86.Build.0 = Debug|Any CPU
		{7092FEFB-A69A-4F4F-B856-DFCA83B6CD0C}.Deploy|Any CPU.ActiveCfg = Debug|Any CPU
		{7092FEFB-A69A-4F4F-B856-DFCA83B6CD0C}.Deploy|Any CPU.Build.0 = Debug|Any CPU
		{7092FEFB-A69A-4F4F-B856-DFCA83B6CD0C}.Deploy|Mixed Platforms.ActiveCfg = Debug|Any CPU
		{7092FEFB-A69A-4F4F-B856-DFCA83B6CD0C}.Deploy|Mixed Platforms.Build.0 = Debug|Any CPU
		{7092FEFB-A69A-4F4F-B856-DFCA83B6CD0C}.Deploy|x86.ActiveCfg = Debug|Any CPU
		{7092FEFB-A69A-4F4F-B856-DFCA83B6CD0C}.Deploy|x86.Build.0 = Debug|Any CPU
		{7092FEFB-A69A-4F4F-B856-DFCA83B6CD0C}.MonoTouch|Any CPU.ActiveCfg = Release|Any CPU
		{7092FEFB-A69A-4F4F-B856-DFCA83B6CD0C}.MonoTouch|Any CPU.Build.0 = Release|Any CPU
		{7092FEFB-A69A-4F4F-B856-DFCA83B6CD0C}.MonoTouch|Mixed Platforms.ActiveCfg = Release|Any CPU
		{7092FEFB-A69A-4F4F-B856-DFCA83B6CD0C}.MonoTouch|Mixed Platforms.Build.0 = Release|Any CPU
		{7092FEFB-A69A-4F4F-B856-DFCA83B6CD0C}.MonoTouch|x86.ActiveCfg = Release|Any CPU
		{7092FEFB-A69A-4F4F-B856-DFCA83B6CD0C}.MonoTouch|x86.Build.0 = Release|Any CPU
		{7092FEFB-A69A-4F4F-B856-DFCA83B6CD0C}.Package|Any CPU.ActiveCfg = Release|Any CPU
		{7092FEFB-A69A-4F4F-B856-DFCA83B6CD0C}.Package|Any CPU.Build.0 = Release|Any CPU
		{7092FEFB-A69A-4F4F-B856-DFCA83B6CD0C}.Package|Mixed Platforms.ActiveCfg = Release|Any CPU
		{7092FEFB-A69A-4F4F-B856-DFCA83B6CD0C}.Package|Mixed Platforms.Build.0 = Release|Any CPU
		{7092FEFB-A69A-4F4F-B856-DFCA83B6CD0C}.Package|x86.ActiveCfg = Release|Any CPU
		{7092FEFB-A69A-4F4F-B856-DFCA83B6CD0C}.Package|x86.Build.0 = Release|Any CPU
		{7092FEFB-A69A-4F4F-B856-DFCA83B6CD0C}.Release|Any CPU.ActiveCfg = Release|Any CPU
		{7092FEFB-A69A-4F4F-B856-DFCA83B6CD0C}.Release|Any CPU.Build.0 = Release|Any CPU
		{7092FEFB-A69A-4F4F-B856-DFCA83B6CD0C}.Release|Mixed Platforms.ActiveCfg = Release|Any CPU
		{7092FEFB-A69A-4F4F-B856-DFCA83B6CD0C}.Release|Mixed Platforms.Build.0 = Release|Any CPU
		{7092FEFB-A69A-4F4F-B856-DFCA83B6CD0C}.Release|x86.ActiveCfg = Release|Any CPU
		{7092FEFB-A69A-4F4F-B856-DFCA83B6CD0C}.Release|x86.Build.0 = Release|Any CPU
		{7092FEFB-A69A-4F4F-B856-DFCA83B6CD0C}.STATIC_ONLY NO_EXPRESSIONS|Any CPU.ActiveCfg = Release|Any CPU
		{7092FEFB-A69A-4F4F-B856-DFCA83B6CD0C}.STATIC_ONLY NO_EXPRESSIONS|Any CPU.Build.0 = Release|Any CPU
		{7092FEFB-A69A-4F4F-B856-DFCA83B6CD0C}.STATIC_ONLY NO_EXPRESSIONS|Mixed Platforms.ActiveCfg = Release|Any CPU
		{7092FEFB-A69A-4F4F-B856-DFCA83B6CD0C}.STATIC_ONLY NO_EXPRESSIONS|Mixed Platforms.Build.0 = Release|Any CPU
		{7092FEFB-A69A-4F4F-B856-DFCA83B6CD0C}.STATIC_ONLY NO_EXPRESSIONS|x86.ActiveCfg = Release|Any CPU
		{7092FEFB-A69A-4F4F-B856-DFCA83B6CD0C}.STATIC_ONLY NO_EXPRESSIONS|x86.Build.0 = Release|Any CPU
		{35D4C8BF-4ACC-4CDF-B239-8766E69BCDA5}.Debug|Any CPU.ActiveCfg = Debug|Any CPU
		{35D4C8BF-4ACC-4CDF-B239-8766E69BCDA5}.Debug|Any CPU.Build.0 = Debug|Any CPU
		{35D4C8BF-4ACC-4CDF-B239-8766E69BCDA5}.Debug|Mixed Platforms.ActiveCfg = Debug|Any CPU
		{35D4C8BF-4ACC-4CDF-B239-8766E69BCDA5}.Debug|Mixed Platforms.Build.0 = Debug|Any CPU
		{35D4C8BF-4ACC-4CDF-B239-8766E69BCDA5}.Debug|x86.ActiveCfg = Debug|Any CPU
		{35D4C8BF-4ACC-4CDF-B239-8766E69BCDA5}.Debug|x86.Build.0 = Debug|Any CPU
		{35D4C8BF-4ACC-4CDF-B239-8766E69BCDA5}.Default|Any CPU.ActiveCfg = Debug|Any CPU
		{35D4C8BF-4ACC-4CDF-B239-8766E69BCDA5}.Default|Any CPU.Build.0 = Debug|Any CPU
		{35D4C8BF-4ACC-4CDF-B239-8766E69BCDA5}.Default|Mixed Platforms.ActiveCfg = Debug|Any CPU
		{35D4C8BF-4ACC-4CDF-B239-8766E69BCDA5}.Default|Mixed Platforms.Build.0 = Debug|Any CPU
		{35D4C8BF-4ACC-4CDF-B239-8766E69BCDA5}.Default|x86.ActiveCfg = Debug|Any CPU
		{35D4C8BF-4ACC-4CDF-B239-8766E69BCDA5}.Default|x86.Build.0 = Debug|Any CPU
		{35D4C8BF-4ACC-4CDF-B239-8766E69BCDA5}.Deploy|Any CPU.ActiveCfg = Debug|Any CPU
		{35D4C8BF-4ACC-4CDF-B239-8766E69BCDA5}.Deploy|Any CPU.Build.0 = Debug|Any CPU
		{35D4C8BF-4ACC-4CDF-B239-8766E69BCDA5}.Deploy|Mixed Platforms.ActiveCfg = Debug|Any CPU
		{35D4C8BF-4ACC-4CDF-B239-8766E69BCDA5}.Deploy|Mixed Platforms.Build.0 = Debug|Any CPU
		{35D4C8BF-4ACC-4CDF-B239-8766E69BCDA5}.Deploy|x86.ActiveCfg = Debug|Any CPU
		{35D4C8BF-4ACC-4CDF-B239-8766E69BCDA5}.Deploy|x86.Build.0 = Debug|Any CPU
		{35D4C8BF-4ACC-4CDF-B239-8766E69BCDA5}.MonoTouch|Any CPU.ActiveCfg = Release|Any CPU
		{35D4C8BF-4ACC-4CDF-B239-8766E69BCDA5}.MonoTouch|Any CPU.Build.0 = Release|Any CPU
		{35D4C8BF-4ACC-4CDF-B239-8766E69BCDA5}.MonoTouch|Mixed Platforms.ActiveCfg = Release|Any CPU
		{35D4C8BF-4ACC-4CDF-B239-8766E69BCDA5}.MonoTouch|Mixed Platforms.Build.0 = Release|Any CPU
		{35D4C8BF-4ACC-4CDF-B239-8766E69BCDA5}.MonoTouch|x86.ActiveCfg = Release|Any CPU
		{35D4C8BF-4ACC-4CDF-B239-8766E69BCDA5}.MonoTouch|x86.Build.0 = Release|Any CPU
		{35D4C8BF-4ACC-4CDF-B239-8766E69BCDA5}.Package|Any CPU.ActiveCfg = Release|Any CPU
		{35D4C8BF-4ACC-4CDF-B239-8766E69BCDA5}.Package|Any CPU.Build.0 = Release|Any CPU
		{35D4C8BF-4ACC-4CDF-B239-8766E69BCDA5}.Package|Mixed Platforms.ActiveCfg = Release|Any CPU
		{35D4C8BF-4ACC-4CDF-B239-8766E69BCDA5}.Package|Mixed Platforms.Build.0 = Release|Any CPU
		{35D4C8BF-4ACC-4CDF-B239-8766E69BCDA5}.Package|x86.ActiveCfg = Release|Any CPU
		{35D4C8BF-4ACC-4CDF-B239-8766E69BCDA5}.Package|x86.Build.0 = Release|Any CPU
		{35D4C8BF-4ACC-4CDF-B239-8766E69BCDA5}.Release|Any CPU.ActiveCfg = Release|Any CPU
		{35D4C8BF-4ACC-4CDF-B239-8766E69BCDA5}.Release|Any CPU.Build.0 = Release|Any CPU
		{35D4C8BF-4ACC-4CDF-B239-8766E69BCDA5}.Release|Mixed Platforms.ActiveCfg = Release|Any CPU
		{35D4C8BF-4ACC-4CDF-B239-8766E69BCDA5}.Release|Mixed Platforms.Build.0 = Release|Any CPU
		{35D4C8BF-4ACC-4CDF-B239-8766E69BCDA5}.Release|x86.ActiveCfg = Release|Any CPU
		{35D4C8BF-4ACC-4CDF-B239-8766E69BCDA5}.Release|x86.Build.0 = Release|Any CPU
		{35D4C8BF-4ACC-4CDF-B239-8766E69BCDA5}.STATIC_ONLY NO_EXPRESSIONS|Any CPU.ActiveCfg = Release|Any CPU
		{35D4C8BF-4ACC-4CDF-B239-8766E69BCDA5}.STATIC_ONLY NO_EXPRESSIONS|Any CPU.Build.0 = Release|Any CPU
		{35D4C8BF-4ACC-4CDF-B239-8766E69BCDA5}.STATIC_ONLY NO_EXPRESSIONS|Mixed Platforms.ActiveCfg = Release|Any CPU
		{35D4C8BF-4ACC-4CDF-B239-8766E69BCDA5}.STATIC_ONLY NO_EXPRESSIONS|Mixed Platforms.Build.0 = Release|Any CPU
		{35D4C8BF-4ACC-4CDF-B239-8766E69BCDA5}.STATIC_ONLY NO_EXPRESSIONS|x86.ActiveCfg = Release|Any CPU
		{35D4C8BF-4ACC-4CDF-B239-8766E69BCDA5}.STATIC_ONLY NO_EXPRESSIONS|x86.Build.0 = Release|Any CPU
		{5532392F-3038-428E-BE72-AB78A21BA84F}.Debug|Any CPU.ActiveCfg = Debug|Any CPU
		{5532392F-3038-428E-BE72-AB78A21BA84F}.Debug|Any CPU.Build.0 = Debug|Any CPU
		{5532392F-3038-428E-BE72-AB78A21BA84F}.Debug|Mixed Platforms.ActiveCfg = Debug|Any CPU
		{5532392F-3038-428E-BE72-AB78A21BA84F}.Debug|Mixed Platforms.Build.0 = Debug|Any CPU
		{5532392F-3038-428E-BE72-AB78A21BA84F}.Debug|x86.ActiveCfg = Debug|Any CPU
		{5532392F-3038-428E-BE72-AB78A21BA84F}.Debug|x86.Build.0 = Debug|Any CPU
		{5532392F-3038-428E-BE72-AB78A21BA84F}.Default|Any CPU.ActiveCfg = Debug|Any CPU
		{5532392F-3038-428E-BE72-AB78A21BA84F}.Default|Any CPU.Build.0 = Debug|Any CPU
		{5532392F-3038-428E-BE72-AB78A21BA84F}.Default|Mixed Platforms.ActiveCfg = Debug|Any CPU
		{5532392F-3038-428E-BE72-AB78A21BA84F}.Default|Mixed Platforms.Build.0 = Debug|Any CPU
		{5532392F-3038-428E-BE72-AB78A21BA84F}.Default|x86.ActiveCfg = Debug|Any CPU
		{5532392F-3038-428E-BE72-AB78A21BA84F}.Default|x86.Build.0 = Debug|Any CPU
		{5532392F-3038-428E-BE72-AB78A21BA84F}.Deploy|Any CPU.ActiveCfg = Debug|Any CPU
		{5532392F-3038-428E-BE72-AB78A21BA84F}.Deploy|Any CPU.Build.0 = Debug|Any CPU
		{5532392F-3038-428E-BE72-AB78A21BA84F}.Deploy|Mixed Platforms.ActiveCfg = Debug|Any CPU
		{5532392F-3038-428E-BE72-AB78A21BA84F}.Deploy|Mixed Platforms.Build.0 = Debug|Any CPU
		{5532392F-3038-428E-BE72-AB78A21BA84F}.Deploy|x86.ActiveCfg = Debug|Any CPU
		{5532392F-3038-428E-BE72-AB78A21BA84F}.Deploy|x86.Build.0 = Debug|Any CPU
		{5532392F-3038-428E-BE72-AB78A21BA84F}.MonoTouch|Any CPU.ActiveCfg = Debug|Any CPU
		{5532392F-3038-428E-BE72-AB78A21BA84F}.MonoTouch|Any CPU.Build.0 = Debug|Any CPU
		{5532392F-3038-428E-BE72-AB78A21BA84F}.MonoTouch|Mixed Platforms.ActiveCfg = Debug|Any CPU
		{5532392F-3038-428E-BE72-AB78A21BA84F}.MonoTouch|Mixed Platforms.Build.0 = Debug|Any CPU
		{5532392F-3038-428E-BE72-AB78A21BA84F}.MonoTouch|x86.ActiveCfg = Debug|Any CPU
		{5532392F-3038-428E-BE72-AB78A21BA84F}.MonoTouch|x86.Build.0 = Debug|Any CPU
		{5532392F-3038-428E-BE72-AB78A21BA84F}.Package|Any CPU.ActiveCfg = Debug|Any CPU
		{5532392F-3038-428E-BE72-AB78A21BA84F}.Package|Any CPU.Build.0 = Debug|Any CPU
		{5532392F-3038-428E-BE72-AB78A21BA84F}.Package|Mixed Platforms.ActiveCfg = Debug|Any CPU
		{5532392F-3038-428E-BE72-AB78A21BA84F}.Package|Mixed Platforms.Build.0 = Debug|Any CPU
		{5532392F-3038-428E-BE72-AB78A21BA84F}.Package|x86.ActiveCfg = Debug|Any CPU
		{5532392F-3038-428E-BE72-AB78A21BA84F}.Package|x86.Build.0 = Debug|Any CPU
		{5532392F-3038-428E-BE72-AB78A21BA84F}.Release|Any CPU.ActiveCfg = Release|Any CPU
		{5532392F-3038-428E-BE72-AB78A21BA84F}.Release|Any CPU.Build.0 = Release|Any CPU
		{5532392F-3038-428E-BE72-AB78A21BA84F}.Release|Mixed Platforms.ActiveCfg = Release|Any CPU
		{5532392F-3038-428E-BE72-AB78A21BA84F}.Release|Mixed Platforms.Build.0 = Release|Any CPU
		{5532392F-3038-428E-BE72-AB78A21BA84F}.Release|x86.ActiveCfg = Release|Any CPU
		{5532392F-3038-428E-BE72-AB78A21BA84F}.Release|x86.Build.0 = Release|Any CPU
		{5532392F-3038-428E-BE72-AB78A21BA84F}.STATIC_ONLY NO_EXPRESSIONS|Any CPU.ActiveCfg = Debug|Any CPU
		{5532392F-3038-428E-BE72-AB78A21BA84F}.STATIC_ONLY NO_EXPRESSIONS|Any CPU.Build.0 = Debug|Any CPU
		{5532392F-3038-428E-BE72-AB78A21BA84F}.STATIC_ONLY NO_EXPRESSIONS|Mixed Platforms.ActiveCfg = Debug|Any CPU
		{5532392F-3038-428E-BE72-AB78A21BA84F}.STATIC_ONLY NO_EXPRESSIONS|Mixed Platforms.Build.0 = Debug|Any CPU
		{5532392F-3038-428E-BE72-AB78A21BA84F}.STATIC_ONLY NO_EXPRESSIONS|x86.ActiveCfg = Debug|Any CPU
		{5532392F-3038-428E-BE72-AB78A21BA84F}.STATIC_ONLY NO_EXPRESSIONS|x86.Build.0 = Debug|Any CPU
	EndGlobalSection
	GlobalSection(SolutionProperties) = preSolution
		HideSolutionNode = FALSE
	EndGlobalSection
	GlobalSection(NestedProjects) = preSolution
		{900B3FCF-BD78-4718-A34D-2662576565C8} = {BDA94567-4516-4110-9743-085C36B24E35}
		{A61BA819-987E-4F04-B4D8-0960363558C5} = {CFC7B19E-F7F2-41F1-B709-5C1D72A9BAD0}
		{815938D4-C2D4-44BE-B801-EF4A7299F578} = {A61BA819-987E-4F04-B4D8-0960363558C5}
		{C9CC269F-1DC1-4189-9116-12EB6A726F0B} = {CFC7B19E-F7F2-41F1-B709-5C1D72A9BAD0}
		{96679079-EF3C-4A46-951F-610CCBC8B171} = {C9CC269F-1DC1-4189-9116-12EB6A726F0B}
		{608AA545-2E5F-48FF-8A75-6065E38FCC5E} = {C9CC269F-1DC1-4189-9116-12EB6A726F0B}
		{6EB09B50-3A72-4B8D-ABF7-1C4EA21C97B4} = {C9CC269F-1DC1-4189-9116-12EB6A726F0B}
		{9E7362F6-25FE-4E06-884D-92AEA9A28D45} = {C9CC269F-1DC1-4189-9116-12EB6A726F0B}
		{BF9FE592-B675-4097-9F69-B2776FAC347F} = {C9CC269F-1DC1-4189-9116-12EB6A726F0B}
		{CA7533A4-1DD4-46F3-9CA8-918992081248} = {A61BA819-987E-4F04-B4D8-0960363558C5}
		{7092FEFB-A69A-4F4F-B856-DFCA83B6CD0C} = {A61BA819-987E-4F04-B4D8-0960363558C5}
		{35D4C8BF-4ACC-4CDF-B239-8766E69BCDA5} = {A61BA819-987E-4F04-B4D8-0960363558C5}
		{5532392F-3038-428E-BE72-AB78A21BA84F} = {A61BA819-987E-4F04-B4D8-0960363558C5}
	EndGlobalSection
	GlobalSection(ExtensibilityGlobals) = postSolution
		SolutionGuid = {054A8305-B197-4A6B-9218-29A2456037AB}
	EndGlobalSection
	GlobalSection(MonoDevelopProperties) = preSolution
		StartupItem = ServiceStack.OrmLite.Sqlite\ServiceStack.OrmLite.Sqlite.csproj
	EndGlobalSection
EndGlobal
