
Microsoft Visual Studio Solution File, Format Version 12.00
# Visual Studio 2012
Project("{2150E333-8FDC-42A3-9474-1A3956D46DE8}") = "Third-Party Libs", "Third-Party Libs", "{CFC7B19E-F7F2-41F1-B709-5C1D72A9BAD0}"
EndProject
Project("{2150E333-8FDC-42A3-9474-1A3956D46DE8}") = ".nuget", ".nuget", "{CD7B910C-7C51-4B36-89BC-3B15F5B35F7E}"
	ProjectSection(SolutionItems) = preProject
		.nuget\NuGet.Config = .nuget\NuGet.Config
		.nuget\NuGet.exe = .nuget\NuGet.exe
		.nuget\NuGet.targets = .nuget\NuGet.targets
	EndProjectSection
EndProject
Project("{FAE04EC0-301F-11D3-BF4B-00C04F79EFBC}") = "YAF.Classes.Config", "YAF.Classes\YAF.Classes.Config\YAF.Classes.Config.csproj", "{05E50D2F-9527-4CE8-A0F8-168281C426CB}"
EndProject
Project("{FAE04EC0-301F-11D3-BF4B-00C04F79EFBC}") = "YAF.Classes.Data", "YAF.Classes\YAF.Classes.Data\YAF.Classes.Data.csproj", "{9A454596-56DC-4834-A043-F3C1443F859B}"
EndProject
Project("{FAE04EC0-301F-11D3-BF4B-00C04F79EFBC}") = "YAF.Providers", "YAF.Providers\YAF.Providers.csproj", "{95A44CD9-4399-4DB9-823F-1A264083A390}"
EndProject
Project("{FAE04EC0-301F-11D3-BF4B-00C04F79EFBC}") = "Intelligencia.UrlRewriter", "URLRewriter.NET\Intelligencia.UrlRewriter.csproj", "{F8516C67-92BE-43FF-A8A9-B71A3EA4BE0D}"
EndProject
Project("{FAE04EC0-301F-11D3-BF4B-00C04F79EFBC}") = "YAF.Controls", "YAF.Controls\YAF.Controls.csproj", "{C72A5FC8-4B1C-4A24-A306-FB550729DBF0}"
EndProject
Project("{FAE04EC0-301F-11D3-BF4B-00C04F79EFBC}") = "YAF", "YetAnotherForum.NET\YAF.csproj", "{555357E5-A150-4C4D-BC81-97F4AE19086A}"
	ProjectSection(ProjectDependencies) = postProject
		{900B3FCF-BD78-4718-A34D-2662576565C8} = {900B3FCF-BD78-4718-A34D-2662576565C8}
	EndProjectSection
EndProject
Project("{FAE04EC0-301F-11D3-BF4B-00C04F79EFBC}") = "YAF.Core", "YAF.Core\YAF.Core.csproj", "{BCEFE9BE-7417-47FB-A0E8-75E0201E88E8}"
EndProject
Project("{FAE04EC0-301F-11D3-BF4B-00C04F79EFBC}") = "YAF.Types", "YAF.Types\YAF.Types.csproj", "{B9CF38B0-39CF-43C7-9589-166DCC665652}"
EndProject
Project("{FAE04EC0-301F-11D3-BF4B-00C04F79EFBC}") = "YAF.Utils", "YAF.Utils\YAF.Utils.csproj", "{F80E0025-E57E-4BB5-89F2-CFBCAC1AFCF4}"
EndProject
Project("{2150E333-8FDC-42A3-9474-1A3956D46DE8}") = "YAF.Data", "YAF.Data", "{BDA94567-4516-4110-9743-085C36B24E35}"
EndProject
Project("{FAE04EC0-301F-11D3-BF4B-00C04F79EFBC}") = "YAF.Data.MsSql", "YAF.Data.MsSql\YAF.Data.MsSql.csproj", "{900B3FCF-BD78-4718-A34D-2662576565C8}"
EndProject
Project("{FAE04EC0-301F-11D3-BF4B-00C04F79EFBC}") = "ServiceStack.OrmLite", "ServiceStack.OrmLite\src\ServiceStack.OrmLite\ServiceStack.OrmLite.csproj", "{96179AC6-F6F1-40C3-9FDD-4F6582F54C5C}"
EndProject
Project("{FAE04EC0-301F-11D3-BF4B-00C04F79EFBC}") = "ServiceStack.OrmLite.SqlServer", "ServiceStack.OrmLite\src\ServiceStack.OrmLite.SqlServer\ServiceStack.OrmLite.SqlServer.csproj", "{1887DC99-9139-43E3-A7AA-6D74714B3A5D}"
EndProject
Project("{2150E333-8FDC-42A3-9474-1A3956D46DE8}") = "OrmLite", "OrmLite", "{1ECD5170-F9EA-43B7-956E-3CD3E6667784}"
EndProject
Project("{FAE04EC0-301F-11D3-BF4B-00C04F79EFBC}") = "ServiceStack.Interfaces", "ServiceStack.OrmLite\src\ServiceStack.Interfaces\ServiceStack.Interfaces.csproj", "{42E1C8C0-A163-44CC-92B1-8F416F2C0B01}"
EndProject
Project("{FAE04EC0-301F-11D3-BF4B-00C04F79EFBC}") = "ServiceStack.Common", "ServiceStack.OrmLite\src\ServiceStack.Common\ServiceStack.Common.csproj", "{982416DB-C143-4028-A0C3-CF41892D18D3}"
EndProject
Project("{FAE04EC0-301F-11D3-BF4B-00C04F79EFBC}") = "ServiceStack.Text", "ServiceStack.OrmLite\src\ServiceStack.Text\ServiceStack.Text.csproj", "{579B3FDB-CDAD-44E1-8417-885C38E49A0E}"
EndProject
Project("{2150E333-8FDC-42A3-9474-1A3956D46DE8}") = "Extras", "Extras", "{4BD8C8F0-9038-494A-AB76-98650FE31B0F}"
	ProjectSection(SolutionItems) = preProject
		build.bat = build.bat
		BuildPackages.bat = BuildPackages.bat
		..\README.md = ..\README.md
	EndProjectSection
EndProject
Global
	GlobalSection(SolutionConfigurationPlatforms) = preSolution
		Debug|Any CPU = Debug|Any CPU
		Debug|Mixed Platforms = Debug|Mixed Platforms
		Debug|x86 = Debug|x86
		Default|Any CPU = Default|Any CPU
		Default|Mixed Platforms = Default|Mixed Platforms
		Default|x86 = Default|x86
		Deploy|Any CPU = Deploy|Any CPU
		Deploy|Mixed Platforms = Deploy|Mixed Platforms
		Deploy|x86 = Deploy|x86
		MonoTouch|Any CPU = MonoTouch|Any CPU
		MonoTouch|Mixed Platforms = MonoTouch|Mixed Platforms
		MonoTouch|x86 = MonoTouch|x86
		Release|Any CPU = Release|Any CPU
		Release|Mixed Platforms = Release|Mixed Platforms
		Release|x86 = Release|x86
		STATIC_ONLY NO_EXPRESSIONS|Any CPU = STATIC_ONLY NO_EXPRESSIONS|Any CPU
		STATIC_ONLY NO_EXPRESSIONS|Mixed Platforms = STATIC_ONLY NO_EXPRESSIONS|Mixed Platforms
		STATIC_ONLY NO_EXPRESSIONS|x86 = STATIC_ONLY NO_EXPRESSIONS|x86
	EndGlobalSection
	GlobalSection(ProjectConfigurationPlatforms) = postSolution
		{05E50D2F-9527-4CE8-A0F8-168281C426CB}.Debug|Any CPU.ActiveCfg = Debug|Any CPU
		{05E50D2F-9527-4CE8-A0F8-168281C426CB}.Debug|Any CPU.Build.0 = Debug|Any CPU
		{05E50D2F-9527-4CE8-A0F8-168281C426CB}.Debug|Mixed Platforms.ActiveCfg = Debug|Any CPU
		{05E50D2F-9527-4CE8-A0F8-168281C426CB}.Debug|Mixed Platforms.Build.0 = Debug|Any CPU
		{05E50D2F-9527-4CE8-A0F8-168281C426CB}.Debug|x86.ActiveCfg = Debug|Any CPU
		{05E50D2F-9527-4CE8-A0F8-168281C426CB}.Default|Any CPU.ActiveCfg = Debug|Any CPU
		{05E50D2F-9527-4CE8-A0F8-168281C426CB}.Default|Any CPU.Build.0 = Debug|Any CPU
		{05E50D2F-9527-4CE8-A0F8-168281C426CB}.Default|Mixed Platforms.ActiveCfg = Debug|Any CPU
		{05E50D2F-9527-4CE8-A0F8-168281C426CB}.Default|Mixed Platforms.Build.0 = Debug|Any CPU
		{05E50D2F-9527-4CE8-A0F8-168281C426CB}.Default|x86.ActiveCfg = Debug|Any CPU
		{05E50D2F-9527-4CE8-A0F8-168281C426CB}.Deploy|Any CPU.ActiveCfg = Debug|Any CPU
		{05E50D2F-9527-4CE8-A0F8-168281C426CB}.Deploy|Any CPU.Build.0 = Debug|Any CPU
		{05E50D2F-9527-4CE8-A0F8-168281C426CB}.Deploy|Mixed Platforms.ActiveCfg = Release|Any CPU
		{05E50D2F-9527-4CE8-A0F8-168281C426CB}.Deploy|Mixed Platforms.Build.0 = Release|Any CPU
		{05E50D2F-9527-4CE8-A0F8-168281C426CB}.Deploy|x86.ActiveCfg = Debug|Any CPU
		{05E50D2F-9527-4CE8-A0F8-168281C426CB}.MonoTouch|Any CPU.ActiveCfg = Release|Any CPU
		{05E50D2F-9527-4CE8-A0F8-168281C426CB}.MonoTouch|Any CPU.Build.0 = Release|Any CPU
		{05E50D2F-9527-4CE8-A0F8-168281C426CB}.MonoTouch|Mixed Platforms.ActiveCfg = Release|Any CPU
		{05E50D2F-9527-4CE8-A0F8-168281C426CB}.MonoTouch|Mixed Platforms.Build.0 = Release|Any CPU
		{05E50D2F-9527-4CE8-A0F8-168281C426CB}.MonoTouch|x86.ActiveCfg = Release|Any CPU
		{05E50D2F-9527-4CE8-A0F8-168281C426CB}.Release|Any CPU.ActiveCfg = Release|Any CPU
		{05E50D2F-9527-4CE8-A0F8-168281C426CB}.Release|Any CPU.Build.0 = Release|Any CPU
		{05E50D2F-9527-4CE8-A0F8-168281C426CB}.Release|Mixed Platforms.ActiveCfg = Release|Any CPU
		{05E50D2F-9527-4CE8-A0F8-168281C426CB}.Release|Mixed Platforms.Build.0 = Release|Any CPU
		{05E50D2F-9527-4CE8-A0F8-168281C426CB}.Release|x86.ActiveCfg = Release|Any CPU
		{05E50D2F-9527-4CE8-A0F8-168281C426CB}.STATIC_ONLY NO_EXPRESSIONS|Any CPU.ActiveCfg = Release|Any CPU
		{05E50D2F-9527-4CE8-A0F8-168281C426CB}.STATIC_ONLY NO_EXPRESSIONS|Any CPU.Build.0 = Release|Any CPU
		{05E50D2F-9527-4CE8-A0F8-168281C426CB}.STATIC_ONLY NO_EXPRESSIONS|Mixed Platforms.ActiveCfg = Release|Any CPU
		{05E50D2F-9527-4CE8-A0F8-168281C426CB}.STATIC_ONLY NO_EXPRESSIONS|Mixed Platforms.Build.0 = Release|Any CPU
		{05E50D2F-9527-4CE8-A0F8-168281C426CB}.STATIC_ONLY NO_EXPRESSIONS|x86.ActiveCfg = Release|Any CPU
		{9A454596-56DC-4834-A043-F3C1443F859B}.Debug|Any CPU.ActiveCfg = Debug|Any CPU
		{9A454596-56DC-4834-A043-F3C1443F859B}.Debug|Any CPU.Build.0 = Debug|Any CPU
		{9A454596-56DC-4834-A043-F3C1443F859B}.Debug|Mixed Platforms.ActiveCfg = Debug|Any CPU
		{9A454596-56DC-4834-A043-F3C1443F859B}.Debug|Mixed Platforms.Build.0 = Debug|Any CPU
		{9A454596-56DC-4834-A043-F3C1443F859B}.Debug|x86.ActiveCfg = Debug|Any CPU
		{9A454596-56DC-4834-A043-F3C1443F859B}.Default|Any CPU.ActiveCfg = Debug|Any CPU
		{9A454596-56DC-4834-A043-F3C1443F859B}.Default|Any CPU.Build.0 = Debug|Any CPU
		{9A454596-56DC-4834-A043-F3C1443F859B}.Default|Mixed Platforms.ActiveCfg = Debug|Any CPU
		{9A454596-56DC-4834-A043-F3C1443F859B}.Default|Mixed Platforms.Build.0 = Debug|Any CPU
		{9A454596-56DC-4834-A043-F3C1443F859B}.Default|x86.ActiveCfg = Debug|Any CPU
		{9A454596-56DC-4834-A043-F3C1443F859B}.Deploy|Any CPU.ActiveCfg = Debug|Any CPU
		{9A454596-56DC-4834-A043-F3C1443F859B}.Deploy|Any CPU.Build.0 = Debug|Any CPU
		{9A454596-56DC-4834-A043-F3C1443F859B}.Deploy|Mixed Platforms.ActiveCfg = Release|Any CPU
		{9A454596-56DC-4834-A043-F3C1443F859B}.Deploy|Mixed Platforms.Build.0 = Release|Any CPU
		{9A454596-56DC-4834-A043-F3C1443F859B}.Deploy|x86.ActiveCfg = Debug|Any CPU
		{9A454596-56DC-4834-A043-F3C1443F859B}.MonoTouch|Any CPU.ActiveCfg = Release|Any CPU
		{9A454596-56DC-4834-A043-F3C1443F859B}.MonoTouch|Any CPU.Build.0 = Release|Any CPU
		{9A454596-56DC-4834-A043-F3C1443F859B}.MonoTouch|Mixed Platforms.ActiveCfg = Release|Any CPU
		{9A454596-56DC-4834-A043-F3C1443F859B}.MonoTouch|Mixed Platforms.Build.0 = Release|Any CPU
		{9A454596-56DC-4834-A043-F3C1443F859B}.MonoTouch|x86.ActiveCfg = Release|Any CPU
		{9A454596-56DC-4834-A043-F3C1443F859B}.Release|Any CPU.ActiveCfg = Release|Any CPU
		{9A454596-56DC-4834-A043-F3C1443F859B}.Release|Any CPU.Build.0 = Release|Any CPU
		{9A454596-56DC-4834-A043-F3C1443F859B}.Release|Mixed Platforms.ActiveCfg = Release|Any CPU
		{9A454596-56DC-4834-A043-F3C1443F859B}.Release|Mixed Platforms.Build.0 = Release|Any CPU
		{9A454596-56DC-4834-A043-F3C1443F859B}.Release|x86.ActiveCfg = Release|Any CPU
		{9A454596-56DC-4834-A043-F3C1443F859B}.STATIC_ONLY NO_EXPRESSIONS|Any CPU.ActiveCfg = Release|Any CPU
		{9A454596-56DC-4834-A043-F3C1443F859B}.STATIC_ONLY NO_EXPRESSIONS|Any CPU.Build.0 = Release|Any CPU
		{9A454596-56DC-4834-A043-F3C1443F859B}.STATIC_ONLY NO_EXPRESSIONS|Mixed Platforms.ActiveCfg = Release|Any CPU
		{9A454596-56DC-4834-A043-F3C1443F859B}.STATIC_ONLY NO_EXPRESSIONS|Mixed Platforms.Build.0 = Release|Any CPU
		{9A454596-56DC-4834-A043-F3C1443F859B}.STATIC_ONLY NO_EXPRESSIONS|x86.ActiveCfg = Release|Any CPU
		{95A44CD9-4399-4DB9-823F-1A264083A390}.Debug|Any CPU.ActiveCfg = Debug|Any CPU
		{95A44CD9-4399-4DB9-823F-1A264083A390}.Debug|Any CPU.Build.0 = Debug|Any CPU
		{95A44CD9-4399-4DB9-823F-1A264083A390}.Debug|Mixed Platforms.ActiveCfg = Debug|Any CPU
		{95A44CD9-4399-4DB9-823F-1A264083A390}.Debug|Mixed Platforms.Build.0 = Debug|Any CPU
		{95A44CD9-4399-4DB9-823F-1A264083A390}.Debug|x86.ActiveCfg = Debug|Any CPU
		{95A44CD9-4399-4DB9-823F-1A264083A390}.Default|Any CPU.ActiveCfg = Debug|Any CPU
		{95A44CD9-4399-4DB9-823F-1A264083A390}.Default|Any CPU.Build.0 = Debug|Any CPU
		{95A44CD9-4399-4DB9-823F-1A264083A390}.Default|Mixed Platforms.ActiveCfg = Debug|Any CPU
		{95A44CD9-4399-4DB9-823F-1A264083A390}.Default|Mixed Platforms.Build.0 = Debug|Any CPU
		{95A44CD9-4399-4DB9-823F-1A264083A390}.Default|x86.ActiveCfg = Debug|Any CPU
		{95A44CD9-4399-4DB9-823F-1A264083A390}.Deploy|Any CPU.ActiveCfg = Debug|Any CPU
		{95A44CD9-4399-4DB9-823F-1A264083A390}.Deploy|Any CPU.Build.0 = Debug|Any CPU
		{95A44CD9-4399-4DB9-823F-1A264083A390}.Deploy|Mixed Platforms.ActiveCfg = Release|Any CPU
		{95A44CD9-4399-4DB9-823F-1A264083A390}.Deploy|Mixed Platforms.Build.0 = Release|Any CPU
		{95A44CD9-4399-4DB9-823F-1A264083A390}.Deploy|x86.ActiveCfg = Debug|Any CPU
		{95A44CD9-4399-4DB9-823F-1A264083A390}.MonoTouch|Any CPU.ActiveCfg = Release|Any CPU
		{95A44CD9-4399-4DB9-823F-1A264083A390}.MonoTouch|Any CPU.Build.0 = Release|Any CPU
		{95A44CD9-4399-4DB9-823F-1A264083A390}.MonoTouch|Mixed Platforms.ActiveCfg = Release|Any CPU
		{95A44CD9-4399-4DB9-823F-1A264083A390}.MonoTouch|Mixed Platforms.Build.0 = Release|Any CPU
		{95A44CD9-4399-4DB9-823F-1A264083A390}.MonoTouch|x86.ActiveCfg = Release|Any CPU
		{95A44CD9-4399-4DB9-823F-1A264083A390}.Release|Any CPU.ActiveCfg = Release|Any CPU
		{95A44CD9-4399-4DB9-823F-1A264083A390}.Release|Any CPU.Build.0 = Release|Any CPU
		{95A44CD9-4399-4DB9-823F-1A264083A390}.Release|Mixed Platforms.ActiveCfg = Release|Any CPU
		{95A44CD9-4399-4DB9-823F-1A264083A390}.Release|Mixed Platforms.Build.0 = Release|Any CPU
		{95A44CD9-4399-4DB9-823F-1A264083A390}.Release|x86.ActiveCfg = Release|Any CPU
		{95A44CD9-4399-4DB9-823F-1A264083A390}.STATIC_ONLY NO_EXPRESSIONS|Any CPU.ActiveCfg = Release|Any CPU
		{95A44CD9-4399-4DB9-823F-1A264083A390}.STATIC_ONLY NO_EXPRESSIONS|Any CPU.Build.0 = Release|Any CPU
		{95A44CD9-4399-4DB9-823F-1A264083A390}.STATIC_ONLY NO_EXPRESSIONS|Mixed Platforms.ActiveCfg = Release|Any CPU
		{95A44CD9-4399-4DB9-823F-1A264083A390}.STATIC_ONLY NO_EXPRESSIONS|Mixed Platforms.Build.0 = Release|Any CPU
		{95A44CD9-4399-4DB9-823F-1A264083A390}.STATIC_ONLY NO_EXPRESSIONS|x86.ActiveCfg = Release|Any CPU
		{F8516C67-92BE-43FF-A8A9-B71A3EA4BE0D}.Debug|Any CPU.ActiveCfg = Debug|Any CPU
		{F8516C67-92BE-43FF-A8A9-B71A3EA4BE0D}.Debug|Any CPU.Build.0 = Debug|Any CPU
		{F8516C67-92BE-43FF-A8A9-B71A3EA4BE0D}.Debug|Mixed Platforms.ActiveCfg = Debug|Any CPU
		{F8516C67-92BE-43FF-A8A9-B71A3EA4BE0D}.Debug|Mixed Platforms.Build.0 = Debug|Any CPU
		{F8516C67-92BE-43FF-A8A9-B71A3EA4BE0D}.Debug|x86.ActiveCfg = Debug|Any CPU
		{F8516C67-92BE-43FF-A8A9-B71A3EA4BE0D}.Default|Any CPU.ActiveCfg = Debug|Any CPU
		{F8516C67-92BE-43FF-A8A9-B71A3EA4BE0D}.Default|Any CPU.Build.0 = Debug|Any CPU
		{F8516C67-92BE-43FF-A8A9-B71A3EA4BE0D}.Default|Mixed Platforms.ActiveCfg = Debug|Any CPU
		{F8516C67-92BE-43FF-A8A9-B71A3EA4BE0D}.Default|Mixed Platforms.Build.0 = Debug|Any CPU
		{F8516C67-92BE-43FF-A8A9-B71A3EA4BE0D}.Default|x86.ActiveCfg = Debug|Any CPU
		{F8516C67-92BE-43FF-A8A9-B71A3EA4BE0D}.Deploy|Any CPU.ActiveCfg = Debug|Any CPU
		{F8516C67-92BE-43FF-A8A9-B71A3EA4BE0D}.Deploy|Any CPU.Build.0 = Debug|Any CPU
		{F8516C67-92BE-43FF-A8A9-B71A3EA4BE0D}.Deploy|Mixed Platforms.ActiveCfg = Release|Any CPU
		{F8516C67-92BE-43FF-A8A9-B71A3EA4BE0D}.Deploy|Mixed Platforms.Build.0 = Release|Any CPU
		{F8516C67-92BE-43FF-A8A9-B71A3EA4BE0D}.Deploy|x86.ActiveCfg = Debug|Any CPU
		{F8516C67-92BE-43FF-A8A9-B71A3EA4BE0D}.MonoTouch|Any CPU.ActiveCfg = Release|Any CPU
		{F8516C67-92BE-43FF-A8A9-B71A3EA4BE0D}.MonoTouch|Any CPU.Build.0 = Release|Any CPU
		{F8516C67-92BE-43FF-A8A9-B71A3EA4BE0D}.MonoTouch|Mixed Platforms.ActiveCfg = Release|Any CPU
		{F8516C67-92BE-43FF-A8A9-B71A3EA4BE0D}.MonoTouch|Mixed Platforms.Build.0 = Release|Any CPU
		{F8516C67-92BE-43FF-A8A9-B71A3EA4BE0D}.MonoTouch|x86.ActiveCfg = Release|Any CPU
		{F8516C67-92BE-43FF-A8A9-B71A3EA4BE0D}.Release|Any CPU.ActiveCfg = Release|Any CPU
		{F8516C67-92BE-43FF-A8A9-B71A3EA4BE0D}.Release|Any CPU.Build.0 = Release|Any CPU
		{F8516C67-92BE-43FF-A8A9-B71A3EA4BE0D}.Release|Mixed Platforms.ActiveCfg = Release|Any CPU
		{F8516C67-92BE-43FF-A8A9-B71A3EA4BE0D}.Release|Mixed Platforms.Build.0 = Release|Any CPU
		{F8516C67-92BE-43FF-A8A9-B71A3EA4BE0D}.Release|x86.ActiveCfg = Release|Any CPU
		{F8516C67-92BE-43FF-A8A9-B71A3EA4BE0D}.STATIC_ONLY NO_EXPRESSIONS|Any CPU.ActiveCfg = Release|Any CPU
		{F8516C67-92BE-43FF-A8A9-B71A3EA4BE0D}.STATIC_ONLY NO_EXPRESSIONS|Any CPU.Build.0 = Release|Any CPU
		{F8516C67-92BE-43FF-A8A9-B71A3EA4BE0D}.STATIC_ONLY NO_EXPRESSIONS|Mixed Platforms.ActiveCfg = Release|Any CPU
		{F8516C67-92BE-43FF-A8A9-B71A3EA4BE0D}.STATIC_ONLY NO_EXPRESSIONS|Mixed Platforms.Build.0 = Release|Any CPU
		{F8516C67-92BE-43FF-A8A9-B71A3EA4BE0D}.STATIC_ONLY NO_EXPRESSIONS|x86.ActiveCfg = Release|Any CPU
		{C72A5FC8-4B1C-4A24-A306-FB550729DBF0}.Debug|Any CPU.ActiveCfg = Debug|Any CPU
		{C72A5FC8-4B1C-4A24-A306-FB550729DBF0}.Debug|Any CPU.Build.0 = Debug|Any CPU
		{C72A5FC8-4B1C-4A24-A306-FB550729DBF0}.Debug|Mixed Platforms.ActiveCfg = Debug|Any CPU
		{C72A5FC8-4B1C-4A24-A306-FB550729DBF0}.Debug|Mixed Platforms.Build.0 = Debug|Any CPU
		{C72A5FC8-4B1C-4A24-A306-FB550729DBF0}.Debug|x86.ActiveCfg = Debug|Any CPU
		{C72A5FC8-4B1C-4A24-A306-FB550729DBF0}.Default|Any CPU.ActiveCfg = Debug|Any CPU
		{C72A5FC8-4B1C-4A24-A306-FB550729DBF0}.Default|Any CPU.Build.0 = Debug|Any CPU
		{C72A5FC8-4B1C-4A24-A306-FB550729DBF0}.Default|Mixed Platforms.ActiveCfg = Debug|Any CPU
		{C72A5FC8-4B1C-4A24-A306-FB550729DBF0}.Default|Mixed Platforms.Build.0 = Debug|Any CPU
		{C72A5FC8-4B1C-4A24-A306-FB550729DBF0}.Default|x86.ActiveCfg = Debug|Any CPU
		{C72A5FC8-4B1C-4A24-A306-FB550729DBF0}.Deploy|Any CPU.ActiveCfg = Debug|Any CPU
		{C72A5FC8-4B1C-4A24-A306-FB550729DBF0}.Deploy|Any CPU.Build.0 = Debug|Any CPU
		{C72A5FC8-4B1C-4A24-A306-FB550729DBF0}.Deploy|Mixed Platforms.ActiveCfg = Release|Any CPU
		{C72A5FC8-4B1C-4A24-A306-FB550729DBF0}.Deploy|Mixed Platforms.Build.0 = Release|Any CPU
		{C72A5FC8-4B1C-4A24-A306-FB550729DBF0}.Deploy|x86.ActiveCfg = Debug|Any CPU
		{C72A5FC8-4B1C-4A24-A306-FB550729DBF0}.MonoTouch|Any CPU.ActiveCfg = Release|Any CPU
		{C72A5FC8-4B1C-4A24-A306-FB550729DBF0}.MonoTouch|Any CPU.Build.0 = Release|Any CPU
		{C72A5FC8-4B1C-4A24-A306-FB550729DBF0}.MonoTouch|Mixed Platforms.ActiveCfg = Release|Any CPU
		{C72A5FC8-4B1C-4A24-A306-FB550729DBF0}.MonoTouch|Mixed Platforms.Build.0 = Release|Any CPU
		{C72A5FC8-4B1C-4A24-A306-FB550729DBF0}.MonoTouch|x86.ActiveCfg = Release|Any CPU
		{C72A5FC8-4B1C-4A24-A306-FB550729DBF0}.Release|Any CPU.ActiveCfg = Release|Any CPU
		{C72A5FC8-4B1C-4A24-A306-FB550729DBF0}.Release|Any CPU.Build.0 = Release|Any CPU
		{C72A5FC8-4B1C-4A24-A306-FB550729DBF0}.Release|Mixed Platforms.ActiveCfg = Release|Any CPU
		{C72A5FC8-4B1C-4A24-A306-FB550729DBF0}.Release|Mixed Platforms.Build.0 = Release|Any CPU
		{C72A5FC8-4B1C-4A24-A306-FB550729DBF0}.Release|x86.ActiveCfg = Release|Any CPU
		{C72A5FC8-4B1C-4A24-A306-FB550729DBF0}.STATIC_ONLY NO_EXPRESSIONS|Any CPU.ActiveCfg = Release|Any CPU
		{C72A5FC8-4B1C-4A24-A306-FB550729DBF0}.STATIC_ONLY NO_EXPRESSIONS|Any CPU.Build.0 = Release|Any CPU
		{C72A5FC8-4B1C-4A24-A306-FB550729DBF0}.STATIC_ONLY NO_EXPRESSIONS|Mixed Platforms.ActiveCfg = Release|Any CPU
		{C72A5FC8-4B1C-4A24-A306-FB550729DBF0}.STATIC_ONLY NO_EXPRESSIONS|Mixed Platforms.Build.0 = Release|Any CPU
		{C72A5FC8-4B1C-4A24-A306-FB550729DBF0}.STATIC_ONLY NO_EXPRESSIONS|x86.ActiveCfg = Release|Any CPU
		{555357E5-A150-4C4D-BC81-97F4AE19086A}.Debug|Any CPU.ActiveCfg = Debug|Any CPU
		{555357E5-A150-4C4D-BC81-97F4AE19086A}.Debug|Any CPU.Build.0 = Debug|Any CPU
		{555357E5-A150-4C4D-BC81-97F4AE19086A}.Debug|Mixed Platforms.ActiveCfg = Debug|Any CPU
		{555357E5-A150-4C4D-BC81-97F4AE19086A}.Debug|Mixed Platforms.Build.0 = Debug|Any CPU
		{555357E5-A150-4C4D-BC81-97F4AE19086A}.Debug|x86.ActiveCfg = Debug|Any CPU
		{555357E5-A150-4C4D-BC81-97F4AE19086A}.Default|Any CPU.ActiveCfg = Deploy|Any CPU
		{555357E5-A150-4C4D-BC81-97F4AE19086A}.Default|Any CPU.Build.0 = Deploy|Any CPU
		{555357E5-A150-4C4D-BC81-97F4AE19086A}.Default|Mixed Platforms.ActiveCfg = Deploy|Any CPU
		{555357E5-A150-4C4D-BC81-97F4AE19086A}.Default|Mixed Platforms.Build.0 = Deploy|Any CPU
		{555357E5-A150-4C4D-BC81-97F4AE19086A}.Default|x86.ActiveCfg = Deploy|Any CPU
		{555357E5-A150-4C4D-BC81-97F4AE19086A}.Deploy|Any CPU.ActiveCfg = Deploy|Any CPU
		{555357E5-A150-4C4D-BC81-97F4AE19086A}.Deploy|Any CPU.Build.0 = Deploy|Any CPU
		{555357E5-A150-4C4D-BC81-97F4AE19086A}.Deploy|Mixed Platforms.ActiveCfg = Release|Any CPU
		{555357E5-A150-4C4D-BC81-97F4AE19086A}.Deploy|Mixed Platforms.Build.0 = Release|Any CPU
		{555357E5-A150-4C4D-BC81-97F4AE19086A}.Deploy|x86.ActiveCfg = Deploy|Any CPU
		{555357E5-A150-4C4D-BC81-97F4AE19086A}.MonoTouch|Any CPU.ActiveCfg = Release|Any CPU
		{555357E5-A150-4C4D-BC81-97F4AE19086A}.MonoTouch|Any CPU.Build.0 = Release|Any CPU
		{555357E5-A150-4C4D-BC81-97F4AE19086A}.MonoTouch|Mixed Platforms.ActiveCfg = Release|Any CPU
		{555357E5-A150-4C4D-BC81-97F4AE19086A}.MonoTouch|Mixed Platforms.Build.0 = Release|Any CPU
		{555357E5-A150-4C4D-BC81-97F4AE19086A}.MonoTouch|x86.ActiveCfg = Release|Any CPU
		{555357E5-A150-4C4D-BC81-97F4AE19086A}.Release|Any CPU.ActiveCfg = Release|Any CPU
		{555357E5-A150-4C4D-BC81-97F4AE19086A}.Release|Any CPU.Build.0 = Release|Any CPU
		{555357E5-A150-4C4D-BC81-97F4AE19086A}.Release|Mixed Platforms.ActiveCfg = Release|Any CPU
		{555357E5-A150-4C4D-BC81-97F4AE19086A}.Release|Mixed Platforms.Build.0 = Release|Any CPU
		{555357E5-A150-4C4D-BC81-97F4AE19086A}.Release|x86.ActiveCfg = Release|Any CPU
		{555357E5-A150-4C4D-BC81-97F4AE19086A}.STATIC_ONLY NO_EXPRESSIONS|Any CPU.ActiveCfg = Release|Any CPU
		{555357E5-A150-4C4D-BC81-97F4AE19086A}.STATIC_ONLY NO_EXPRESSIONS|Any CPU.Build.0 = Release|Any CPU
		{555357E5-A150-4C4D-BC81-97F4AE19086A}.STATIC_ONLY NO_EXPRESSIONS|Mixed Platforms.ActiveCfg = Release|Any CPU
		{555357E5-A150-4C4D-BC81-97F4AE19086A}.STATIC_ONLY NO_EXPRESSIONS|Mixed Platforms.Build.0 = Release|Any CPU
		{555357E5-A150-4C4D-BC81-97F4AE19086A}.STATIC_ONLY NO_EXPRESSIONS|x86.ActiveCfg = Release|Any CPU
		{BCEFE9BE-7417-47FB-A0E8-75E0201E88E8}.Debug|Any CPU.ActiveCfg = Debug|Any CPU
		{BCEFE9BE-7417-47FB-A0E8-75E0201E88E8}.Debug|Any CPU.Build.0 = Debug|Any CPU
		{BCEFE9BE-7417-47FB-A0E8-75E0201E88E8}.Debug|Mixed Platforms.ActiveCfg = Debug|Any CPU
		{BCEFE9BE-7417-47FB-A0E8-75E0201E88E8}.Debug|Mixed Platforms.Build.0 = Debug|Any CPU
		{BCEFE9BE-7417-47FB-A0E8-75E0201E88E8}.Debug|x86.ActiveCfg = Debug|Any CPU
		{BCEFE9BE-7417-47FB-A0E8-75E0201E88E8}.Default|Any CPU.ActiveCfg = Debug|Any CPU
		{BCEFE9BE-7417-47FB-A0E8-75E0201E88E8}.Default|Any CPU.Build.0 = Debug|Any CPU
		{BCEFE9BE-7417-47FB-A0E8-75E0201E88E8}.Default|Mixed Platforms.ActiveCfg = Debug|Any CPU
		{BCEFE9BE-7417-47FB-A0E8-75E0201E88E8}.Default|Mixed Platforms.Build.0 = Debug|Any CPU
		{BCEFE9BE-7417-47FB-A0E8-75E0201E88E8}.Default|x86.ActiveCfg = Debug|Any CPU
		{BCEFE9BE-7417-47FB-A0E8-75E0201E88E8}.Deploy|Any CPU.ActiveCfg = Debug|Any CPU
		{BCEFE9BE-7417-47FB-A0E8-75E0201E88E8}.Deploy|Any CPU.Build.0 = Debug|Any CPU
		{BCEFE9BE-7417-47FB-A0E8-75E0201E88E8}.Deploy|Mixed Platforms.ActiveCfg = Release|Any CPU
		{BCEFE9BE-7417-47FB-A0E8-75E0201E88E8}.Deploy|Mixed Platforms.Build.0 = Release|Any CPU
		{BCEFE9BE-7417-47FB-A0E8-75E0201E88E8}.Deploy|x86.ActiveCfg = Debug|Any CPU
		{BCEFE9BE-7417-47FB-A0E8-75E0201E88E8}.MonoTouch|Any CPU.ActiveCfg = Release|Any CPU
		{BCEFE9BE-7417-47FB-A0E8-75E0201E88E8}.MonoTouch|Any CPU.Build.0 = Release|Any CPU
		{BCEFE9BE-7417-47FB-A0E8-75E0201E88E8}.MonoTouch|Mixed Platforms.ActiveCfg = Release|Any CPU
		{BCEFE9BE-7417-47FB-A0E8-75E0201E88E8}.MonoTouch|Mixed Platforms.Build.0 = Release|Any CPU
		{BCEFE9BE-7417-47FB-A0E8-75E0201E88E8}.MonoTouch|x86.ActiveCfg = Release|Any CPU
		{BCEFE9BE-7417-47FB-A0E8-75E0201E88E8}.Release|Any CPU.ActiveCfg = Release|Any CPU
		{BCEFE9BE-7417-47FB-A0E8-75E0201E88E8}.Release|Any CPU.Build.0 = Release|Any CPU
		{BCEFE9BE-7417-47FB-A0E8-75E0201E88E8}.Release|Mixed Platforms.ActiveCfg = Release|Any CPU
		{BCEFE9BE-7417-47FB-A0E8-75E0201E88E8}.Release|Mixed Platforms.Build.0 = Release|Any CPU
		{BCEFE9BE-7417-47FB-A0E8-75E0201E88E8}.Release|x86.ActiveCfg = Release|Any CPU
		{BCEFE9BE-7417-47FB-A0E8-75E0201E88E8}.STATIC_ONLY NO_EXPRESSIONS|Any CPU.ActiveCfg = Release|Any CPU
		{BCEFE9BE-7417-47FB-A0E8-75E0201E88E8}.STATIC_ONLY NO_EXPRESSIONS|Any CPU.Build.0 = Release|Any CPU
		{BCEFE9BE-7417-47FB-A0E8-75E0201E88E8}.STATIC_ONLY NO_EXPRESSIONS|Mixed Platforms.ActiveCfg = Release|Any CPU
		{BCEFE9BE-7417-47FB-A0E8-75E0201E88E8}.STATIC_ONLY NO_EXPRESSIONS|Mixed Platforms.Build.0 = Release|Any CPU
		{BCEFE9BE-7417-47FB-A0E8-75E0201E88E8}.STATIC_ONLY NO_EXPRESSIONS|x86.ActiveCfg = Release|Any CPU
		{B9CF38B0-39CF-43C7-9589-166DCC665652}.Debug|Any CPU.ActiveCfg = Debug|Any CPU
		{B9CF38B0-39CF-43C7-9589-166DCC665652}.Debug|Any CPU.Build.0 = Debug|Any CPU
		{B9CF38B0-39CF-43C7-9589-166DCC665652}.Debug|Mixed Platforms.ActiveCfg = Debug|Any CPU
		{B9CF38B0-39CF-43C7-9589-166DCC665652}.Debug|Mixed Platforms.Build.0 = Debug|Any CPU
		{B9CF38B0-39CF-43C7-9589-166DCC665652}.Debug|x86.ActiveCfg = Debug|Any CPU
		{B9CF38B0-39CF-43C7-9589-166DCC665652}.Default|Any CPU.ActiveCfg = Debug|Any CPU
		{B9CF38B0-39CF-43C7-9589-166DCC665652}.Default|Any CPU.Build.0 = Debug|Any CPU
		{B9CF38B0-39CF-43C7-9589-166DCC665652}.Default|Mixed Platforms.ActiveCfg = Debug|Any CPU
		{B9CF38B0-39CF-43C7-9589-166DCC665652}.Default|Mixed Platforms.Build.0 = Debug|Any CPU
		{B9CF38B0-39CF-43C7-9589-166DCC665652}.Default|x86.ActiveCfg = Debug|Any CPU
		{B9CF38B0-39CF-43C7-9589-166DCC665652}.Deploy|Any CPU.ActiveCfg = Debug|Any CPU
		{B9CF38B0-39CF-43C7-9589-166DCC665652}.Deploy|Any CPU.Build.0 = Debug|Any CPU
		{B9CF38B0-39CF-43C7-9589-166DCC665652}.Deploy|Mixed Platforms.ActiveCfg = Release|Any CPU
		{B9CF38B0-39CF-43C7-9589-166DCC665652}.Deploy|Mixed Platforms.Build.0 = Release|Any CPU
		{B9CF38B0-39CF-43C7-9589-166DCC665652}.Deploy|x86.ActiveCfg = Debug|Any CPU
		{B9CF38B0-39CF-43C7-9589-166DCC665652}.MonoTouch|Any CPU.ActiveCfg = Release|Any CPU
		{B9CF38B0-39CF-43C7-9589-166DCC665652}.MonoTouch|Any CPU.Build.0 = Release|Any CPU
		{B9CF38B0-39CF-43C7-9589-166DCC665652}.MonoTouch|Mixed Platforms.ActiveCfg = Release|Any CPU
		{B9CF38B0-39CF-43C7-9589-166DCC665652}.MonoTouch|Mixed Platforms.Build.0 = Release|Any CPU
		{B9CF38B0-39CF-43C7-9589-166DCC665652}.MonoTouch|x86.ActiveCfg = Release|Any CPU
		{B9CF38B0-39CF-43C7-9589-166DCC665652}.Release|Any CPU.ActiveCfg = Release|Any CPU
		{B9CF38B0-39CF-43C7-9589-166DCC665652}.Release|Any CPU.Build.0 = Release|Any CPU
		{B9CF38B0-39CF-43C7-9589-166DCC665652}.Release|Mixed Platforms.ActiveCfg = Release|Any CPU
		{B9CF38B0-39CF-43C7-9589-166DCC665652}.Release|Mixed Platforms.Build.0 = Release|Any CPU
		{B9CF38B0-39CF-43C7-9589-166DCC665652}.Release|x86.ActiveCfg = Release|Any CPU
		{B9CF38B0-39CF-43C7-9589-166DCC665652}.STATIC_ONLY NO_EXPRESSIONS|Any CPU.ActiveCfg = Release|Any CPU
		{B9CF38B0-39CF-43C7-9589-166DCC665652}.STATIC_ONLY NO_EXPRESSIONS|Any CPU.Build.0 = Release|Any CPU
		{B9CF38B0-39CF-43C7-9589-166DCC665652}.STATIC_ONLY NO_EXPRESSIONS|Mixed Platforms.ActiveCfg = Release|Any CPU
		{B9CF38B0-39CF-43C7-9589-166DCC665652}.STATIC_ONLY NO_EXPRESSIONS|Mixed Platforms.Build.0 = Release|Any CPU
		{B9CF38B0-39CF-43C7-9589-166DCC665652}.STATIC_ONLY NO_EXPRESSIONS|x86.ActiveCfg = Release|Any CPU
		{F80E0025-E57E-4BB5-89F2-CFBCAC1AFCF4}.Debug|Any CPU.ActiveCfg = Debug|Any CPU
		{F80E0025-E57E-4BB5-89F2-CFBCAC1AFCF4}.Debug|Any CPU.Build.0 = Debug|Any CPU
		{F80E0025-E57E-4BB5-89F2-CFBCAC1AFCF4}.Debug|Mixed Platforms.ActiveCfg = Debug|Any CPU
		{F80E0025-E57E-4BB5-89F2-CFBCAC1AFCF4}.Debug|Mixed Platforms.Build.0 = Debug|Any CPU
		{F80E0025-E57E-4BB5-89F2-CFBCAC1AFCF4}.Debug|x86.ActiveCfg = Debug|Any CPU
		{F80E0025-E57E-4BB5-89F2-CFBCAC1AFCF4}.Default|Any CPU.ActiveCfg = Debug|Any CPU
		{F80E0025-E57E-4BB5-89F2-CFBCAC1AFCF4}.Default|Any CPU.Build.0 = Debug|Any CPU
		{F80E0025-E57E-4BB5-89F2-CFBCAC1AFCF4}.Default|Mixed Platforms.ActiveCfg = Debug|Any CPU
		{F80E0025-E57E-4BB5-89F2-CFBCAC1AFCF4}.Default|Mixed Platforms.Build.0 = Debug|Any CPU
		{F80E0025-E57E-4BB5-89F2-CFBCAC1AFCF4}.Default|x86.ActiveCfg = Debug|Any CPU
		{F80E0025-E57E-4BB5-89F2-CFBCAC1AFCF4}.Deploy|Any CPU.ActiveCfg = Debug|Any CPU
		{F80E0025-E57E-4BB5-89F2-CFBCAC1AFCF4}.Deploy|Any CPU.Build.0 = Debug|Any CPU
		{F80E0025-E57E-4BB5-89F2-CFBCAC1AFCF4}.Deploy|Mixed Platforms.ActiveCfg = Release|Any CPU
		{F80E0025-E57E-4BB5-89F2-CFBCAC1AFCF4}.Deploy|Mixed Platforms.Build.0 = Release|Any CPU
		{F80E0025-E57E-4BB5-89F2-CFBCAC1AFCF4}.Deploy|x86.ActiveCfg = Debug|Any CPU
		{F80E0025-E57E-4BB5-89F2-CFBCAC1AFCF4}.MonoTouch|Any CPU.ActiveCfg = Release|Any CPU
		{F80E0025-E57E-4BB5-89F2-CFBCAC1AFCF4}.MonoTouch|Any CPU.Build.0 = Release|Any CPU
		{F80E0025-E57E-4BB5-89F2-CFBCAC1AFCF4}.MonoTouch|Mixed Platforms.ActiveCfg = Release|Any CPU
		{F80E0025-E57E-4BB5-89F2-CFBCAC1AFCF4}.MonoTouch|Mixed Platforms.Build.0 = Release|Any CPU
		{F80E0025-E57E-4BB5-89F2-CFBCAC1AFCF4}.MonoTouch|x86.ActiveCfg = Release|Any CPU
		{F80E0025-E57E-4BB5-89F2-CFBCAC1AFCF4}.Release|Any CPU.ActiveCfg = Release|Any CPU
		{F80E0025-E57E-4BB5-89F2-CFBCAC1AFCF4}.Release|Any CPU.Build.0 = Release|Any CPU
		{F80E0025-E57E-4BB5-89F2-CFBCAC1AFCF4}.Release|Mixed Platforms.ActiveCfg = Release|Any CPU
		{F80E0025-E57E-4BB5-89F2-CFBCAC1AFCF4}.Release|Mixed Platforms.Build.0 = Release|Any CPU
		{F80E0025-E57E-4BB5-89F2-CFBCAC1AFCF4}.Release|x86.ActiveCfg = Release|Any CPU
		{F80E0025-E57E-4BB5-89F2-CFBCAC1AFCF4}.STATIC_ONLY NO_EXPRESSIONS|Any CPU.ActiveCfg = Release|Any CPU
		{F80E0025-E57E-4BB5-89F2-CFBCAC1AFCF4}.STATIC_ONLY NO_EXPRESSIONS|Any CPU.Build.0 = Release|Any CPU
		{F80E0025-E57E-4BB5-89F2-CFBCAC1AFCF4}.STATIC_ONLY NO_EXPRESSIONS|Mixed Platforms.ActiveCfg = Release|Any CPU
		{F80E0025-E57E-4BB5-89F2-CFBCAC1AFCF4}.STATIC_ONLY NO_EXPRESSIONS|Mixed Platforms.Build.0 = Release|Any CPU
		{F80E0025-E57E-4BB5-89F2-CFBCAC1AFCF4}.STATIC_ONLY NO_EXPRESSIONS|x86.ActiveCfg = Release|Any CPU
		{900B3FCF-BD78-4718-A34D-2662576565C8}.Debug|Any CPU.ActiveCfg = Debug|Any CPU
		{900B3FCF-BD78-4718-A34D-2662576565C8}.Debug|Any CPU.Build.0 = Debug|Any CPU
		{900B3FCF-BD78-4718-A34D-2662576565C8}.Debug|Mixed Platforms.ActiveCfg = Debug|Any CPU
		{900B3FCF-BD78-4718-A34D-2662576565C8}.Debug|Mixed Platforms.Build.0 = Debug|Any CPU
		{900B3FCF-BD78-4718-A34D-2662576565C8}.Debug|x86.ActiveCfg = Debug|Any CPU
		{900B3FCF-BD78-4718-A34D-2662576565C8}.Default|Any CPU.ActiveCfg = Debug|Any CPU
		{900B3FCF-BD78-4718-A34D-2662576565C8}.Default|Any CPU.Build.0 = Debug|Any CPU
		{900B3FCF-BD78-4718-A34D-2662576565C8}.Default|Mixed Platforms.ActiveCfg = Debug|Any CPU
		{900B3FCF-BD78-4718-A34D-2662576565C8}.Default|Mixed Platforms.Build.0 = Debug|Any CPU
		{900B3FCF-BD78-4718-A34D-2662576565C8}.Default|x86.ActiveCfg = Debug|Any CPU
		{900B3FCF-BD78-4718-A34D-2662576565C8}.Deploy|Any CPU.ActiveCfg = Debug|Any CPU
		{900B3FCF-BD78-4718-A34D-2662576565C8}.Deploy|Any CPU.Build.0 = Debug|Any CPU
		{900B3FCF-BD78-4718-A34D-2662576565C8}.Deploy|Mixed Platforms.ActiveCfg = Release|Any CPU
		{900B3FCF-BD78-4718-A34D-2662576565C8}.Deploy|Mixed Platforms.Build.0 = Release|Any CPU
		{900B3FCF-BD78-4718-A34D-2662576565C8}.Deploy|x86.ActiveCfg = Debug|Any CPU
		{900B3FCF-BD78-4718-A34D-2662576565C8}.MonoTouch|Any CPU.ActiveCfg = Release|Any CPU
		{900B3FCF-BD78-4718-A34D-2662576565C8}.MonoTouch|Any CPU.Build.0 = Release|Any CPU
		{900B3FCF-BD78-4718-A34D-2662576565C8}.MonoTouch|Mixed Platforms.ActiveCfg = Release|Any CPU
		{900B3FCF-BD78-4718-A34D-2662576565C8}.MonoTouch|Mixed Platforms.Build.0 = Release|Any CPU
		{900B3FCF-BD78-4718-A34D-2662576565C8}.MonoTouch|x86.ActiveCfg = Release|Any CPU
		{900B3FCF-BD78-4718-A34D-2662576565C8}.Release|Any CPU.ActiveCfg = Release|Any CPU
		{900B3FCF-BD78-4718-A34D-2662576565C8}.Release|Any CPU.Build.0 = Release|Any CPU
		{900B3FCF-BD78-4718-A34D-2662576565C8}.Release|Mixed Platforms.ActiveCfg = Release|Any CPU
		{900B3FCF-BD78-4718-A34D-2662576565C8}.Release|Mixed Platforms.Build.0 = Release|Any CPU
		{900B3FCF-BD78-4718-A34D-2662576565C8}.Release|x86.ActiveCfg = Release|Any CPU
		{900B3FCF-BD78-4718-A34D-2662576565C8}.STATIC_ONLY NO_EXPRESSIONS|Any CPU.ActiveCfg = Release|Any CPU
		{900B3FCF-BD78-4718-A34D-2662576565C8}.STATIC_ONLY NO_EXPRESSIONS|Any CPU.Build.0 = Release|Any CPU
		{900B3FCF-BD78-4718-A34D-2662576565C8}.STATIC_ONLY NO_EXPRESSIONS|Mixed Platforms.ActiveCfg = Release|Any CPU
		{900B3FCF-BD78-4718-A34D-2662576565C8}.STATIC_ONLY NO_EXPRESSIONS|Mixed Platforms.Build.0 = Release|Any CPU
		{900B3FCF-BD78-4718-A34D-2662576565C8}.STATIC_ONLY NO_EXPRESSIONS|x86.ActiveCfg = Release|Any CPU
		{96179AC6-F6F1-40C3-9FDD-4F6582F54C5C}.Debug|Any CPU.ActiveCfg = Debug|Any CPU
		{96179AC6-F6F1-40C3-9FDD-4F6582F54C5C}.Debug|Any CPU.Build.0 = Debug|Any CPU
		{96179AC6-F6F1-40C3-9FDD-4F6582F54C5C}.Debug|Mixed Platforms.ActiveCfg = Debug|Any CPU
		{96179AC6-F6F1-40C3-9FDD-4F6582F54C5C}.Debug|Mixed Platforms.Build.0 = Debug|Any CPU
		{96179AC6-F6F1-40C3-9FDD-4F6582F54C5C}.Debug|x86.ActiveCfg = Debug|Any CPU
		{96179AC6-F6F1-40C3-9FDD-4F6582F54C5C}.Default|Any CPU.ActiveCfg = Debug|Any CPU
		{96179AC6-F6F1-40C3-9FDD-4F6582F54C5C}.Default|Mixed Platforms.ActiveCfg = Debug|Any CPU
		{96179AC6-F6F1-40C3-9FDD-4F6582F54C5C}.Default|x86.ActiveCfg = Debug|Any CPU
		{96179AC6-F6F1-40C3-9FDD-4F6582F54C5C}.Deploy|Any CPU.ActiveCfg = Debug|Any CPU
		{96179AC6-F6F1-40C3-9FDD-4F6582F54C5C}.Deploy|Any CPU.Build.0 = Debug|Any CPU
		{96179AC6-F6F1-40C3-9FDD-4F6582F54C5C}.Deploy|Mixed Platforms.ActiveCfg = Release|Any CPU
		{96179AC6-F6F1-40C3-9FDD-4F6582F54C5C}.Deploy|Mixed Platforms.Build.0 = Release|Any CPU
		{96179AC6-F6F1-40C3-9FDD-4F6582F54C5C}.Deploy|x86.ActiveCfg = Debug|Any CPU
		{96179AC6-F6F1-40C3-9FDD-4F6582F54C5C}.MonoTouch|Any CPU.ActiveCfg = MonoTouch|Any CPU
		{96179AC6-F6F1-40C3-9FDD-4F6582F54C5C}.MonoTouch|Any CPU.Build.0 = MonoTouch|Any CPU
		{96179AC6-F6F1-40C3-9FDD-4F6582F54C5C}.MonoTouch|Mixed Platforms.ActiveCfg = MonoTouch|Any CPU
		{96179AC6-F6F1-40C3-9FDD-4F6582F54C5C}.MonoTouch|Mixed Platforms.Build.0 = MonoTouch|Any CPU
		{96179AC6-F6F1-40C3-9FDD-4F6582F54C5C}.MonoTouch|x86.ActiveCfg = MonoTouch|Any CPU
		{96179AC6-F6F1-40C3-9FDD-4F6582F54C5C}.Release|Any CPU.ActiveCfg = Release|Any CPU
		{96179AC6-F6F1-40C3-9FDD-4F6582F54C5C}.Release|Any CPU.Build.0 = Release|Any CPU
		{96179AC6-F6F1-40C3-9FDD-4F6582F54C5C}.Release|Mixed Platforms.ActiveCfg = Release|Any CPU
		{96179AC6-F6F1-40C3-9FDD-4F6582F54C5C}.Release|Mixed Platforms.Build.0 = Release|Any CPU
		{96179AC6-F6F1-40C3-9FDD-4F6582F54C5C}.Release|x86.ActiveCfg = Release|Any CPU
		{96179AC6-F6F1-40C3-9FDD-4F6582F54C5C}.STATIC_ONLY NO_EXPRESSIONS|Any CPU.ActiveCfg = STATIC_ONLY NO_EXPRESSIONS|Any CPU
		{96179AC6-F6F1-40C3-9FDD-4F6582F54C5C}.STATIC_ONLY NO_EXPRESSIONS|Any CPU.Build.0 = STATIC_ONLY NO_EXPRESSIONS|Any CPU
		{96179AC6-F6F1-40C3-9FDD-4F6582F54C5C}.STATIC_ONLY NO_EXPRESSIONS|Mixed Platforms.ActiveCfg = STATIC_ONLY NO_EXPRESSIONS|Any CPU
		{96179AC6-F6F1-40C3-9FDD-4F6582F54C5C}.STATIC_ONLY NO_EXPRESSIONS|Mixed Platforms.Build.0 = STATIC_ONLY NO_EXPRESSIONS|Any CPU
		{96179AC6-F6F1-40C3-9FDD-4F6582F54C5C}.STATIC_ONLY NO_EXPRESSIONS|x86.ActiveCfg = STATIC_ONLY NO_EXPRESSIONS|Any CPU
		{1887DC99-9139-43E3-A7AA-6D74714B3A5D}.Debug|Any CPU.ActiveCfg = Debug|Any CPU
		{1887DC99-9139-43E3-A7AA-6D74714B3A5D}.Debug|Any CPU.Build.0 = Debug|Any CPU
		{1887DC99-9139-43E3-A7AA-6D74714B3A5D}.Debug|Mixed Platforms.ActiveCfg = Debug|Any CPU
		{1887DC99-9139-43E3-A7AA-6D74714B3A5D}.Debug|Mixed Platforms.Build.0 = Debug|Any CPU
		{1887DC99-9139-43E3-A7AA-6D74714B3A5D}.Debug|x86.ActiveCfg = Debug|Any CPU
		{1887DC99-9139-43E3-A7AA-6D74714B3A5D}.Default|Any CPU.ActiveCfg = Debug|Any CPU
		{1887DC99-9139-43E3-A7AA-6D74714B3A5D}.Default|Mixed Platforms.ActiveCfg = Debug|Any CPU
		{1887DC99-9139-43E3-A7AA-6D74714B3A5D}.Default|x86.ActiveCfg = Debug|Any CPU
		{1887DC99-9139-43E3-A7AA-6D74714B3A5D}.Deploy|Any CPU.ActiveCfg = Debug|Any CPU
		{1887DC99-9139-43E3-A7AA-6D74714B3A5D}.Deploy|Any CPU.Build.0 = Debug|Any CPU
		{1887DC99-9139-43E3-A7AA-6D74714B3A5D}.Deploy|Mixed Platforms.ActiveCfg = Release|Any CPU
		{1887DC99-9139-43E3-A7AA-6D74714B3A5D}.Deploy|Mixed Platforms.Build.0 = Release|Any CPU
		{1887DC99-9139-43E3-A7AA-6D74714B3A5D}.Deploy|x86.ActiveCfg = Debug|Any CPU
		{1887DC99-9139-43E3-A7AA-6D74714B3A5D}.MonoTouch|Any CPU.ActiveCfg = Release|Any CPU
		{1887DC99-9139-43E3-A7AA-6D74714B3A5D}.MonoTouch|Any CPU.Build.0 = Release|Any CPU
		{1887DC99-9139-43E3-A7AA-6D74714B3A5D}.MonoTouch|Mixed Platforms.ActiveCfg = Release|Any CPU
		{1887DC99-9139-43E3-A7AA-6D74714B3A5D}.MonoTouch|Mixed Platforms.Build.0 = Release|Any CPU
		{1887DC99-9139-43E3-A7AA-6D74714B3A5D}.MonoTouch|x86.ActiveCfg = Release|Any CPU
		{1887DC99-9139-43E3-A7AA-6D74714B3A5D}.Release|Any CPU.ActiveCfg = Release|Any CPU
		{1887DC99-9139-43E3-A7AA-6D74714B3A5D}.Release|Any CPU.Build.0 = Release|Any CPU
		{1887DC99-9139-43E3-A7AA-6D74714B3A5D}.Release|Mixed Platforms.ActiveCfg = Release|Any CPU
		{1887DC99-9139-43E3-A7AA-6D74714B3A5D}.Release|Mixed Platforms.Build.0 = Release|Any CPU
		{1887DC99-9139-43E3-A7AA-6D74714B3A5D}.Release|x86.ActiveCfg = Release|Any CPU
		{1887DC99-9139-43E3-A7AA-6D74714B3A5D}.STATIC_ONLY NO_EXPRESSIONS|Any CPU.ActiveCfg = Release|Any CPU
		{1887DC99-9139-43E3-A7AA-6D74714B3A5D}.STATIC_ONLY NO_EXPRESSIONS|Any CPU.Build.0 = Release|Any CPU
		{1887DC99-9139-43E3-A7AA-6D74714B3A5D}.STATIC_ONLY NO_EXPRESSIONS|Mixed Platforms.ActiveCfg = Release|Any CPU
		{1887DC99-9139-43E3-A7AA-6D74714B3A5D}.STATIC_ONLY NO_EXPRESSIONS|Mixed Platforms.Build.0 = Release|Any CPU
		{1887DC99-9139-43E3-A7AA-6D74714B3A5D}.STATIC_ONLY NO_EXPRESSIONS|x86.ActiveCfg = Release|Any CPU
		{42E1C8C0-A163-44CC-92B1-8F416F2C0B01}.Debug|Any CPU.ActiveCfg = Debug|Any CPU
		{42E1C8C0-A163-44CC-92B1-8F416F2C0B01}.Debug|Any CPU.Build.0 = Debug|Any CPU
		{42E1C8C0-A163-44CC-92B1-8F416F2C0B01}.Debug|Mixed Platforms.ActiveCfg = Debug|Any CPU
		{42E1C8C0-A163-44CC-92B1-8F416F2C0B01}.Debug|Mixed Platforms.Build.0 = Debug|Any CPU
		{42E1C8C0-A163-44CC-92B1-8F416F2C0B01}.Debug|x86.ActiveCfg = Debug|Any CPU
		{42E1C8C0-A163-44CC-92B1-8F416F2C0B01}.Default|Any CPU.ActiveCfg = Debug|Any CPU
		{42E1C8C0-A163-44CC-92B1-8F416F2C0B01}.Default|Any CPU.Build.0 = Debug|Any CPU
		{42E1C8C0-A163-44CC-92B1-8F416F2C0B01}.Default|Mixed Platforms.ActiveCfg = Debug|Any CPU
		{42E1C8C0-A163-44CC-92B1-8F416F2C0B01}.Default|Mixed Platforms.Build.0 = Debug|Any CPU
		{42E1C8C0-A163-44CC-92B1-8F416F2C0B01}.Default|x86.ActiveCfg = Debug|Any CPU
		{42E1C8C0-A163-44CC-92B1-8F416F2C0B01}.Deploy|Any CPU.ActiveCfg = Debug|Any CPU
		{42E1C8C0-A163-44CC-92B1-8F416F2C0B01}.Deploy|Any CPU.Build.0 = Debug|Any CPU
		{42E1C8C0-A163-44CC-92B1-8F416F2C0B01}.Deploy|Mixed Platforms.ActiveCfg = Release|Any CPU
		{42E1C8C0-A163-44CC-92B1-8F416F2C0B01}.Deploy|Mixed Platforms.Build.0 = Release|Any CPU
		{42E1C8C0-A163-44CC-92B1-8F416F2C0B01}.Deploy|x86.ActiveCfg = Debug|Any CPU
		{42E1C8C0-A163-44CC-92B1-8F416F2C0B01}.MonoTouch|Any CPU.ActiveCfg = MONOTOUCH|Any CPU
		{42E1C8C0-A163-44CC-92B1-8F416F2C0B01}.MonoTouch|Any CPU.Build.0 = MONOTOUCH|Any CPU
		{42E1C8C0-A163-44CC-92B1-8F416F2C0B01}.MonoTouch|Mixed Platforms.ActiveCfg = MONOTOUCH|Any CPU
		{42E1C8C0-A163-44CC-92B1-8F416F2C0B01}.MonoTouch|Mixed Platforms.Build.0 = MONOTOUCH|Any CPU
		{42E1C8C0-A163-44CC-92B1-8F416F2C0B01}.MonoTouch|x86.ActiveCfg = MONOTOUCH|Any CPU
		{42E1C8C0-A163-44CC-92B1-8F416F2C0B01}.Release|Any CPU.ActiveCfg = Release|Any CPU
		{42E1C8C0-A163-44CC-92B1-8F416F2C0B01}.Release|Any CPU.Build.0 = Release|Any CPU
		{42E1C8C0-A163-44CC-92B1-8F416F2C0B01}.Release|Mixed Platforms.ActiveCfg = Release|Any CPU
		{42E1C8C0-A163-44CC-92B1-8F416F2C0B01}.Release|Mixed Platforms.Build.0 = Release|Any CPU
		{42E1C8C0-A163-44CC-92B1-8F416F2C0B01}.Release|x86.ActiveCfg = Release|Any CPU
		{42E1C8C0-A163-44CC-92B1-8F416F2C0B01}.STATIC_ONLY NO_EXPRESSIONS|Any CPU.ActiveCfg = MONOTOUCH|Any CPU
		{42E1C8C0-A163-44CC-92B1-8F416F2C0B01}.STATIC_ONLY NO_EXPRESSIONS|Any CPU.Build.0 = MONOTOUCH|Any CPU
		{42E1C8C0-A163-44CC-92B1-8F416F2C0B01}.STATIC_ONLY NO_EXPRESSIONS|Mixed Platforms.ActiveCfg = MONOTOUCH|Any CPU
		{42E1C8C0-A163-44CC-92B1-8F416F2C0B01}.STATIC_ONLY NO_EXPRESSIONS|Mixed Platforms.Build.0 = MONOTOUCH|Any CPU
		{42E1C8C0-A163-44CC-92B1-8F416F2C0B01}.STATIC_ONLY NO_EXPRESSIONS|x86.ActiveCfg = MONOTOUCH|Any CPU
		{982416DB-C143-4028-A0C3-CF41892D18D3}.Debug|Any CPU.ActiveCfg = Debug|Any CPU
		{982416DB-C143-4028-A0C3-CF41892D18D3}.Debug|Any CPU.Build.0 = Debug|Any CPU
		{982416DB-C143-4028-A0C3-CF41892D18D3}.Debug|Mixed Platforms.ActiveCfg = Debug|Any CPU
		{982416DB-C143-4028-A0C3-CF41892D18D3}.Debug|Mixed Platforms.Build.0 = Debug|Any CPU
		{982416DB-C143-4028-A0C3-CF41892D18D3}.Debug|x86.ActiveCfg = Debug|Any CPU
		{982416DB-C143-4028-A0C3-CF41892D18D3}.Default|Any CPU.ActiveCfg = Debug|Any CPU
		{982416DB-C143-4028-A0C3-CF41892D18D3}.Default|Any CPU.Build.0 = Debug|Any CPU
		{982416DB-C143-4028-A0C3-CF41892D18D3}.Default|Mixed Platforms.ActiveCfg = Debug|Any CPU
		{982416DB-C143-4028-A0C3-CF41892D18D3}.Default|Mixed Platforms.Build.0 = Debug|Any CPU
		{982416DB-C143-4028-A0C3-CF41892D18D3}.Default|x86.ActiveCfg = Debug|Any CPU
		{982416DB-C143-4028-A0C3-CF41892D18D3}.Deploy|Any CPU.ActiveCfg = Debug|Any CPU
		{982416DB-C143-4028-A0C3-CF41892D18D3}.Deploy|Any CPU.Build.0 = Debug|Any CPU
		{982416DB-C143-4028-A0C3-CF41892D18D3}.Deploy|Mixed Platforms.ActiveCfg = Release|Any CPU
		{982416DB-C143-4028-A0C3-CF41892D18D3}.Deploy|Mixed Platforms.Build.0 = Release|Any CPU
		{982416DB-C143-4028-A0C3-CF41892D18D3}.Deploy|x86.ActiveCfg = Debug|Any CPU
		{982416DB-C143-4028-A0C3-CF41892D18D3}.MonoTouch|Any CPU.ActiveCfg = MonoTouch|Any CPU
		{982416DB-C143-4028-A0C3-CF41892D18D3}.MonoTouch|Any CPU.Build.0 = MonoTouch|Any CPU
		{982416DB-C143-4028-A0C3-CF41892D18D3}.MonoTouch|Mixed Platforms.ActiveCfg = MonoTouch|Any CPU
		{982416DB-C143-4028-A0C3-CF41892D18D3}.MonoTouch|Mixed Platforms.Build.0 = MonoTouch|Any CPU
		{982416DB-C143-4028-A0C3-CF41892D18D3}.MonoTouch|x86.ActiveCfg = MonoTouch|Any CPU
		{982416DB-C143-4028-A0C3-CF41892D18D3}.Release|Any CPU.ActiveCfg = Release|Any CPU
		{982416DB-C143-4028-A0C3-CF41892D18D3}.Release|Any CPU.Build.0 = Release|Any CPU
		{982416DB-C143-4028-A0C3-CF41892D18D3}.Release|Mixed Platforms.ActiveCfg = Release|Any CPU
		{982416DB-C143-4028-A0C3-CF41892D18D3}.Release|Mixed Platforms.Build.0 = Release|Any CPU
		{982416DB-C143-4028-A0C3-CF41892D18D3}.Release|x86.ActiveCfg = Release|Any CPU
		{982416DB-C143-4028-A0C3-CF41892D18D3}.STATIC_ONLY NO_EXPRESSIONS|Any CPU.ActiveCfg = STATIC_ONLY NO_EXPRESSIONS|Any CPU
		{982416DB-C143-4028-A0C3-CF41892D18D3}.STATIC_ONLY NO_EXPRESSIONS|Any CPU.Build.0 = STATIC_ONLY NO_EXPRESSIONS|Any CPU
		{982416DB-C143-4028-A0C3-CF41892D18D3}.STATIC_ONLY NO_EXPRESSIONS|Mixed Platforms.ActiveCfg = STATIC_ONLY NO_EXPRESSIONS|Any CPU
		{982416DB-C143-4028-A0C3-CF41892D18D3}.STATIC_ONLY NO_EXPRESSIONS|Mixed Platforms.Build.0 = STATIC_ONLY NO_EXPRESSIONS|Any CPU
		{982416DB-C143-4028-A0C3-CF41892D18D3}.STATIC_ONLY NO_EXPRESSIONS|x86.ActiveCfg = STATIC_ONLY NO_EXPRESSIONS|Any CPU
		{579B3FDB-CDAD-44E1-8417-885C38E49A0E}.Debug|Any CPU.ActiveCfg = Debug|Any CPU
		{579B3FDB-CDAD-44E1-8417-885C38E49A0E}.Debug|Any CPU.Build.0 = Debug|Any CPU
		{579B3FDB-CDAD-44E1-8417-885C38E49A0E}.Debug|Mixed Platforms.ActiveCfg = Debug|Any CPU
		{579B3FDB-CDAD-44E1-8417-885C38E49A0E}.Debug|Mixed Platforms.Build.0 = Debug|Any CPU
		{579B3FDB-CDAD-44E1-8417-885C38E49A0E}.Debug|x86.ActiveCfg = Debug|Any CPU
		{579B3FDB-CDAD-44E1-8417-885C38E49A0E}.Default|Any CPU.ActiveCfg = Debug|Any CPU
		{579B3FDB-CDAD-44E1-8417-885C38E49A0E}.Default|Any CPU.Build.0 = Debug|Any CPU
		{579B3FDB-CDAD-44E1-8417-885C38E49A0E}.Default|Mixed Platforms.ActiveCfg = Debug|Any CPU
		{579B3FDB-CDAD-44E1-8417-885C38E49A0E}.Default|Mixed Platforms.Build.0 = Debug|Any CPU
		{579B3FDB-CDAD-44E1-8417-885C38E49A0E}.Default|x86.ActiveCfg = Debug|Any CPU
		{579B3FDB-CDAD-44E1-8417-885C38E49A0E}.Deploy|Any CPU.ActiveCfg = Debug|Any CPU
		{579B3FDB-CDAD-44E1-8417-885C38E49A0E}.Deploy|Any CPU.Build.0 = Debug|Any CPU
		{579B3FDB-CDAD-44E1-8417-885C38E49A0E}.Deploy|Mixed Platforms.ActiveCfg = Release|Any CPU
		{579B3FDB-CDAD-44E1-8417-885C38E49A0E}.Deploy|Mixed Platforms.Build.0 = Release|Any CPU
		{579B3FDB-CDAD-44E1-8417-885C38E49A0E}.Deploy|x86.ActiveCfg = Debug|Any CPU
		{579B3FDB-CDAD-44E1-8417-885C38E49A0E}.MonoTouch|Any CPU.ActiveCfg = MonoTouch|Any CPU
		{579B3FDB-CDAD-44E1-8417-885C38E49A0E}.MonoTouch|Any CPU.Build.0 = MonoTouch|Any CPU
		{579B3FDB-CDAD-44E1-8417-885C38E49A0E}.MonoTouch|Mixed Platforms.ActiveCfg = MonoTouch|Any CPU
		{579B3FDB-CDAD-44E1-8417-885C38E49A0E}.MonoTouch|Mixed Platforms.Build.0 = MonoTouch|Any CPU
		{579B3FDB-CDAD-44E1-8417-885C38E49A0E}.MonoTouch|x86.ActiveCfg = MonoTouch|Any CPU
		{579B3FDB-CDAD-44E1-8417-885C38E49A0E}.Release|Any CPU.ActiveCfg = Release|Any CPU
		{579B3FDB-CDAD-44E1-8417-885C38E49A0E}.Release|Any CPU.Build.0 = Release|Any CPU
		{579B3FDB-CDAD-44E1-8417-885C38E49A0E}.Release|Mixed Platforms.ActiveCfg = Release|Any CPU
		{579B3FDB-CDAD-44E1-8417-885C38E49A0E}.Release|Mixed Platforms.Build.0 = Release|Any CPU
		{579B3FDB-CDAD-44E1-8417-885C38E49A0E}.Release|x86.ActiveCfg = Release|Any CPU
		{579B3FDB-CDAD-44E1-8417-885C38E49A0E}.STATIC_ONLY NO_EXPRESSIONS|Any CPU.ActiveCfg = MonoTouch|Any CPU
		{579B3FDB-CDAD-44E1-8417-885C38E49A0E}.STATIC_ONLY NO_EXPRESSIONS|Any CPU.Build.0 = MonoTouch|Any CPU
		{579B3FDB-CDAD-44E1-8417-885C38E49A0E}.STATIC_ONLY NO_EXPRESSIONS|Mixed Platforms.ActiveCfg = MonoTouch|Any CPU
		{579B3FDB-CDAD-44E1-8417-885C38E49A0E}.STATIC_ONLY NO_EXPRESSIONS|Mixed Platforms.Build.0 = MonoTouch|Any CPU
		{579B3FDB-CDAD-44E1-8417-885C38E49A0E}.STATIC_ONLY NO_EXPRESSIONS|x86.ActiveCfg = MonoTouch|Any CPU
	EndGlobalSection
	GlobalSection(SolutionProperties) = preSolution
		HideSolutionNode = FALSE
	EndGlobalSection
	GlobalSection(NestedProjects) = preSolution
		{F8516C67-92BE-43FF-A8A9-B71A3EA4BE0D} = {CFC7B19E-F7F2-41F1-B709-5C1D72A9BAD0}
		{1ECD5170-F9EA-43B7-956E-3CD3E6667784} = {CFC7B19E-F7F2-41F1-B709-5C1D72A9BAD0}
		{900B3FCF-BD78-4718-A34D-2662576565C8} = {BDA94567-4516-4110-9743-085C36B24E35}
		{1887DC99-9139-43E3-A7AA-6D74714B3A5D} = {1ECD5170-F9EA-43B7-956E-3CD3E6667784}
		{96179AC6-F6F1-40C3-9FDD-4F6582F54C5C} = {1ECD5170-F9EA-43B7-956E-3CD3E6667784}
		{42E1C8C0-A163-44CC-92B1-8F416F2C0B01} = {1ECD5170-F9EA-43B7-956E-3CD3E6667784}
		{982416DB-C143-4028-A0C3-CF41892D18D3} = {1ECD5170-F9EA-43B7-956E-3CD3E6667784}
		{579B3FDB-CDAD-44E1-8417-885C38E49A0E} = {1ECD5170-F9EA-43B7-956E-3CD3E6667784}
	EndGlobalSection
	GlobalSection(MonoDevelopProperties) = preSolution
		StartupItem = ServiceStack.OrmLite.Sqlite\ServiceStack.OrmLite.Sqlite.csproj
	EndGlobalSection
EndGlobal
