Microsoft Visual Studio Solution File, Format Version 10.00
# Visual Studio 2008
Project("{FAE04EC0-301F-11D3-BF4B-00C04F79EFBC}") = "YAF.Classes.Utils", "YAF.Classes\YAF.Classes.Utils\YAF.Classes.Utils.csproj", "{FC3A0165-67AF-4E62-8CDE-F26231DD2D77}"
EndProject
Project("{FAE04EC0-301F-11D3-BF4B-00C04F79EFBC}") = "YAF.Classes.UI", "YAF.Classes\YAF.Classes.UI\YAF.Classes.UI.csproj", "{FD44387B-48BF-41CD-AF62-4C37ABC18403}"
EndProject
Project("{FAE04EC0-301F-11D3-BF4B-00C04F79EFBC}") = "YAF.Classes.Config", "YAF.Classes\YAF.Classes.Config\YAF.Classes.Config.csproj", "{05E50D2F-9527-4CE8-A0F8-168281C426CB}"
EndProject
Project("{FAE04EC0-301F-11D3-BF4B-00C04F79EFBC}") = "YAF.Classes.Data", "YAF.Classes\YAF.Classes.Data\YAF.Classes.Data.csproj", "{9A454596-56DC-4834-A043-F3C1443F859B}"
EndProject
Project("{FAE04EC0-301F-11D3-BF4B-00C04F79EFBC}") = "YAF.Providers", "YAF.Providers\YAF.Providers.csproj", "{95A44CD9-4399-4DB9-823F-1A264083A390}"
EndProject
Project("{FAE04EC0-301F-11D3-BF4B-00C04F79EFBC}") = "Intelligencia.UrlRewriter", "URLRewriter.NET\Intelligencia.UrlRewriter.csproj", "{F8516C67-92BE-43FF-A8A9-B71A3EA4BE0D}"
EndProject
Project("{FAE04EC0-301F-11D3-BF4B-00C04F79EFBC}") = "YAF.Classes.UnitTests", "YAF.Classes\YAF.Classes.UnitTests\YAF.Classes.UnitTests.csproj", "{DE644CB8-5686-4482-BDD3-DA24E464C44A}"
EndProject
Project("{FAE04EC0-301F-11D3-BF4B-00C04F79EFBC}") = "YAF.Controls", "YAF.Controls\YAF.Controls.csproj", "{C72A5FC8-4B1C-4A24-A306-FB550729DBF0}"
EndProject
Project("{FAE04EC0-301F-11D3-BF4B-00C04F79EFBC}") = "YAF.Classes.Core", "YAF.Classes\YAF.Classes.Core\YAF.Classes.Core.csproj", "{3A34B42D-2F97-47A2-BDCA-FDA4336E8A7A}"
EndProject
Project("{FAE04EC0-301F-11D3-BF4B-00C04F79EFBC}") = "YAF", "YetAnotherForum.NET\YAF.csproj", "{555357E5-A150-4C4D-BC81-97F4AE19086A}"
EndProject
Global
	GlobalSection(SolutionConfigurationPlatforms) = preSolution
		Debug|Any CPU = Debug|Any CPU
		Debug|Mixed Platforms = Debug|Mixed Platforms
		Release|Any CPU = Release|Any CPU
		Release|Mixed Platforms = Release|Mixed Platforms
	EndGlobalSection
	GlobalSection(ProjectConfigurationPlatforms) = postSolution
		{FC3A0165-67AF-4E62-8CDE-F26231DD2D77}.Debug|Any CPU.ActiveCfg = Debug NET v3.5|Any CPU
		{FC3A0165-67AF-4E62-8CDE-F26231DD2D77}.Debug|Any CPU.Build.0 = Debug NET v3.5|Any CPU
		{FC3A0165-67AF-4E62-8CDE-F26231DD2D77}.Debug|Mixed Platforms.ActiveCfg = Debug NET v3.5|Any CPU
		{FC3A0165-67AF-4E62-8CDE-F26231DD2D77}.Debug|Mixed Platforms.Build.0 = Debug NET v3.5|Any CPU
		{FC3A0165-67AF-4E62-8CDE-F26231DD2D77}.Release|Any CPU.ActiveCfg = Release NET v3.5|Any CPU
		{FC3A0165-67AF-4E62-8CDE-F26231DD2D77}.Release|Any CPU.Build.0 = Release NET v3.5|Any CPU
		{FC3A0165-67AF-4E62-8CDE-F26231DD2D77}.Release|Mixed Platforms.ActiveCfg = Release NET v3.5|Any CPU
		{FC3A0165-67AF-4E62-8CDE-F26231DD2D77}.Release|Mixed Platforms.Build.0 = Release NET v3.5|Any CPU
		{FD44387B-48BF-41CD-AF62-4C37ABC18403}.Debug|Any CPU.ActiveCfg = Debug NET v3.5|Any CPU
		{FD44387B-48BF-41CD-AF62-4C37ABC18403}.Debug|Any CPU.Build.0 = Debug NET v3.5|Any CPU
		{FD44387B-48BF-41CD-AF62-4C37ABC18403}.Debug|Mixed Platforms.ActiveCfg = Debug NET v3.5|Any CPU
		{FD44387B-48BF-41CD-AF62-4C37ABC18403}.Debug|Mixed Platforms.Build.0 = Debug NET v3.5|Any CPU
		{FD44387B-48BF-41CD-AF62-4C37ABC18403}.Release|Any CPU.ActiveCfg = Release NET v3.5|Any CPU
		{FD44387B-48BF-41CD-AF62-4C37ABC18403}.Release|Any CPU.Build.0 = Release NET v3.5|Any CPU
		{FD44387B-48BF-41CD-AF62-4C37ABC18403}.Release|Mixed Platforms.ActiveCfg = Release NET v3.5|Any CPU
		{FD44387B-48BF-41CD-AF62-4C37ABC18403}.Release|Mixed Platforms.Build.0 = Release NET v3.5|Any CPU
		{05E50D2F-9527-4CE8-A0F8-168281C426CB}.Debug|Any CPU.ActiveCfg = Debug NET v3.5|Any CPU
		{05E50D2F-9527-4CE8-A0F8-168281C426CB}.Debug|Any CPU.Build.0 = Debug NET v3.5|Any CPU
		{05E50D2F-9527-4CE8-A0F8-168281C426CB}.Debug|Mixed Platforms.ActiveCfg = Debug NET v3.5|Any CPU
		{05E50D2F-9527-4CE8-A0F8-168281C426CB}.Debug|Mixed Platforms.Build.0 = Debug NET v3.5|Any CPU
		{05E50D2F-9527-4CE8-A0F8-168281C426CB}.Release|Any CPU.ActiveCfg = Release NET v3.5|Any CPU
		{05E50D2F-9527-4CE8-A0F8-168281C426CB}.Release|Any CPU.Build.0 = Release NET v3.5|Any CPU
		{05E50D2F-9527-4CE8-A0F8-168281C426CB}.Release|Mixed Platforms.ActiveCfg = Release NET v3.5|Any CPU
		{05E50D2F-9527-4CE8-A0F8-168281C426CB}.Release|Mixed Platforms.Build.0 = Release NET v3.5|Any CPU
		{9A454596-56DC-4834-A043-F3C1443F859B}.Debug|Any CPU.ActiveCfg = Debug NET v3.5|Any CPU
		{9A454596-56DC-4834-A043-F3C1443F859B}.Debug|Any CPU.Build.0 = Debug NET v3.5|Any CPU
		{9A454596-56DC-4834-A043-F3C1443F859B}.Debug|Mixed Platforms.ActiveCfg = Debug NET v3.5|Any CPU
		{9A454596-56DC-4834-A043-F3C1443F859B}.Debug|Mixed Platforms.Build.0 = Debug NET v3.5|Any CPU
		{9A454596-56DC-4834-A043-F3C1443F859B}.Release|Any CPU.ActiveCfg = Release NET v3.5|Any CPU
		{9A454596-56DC-4834-A043-F3C1443F859B}.Release|Any CPU.Build.0 = Release NET v3.5|Any CPU
		{9A454596-56DC-4834-A043-F3C1443F859B}.Release|Mixed Platforms.ActiveCfg = Release NET v3.5|Any CPU
		{9A454596-56DC-4834-A043-F3C1443F859B}.Release|Mixed Platforms.Build.0 = Release NET v3.5|Any CPU
		{95A44CD9-4399-4DB9-823F-1A264083A390}.Debug|Any CPU.ActiveCfg = Debug NET v3.5|Any CPU
		{95A44CD9-4399-4DB9-823F-1A264083A390}.Debug|Any CPU.Build.0 = Debug NET v3.5|Any CPU
		{95A44CD9-4399-4DB9-823F-1A264083A390}.Debug|Mixed Platforms.ActiveCfg = Debug NET v3.5|Any CPU
		{95A44CD9-4399-4DB9-823F-1A264083A390}.Debug|Mixed Platforms.Build.0 = Debug NET v3.5|Any CPU
		{95A44CD9-4399-4DB9-823F-1A264083A390}.Release|Any CPU.ActiveCfg = Release NET v3.5|Any CPU
		{95A44CD9-4399-4DB9-823F-1A264083A390}.Release|Any CPU.Build.0 = Release NET v3.5|Any CPU
		{95A44CD9-4399-4DB9-823F-1A264083A390}.Release|Mixed Platforms.ActiveCfg = Release NET v3.5|Any CPU
		{95A44CD9-4399-4DB9-823F-1A264083A390}.Release|Mixed Platforms.Build.0 = Release NET v3.5|Any CPU
		{F8516C67-92BE-43FF-A8A9-B71A3EA4BE0D}.Debug|Any CPU.ActiveCfg = Debug NET v3.5|Any CPU
		{F8516C67-92BE-43FF-A8A9-B71A3EA4BE0D}.Debug|Any CPU.Build.0 = Debug NET v3.5|Any CPU
		{F8516C67-92BE-43FF-A8A9-B71A3EA4BE0D}.Debug|Mixed Platforms.ActiveCfg = Debug NET v3.5|Any CPU
		{F8516C67-92BE-43FF-A8A9-B71A3EA4BE0D}.Debug|Mixed Platforms.Build.0 = Debug NET v3.5|Any CPU
		{F8516C67-92BE-43FF-A8A9-B71A3EA4BE0D}.Release|Any CPU.ActiveCfg = Release NET v3.5|Any CPU
		{F8516C67-92BE-43FF-A8A9-B71A3EA4BE0D}.Release|Any CPU.Build.0 = Release NET v3.5|Any CPU
		{F8516C67-92BE-43FF-A8A9-B71A3EA4BE0D}.Release|Mixed Platforms.ActiveCfg = Release NET v3.5|Any CPU
		{F8516C67-92BE-43FF-A8A9-B71A3EA4BE0D}.Release|Mixed Platforms.Build.0 = Release NET v3.5|Any CPU
		{DE644CB8-5686-4482-BDD3-DA24E464C44A}.Debug|Any CPU.ActiveCfg = Debug NET v3.5|Any CPU
		{DE644CB8-5686-4482-BDD3-DA24E464C44A}.Debug|Any CPU.Build.0 = Debug NET v3.5|Any CPU
		{DE644CB8-5686-4482-BDD3-DA24E464C44A}.Debug|Mixed Platforms.ActiveCfg = Debug NET v3.5|Any CPU
		{DE644CB8-5686-4482-BDD3-DA24E464C44A}.Debug|Mixed Platforms.Build.0 = Debug NET v3.5|Any CPU
		{DE644CB8-5686-4482-BDD3-DA24E464C44A}.Release|Any CPU.ActiveCfg = Release NET v3.5|Any CPU
		{DE644CB8-5686-4482-BDD3-DA24E464C44A}.Release|Any CPU.Build.0 = Release NET v3.5|Any CPU
		{DE644CB8-5686-4482-BDD3-DA24E464C44A}.Release|Mixed Platforms.ActiveCfg = Release NET v3.5|Any CPU
		{DE644CB8-5686-4482-BDD3-DA24E464C44A}.Release|Mixed Platforms.Build.0 = Release NET v3.5|Any CPU
		{C72A5FC8-4B1C-4A24-A306-FB550729DBF0}.Debug|Any CPU.ActiveCfg = Debug NET v3.5|Any CPU
		{C72A5FC8-4B1C-4A24-A306-FB550729DBF0}.Debug|Any CPU.Build.0 = Debug NET v3.5|Any CPU
		{C72A5FC8-4B1C-4A24-A306-FB550729DBF0}.Debug|Mixed Platforms.ActiveCfg = Debug NET v3.5|Any CPU
		{C72A5FC8-4B1C-4A24-A306-FB550729DBF0}.Debug|Mixed Platforms.Build.0 = Debug NET v3.5|Any CPU
		{C72A5FC8-4B1C-4A24-A306-FB550729DBF0}.Release|Any CPU.ActiveCfg = Release NET v3.5|Any CPU
		{C72A5FC8-4B1C-4A24-A306-FB550729DBF0}.Release|Any CPU.Build.0 = Release NET v3.5|Any CPU
		{C72A5FC8-4B1C-4A24-A306-FB550729DBF0}.Release|Mixed Platforms.ActiveCfg = Release NET v3.5|Any CPU
		{C72A5FC8-4B1C-4A24-A306-FB550729DBF0}.Release|Mixed Platforms.Build.0 = Release NET v3.5|Any CPU
		{3A34B42D-2F97-47A2-BDCA-FDA4336E8A7A}.Debug|Any CPU.ActiveCfg = Debug NET v3.5|Any CPU
		{3A34B42D-2F97-47A2-BDCA-FDA4336E8A7A}.Debug|Any CPU.Build.0 = Debug NET v3.5|Any CPU
		{3A34B42D-2F97-47A2-BDCA-FDA4336E8A7A}.Debug|Mixed Platforms.ActiveCfg = Debug NET v3.5|Any CPU
		{3A34B42D-2F97-47A2-BDCA-FDA4336E8A7A}.Debug|Mixed Platforms.Build.0 = Debug NET v3.5|Any CPU
		{3A34B42D-2F97-47A2-BDCA-FDA4336E8A7A}.Release|Any CPU.ActiveCfg = Release NET v3.5|Any CPU
		{3A34B42D-2F97-47A2-BDCA-FDA4336E8A7A}.Release|Any CPU.Build.0 = Release NET v3.5|Any CPU
		{3A34B42D-2F97-47A2-BDCA-FDA4336E8A7A}.Release|Mixed Platforms.ActiveCfg = Release NET v3.5|Any CPU
		{3A34B42D-2F97-47A2-BDCA-FDA4336E8A7A}.Release|Mixed Platforms.Build.0 = Release NET v3.5|Any CPU
		{555357E5-A150-4C4D-BC81-97F4AE19086A}.Debug|Any CPU.ActiveCfg = Debug  NET v3.5|Any CPU
		{555357E5-A150-4C4D-BC81-97F4AE19086A}.Debug|Any CPU.Build.0 = Debug  NET v3.5|Any CPU
		{555357E5-A150-4C4D-BC81-97F4AE19086A}.Debug|Mixed Platforms.ActiveCfg = Debug  NET v3.5|Any CPU
		{555357E5-A150-4C4D-BC81-97F4AE19086A}.Debug|Mixed Platforms.Build.0 = Debug  NET v3.5|Any CPU
		{555357E5-A150-4C4D-BC81-97F4AE19086A}.Release|Any CPU.ActiveCfg = Release NET v3.5|Any CPU
		{555357E5-A150-4C4D-BC81-97F4AE19086A}.Release|Any CPU.Build.0 = Release NET v3.5|Any CPU
		{555357E5-A150-4C4D-BC81-97F4AE19086A}.Release|Mixed Platforms.ActiveCfg = Release NET v3.5|Any CPU
		{555357E5-A150-4C4D-BC81-97F4AE19086A}.Release|Mixed Platforms.Build.0 = Release NET v3.5|Any CPU
	EndGlobalSection
	GlobalSection(SolutionProperties) = preSolution
		HideSolutionNode = FALSE
	EndGlobalSection
EndGlobal
