{
    "name": "yafnet-razorpages",
    "version": "4.0.9",
    "lockfileVersion": 3,
    "requires": true,
    "packages": {
        "": {
            "name": "yafnet-razorpages",
            "version": "4.0.9",
            "hasInstallScript": true,
            "license": "Apache-2.0"
        }
    }
}
